{
  "version": 4,
  "terraform_version": "1.12.2",
  "serial": 1089,
  "lineage": "a4ccdc84-2517-61a1-56cf-80a758152d06",
  "outputs": {
    "aks_cluster_name": {
      "value": "aks-cluster",
      "type": "string"
    },
    "aks_fqdn": {
      "value": "aks-z24nqzmw.hcp.westeurope.azmk8s.io",
      "type": "string"
    },
    "azure_postgres_lbip": {
      "value": "10.100.2.51",
      "type": "string"
    },
    "azure_redis_lbip": {
      "value": "10.100.2.50",
      "type": "string"
    },
    "eks_cluster_name": {
      "value": "eks-cluster",
      "type": "string"
    },
    "eks_fqdn": {
      "value": "https://13581D9AFB7F1F9D6B5B6241F5F48605.gr7.eu-central-1.eks.amazonaws.com",
      "type": "string"
    },
    "vote_service_lb_hostname": {
      "value": "a72bc28251f894238b2febac0d61e3ce-33ab944090898574.elb.eu-central-1.amazonaws.com",
      "type": "string"
    }
  },
  "resources": [
    {
      "mode": "data",
      "type": "azurerm_kubernetes_cluster",
      "name": "aks",
      "provider": "provider[\"registry.terraform.io/hashicorp/azurerm\"]",
      "instances": [
        {
          "schema_version": 0,
          "attributes": {
            "aci_connector_linux": null,
            "agent_pool_profile": [
              {
                "auto_scaling_enabled": false,
                "count": 2,
                "max_count": 0,
                "max_pods": 30,
                "min_count": 0,
                "name": "nodepool",
                "node_labels": {},
                "node_public_ip_enabled": false,
                "node_public_ip_prefix_id": "",
                "node_taints": [],
                "orchestrator_version": "1.32",
                "os_disk_size_gb": 128,
                "os_type": "Linux",
                "tags": {},
                "type": "VirtualMachineScaleSets",
                "upgrade_settings": [
                  {
                    "drain_timeout_in_minutes": 0,
                    "max_surge": "10%",
                    "node_soak_duration_in_minutes": 0
                  }
                ],
                "vm_size": "Standard_DS2_v2",
                "vnet_subnet_id": "/subscriptions/7b15199c-09ec-4924-9493-d0452969667b/resourceGroups/aviatrix-spoke-rg/providers/Microsoft.Network/virtualNetworks/azure-spoke-vnet/subnets/aks-node-subnet",
                "zones": []
              }
            ],
            "api_server_authorized_ip_ranges": [],
            "azure_active_directory_role_based_access_control": [],
            "azure_policy_enabled": null,
            "current_kubernetes_version": "1.32.5",
            "disk_encryption_set_id": "",
            "dns_prefix": "aks",
            "fqdn": "aks-z24nqzmw.hcp.westeurope.azmk8s.io",
            "http_application_routing_enabled": null,
            "http_application_routing_zone_name": null,
            "id": "/subscriptions/7b15199c-09ec-4924-9493-d0452969667b/resourceGroups/aviatrix-transit-rg/providers/Microsoft.ContainerService/managedClusters/aks-cluster",
            "identity": [
              {
                "identity_ids": [],
                "principal_id": "f6d68c79-592f-47ca-9c70-5c8410ee6d91",
                "tenant_id": "4780055e-ce37-4f02-b33d-fdad8493a4b6",
                "type": "SystemAssigned"
              }
            ],
            "ingress_application_gateway": null,
            "key_management_service": [],
            "key_vault_secrets_provider": null,
            "kube_admin_config": [],
            "kube_admin_config_raw": "",
            "kube_config": [
              {
                "client_certificate": "LS0tLS1CRUdJTiBDRVJUSUZJQ0FURS0tLS0tCk1JSUZIakNDQXdhZ0F3SUJBZ0lSQU1Ic1NKWWtTaktobThobEF3bXdkWEl3RFFZSktvWklodmNOQVFFTEJRQXcKRFRFTE1Ba0dBMVVFQXhNQ1kyRXdIaGNOTWpVd056SXpNak13TWpFd1doY05NamN3TnpJek1qTXhNakV3V2pBdwpNUmN3RlFZRFZRUUtFdzV6ZVhOMFpXMDZiV0Z6ZEdWeWN6RVZNQk1HQTFVRUF4TU1iV0Z6ZEdWeVkyeHBaVzUwCk1JSUNJakFOQmdrcWhraUc5dzBCQVFFRkFBT0NBZzhBTUlJQ0NnS0NBZ0VBNmxuV0EraTR3M3NKdHp2azdiYSsKYUdTQzBLVU1GQzVhY3hsQ005OVFKWWNCSnVEWW1jWmg4ZUZhYnRGR3ZEOG5DcmlDa1VmU1dFQzdBMTVqcVY1WgplYUpQREJUd1RZdXJzZi9USjhtZzAxYXdSQjdTZTRtb2t3dlJtNWhOb2lNWkhCRHFJZVF1OW5KZVJXRURSYmVLCnh0QllHTzViODJtb1UzNHh5QzBOOTNQc0EwdCtvWTkyOUFmMElRQmUzOGY1cXR4ZjVDL2M1VC9JRXhSUFNibFYKdmdUZ0Z3dk5xSFF4b3ZJQWdaZ2pWUTg5UXNzVFY2SDNwVVpBQlV4YXhXcFFqdisycytST3V6SnhqVnJoSW56dApLNEJHblVmUzBOQSt4ZHNXUURWUnRHc0RWZEI2UmNpdkVBRFY1ZGFXUHNhYTZYQXc5S0dRSzJ4UFk0NzFyeFlxCjVHVjN5YnJscFhhRC9YZU84M1pmb2tNTkp1aDZWdGZlS0tyN0Q5WTJqUHJVUER3am13dUdkUCtjWmlhU3ArT0QKOHFQVlZ4M0NKVVlKSE5hZ2ZXOTg1bXp1NnNlOTFUbW1LSy93bXhWeXdKLzVJUUU3bXhDS244Q1ZWVjNSYkRSbwpyaDRYU201aHprVE9UQ0Frek1udTlRclVka0paZXo5MlhoZFhYMHJqN2VuOGZJVzBqQll4ZFAyZWxINW5taTJWCk1OZHBUUmNlZzJucWk0Z0ZQTTBHdTg3REt6bUsxdE1EeUwxVlEvM0s3QUFqWGgxV1pxQ2RDaUlBb2RSVmRoQ2oKejUrL3NBNWZMM0N1WDBlTTV0RTlrZTdBNkZpNnpzbGVxTFlDczAwM3h1TmtrUW9JY1NpczRoa0pLZ2QyNHNTUAo3cFVaN3g5R3FvcHVSYUtlTVdJdC8wa0NBd0VBQWFOV01GUXdEZ1lEVlIwUEFRSC9CQVFEQWdXZ01CTUdBMVVkCkpRUU1NQW9HQ0NzR0FRVUZCd01DTUF3R0ExVWRFd0VCL3dRQ01BQXdId1lEVlIwakJCZ3dGb0FVTzlERXMyY1EKVnMySEtwZk5oaVpjbi9UOWdEVXdEUVlKS29aSWh2Y05BUUVMQlFBRGdnSUJBSGUrb2xENXk5a3h2WjV0T0JIMgpwT3RVdzRqUXRHVjZiNzhHOTJZWnJld2RpcjdBTmQ1UTFkUGpVWFR4QWREalVxdjN0UXpESUVOdFIxZkU0QjJrCmV3VlJzMDdJaHBrWDVNb3BUOTFXSml1eC9QNDgwd2dkMjdRdG5RelVDd3QwZkNXYTJ1VUxwZTF3aDRJZ21pV2oKd2ZON2lOMDZSQWR2dFpuRTJURGlNaEFDc1RGQzdxeTlKaXZVbkFhd04rTVh3b2dpb0ttVEcxZm1DTlovK1JuUQpyenhNbFhRRVd0R2doUFpxd3FOS1ptV1JBRTJFUUcxekVOV3NWWUFOYjBVNXpuWmRFMmp0b3FHU1hJV09SL29wCnIrNU5UL0wweGJBTWJZRWNmeEFNejZGM0RxMkZDTllUaWdVTGV4bDlVMWE4VFJENDg3VGV0UHEzNTdTYjNpS0UKT3cxS2tCT0M4c3lLN1dJVGR3eEU0Y0lCejZxS2N5S2NYM3hxTFJ2UjhYL3FHblkzVG5sQ3hxTFl2L1FuMklIaApSUlZyL1dkeTVzeEppL0Z5aFJULzVxdCt1MUFRSmI5UVhCQWRRbzZndHNub1ZoZGoxbjJxTi95djh3KzdIRVg4CjBmeHNFaUcvRmMvbHQ5Vm84RTQwWEhkYmV3K2tMdlBoZ0dOSVlHTVlUUnVqdFJHbnA1RmNLVFdLT1FsQkVmU1AKaXRsRWJuUHdCa2xNT0dmNk1yOVFFNHNtRjR5cHFuNE5ONTJWbGF6TzAxRFJwTkNhemgwVWZ0Smd3bmxObWJ5MAphSkhkMnpySEtGbUdQYk9JUmp0YjQ1Uk5YTWJVSXR0c1p3cldiSlZ1MmJQRjdMYjlOL1ZHdlhBMzVETlpyakM0CnU5SVFkOXZLOU9qMkcyV0ZPWFE4Q29abgotLS0tLUVORCBDRVJUSUZJQ0FURS0tLS0tCg==",
                "client_key": "LS0tLS1CRUdJTiBSU0EgUFJJVkFURSBLRVktLS0tLQpNSUlKS0FJQkFBS0NBZ0VBNmxuV0EraTR3M3NKdHp2azdiYSthR1NDMEtVTUZDNWFjeGxDTTk5UUpZY0JKdURZCm1jWmg4ZUZhYnRGR3ZEOG5DcmlDa1VmU1dFQzdBMTVqcVY1WmVhSlBEQlR3VFl1cnNmL1RKOG1nMDFhd1JCN1MKZTRtb2t3dlJtNWhOb2lNWkhCRHFJZVF1OW5KZVJXRURSYmVLeHRCWUdPNWI4Mm1vVTM0eHlDME45M1BzQTB0KwpvWTkyOUFmMElRQmUzOGY1cXR4ZjVDL2M1VC9JRXhSUFNibFZ2Z1RnRnd2TnFIUXhvdklBZ1pnalZRODlRc3NUClY2SDNwVVpBQlV4YXhXcFFqdisycytST3V6SnhqVnJoSW56dEs0QkduVWZTME5BK3hkc1dRRFZSdEdzRFZkQjYKUmNpdkVBRFY1ZGFXUHNhYTZYQXc5S0dRSzJ4UFk0NzFyeFlxNUdWM3licmxwWGFEL1hlTzgzWmZva01OSnVoNgpWdGZlS0tyN0Q5WTJqUHJVUER3am13dUdkUCtjWmlhU3ArT0Q4cVBWVngzQ0pVWUpITmFnZlc5ODVtenU2c2U5CjFUbW1LSy93bXhWeXdKLzVJUUU3bXhDS244Q1ZWVjNSYkRSb3JoNFhTbTVoemtUT1RDQWt6TW51OVFyVWRrSloKZXo5MlhoZFhYMHJqN2VuOGZJVzBqQll4ZFAyZWxINW5taTJWTU5kcFRSY2VnMm5xaTRnRlBNMEd1ODdES3ptSwoxdE1EeUwxVlEvM0s3QUFqWGgxV1pxQ2RDaUlBb2RSVmRoQ2p6NSsvc0E1ZkwzQ3VYMGVNNXRFOWtlN0E2Rmk2CnpzbGVxTFlDczAwM3h1TmtrUW9JY1NpczRoa0pLZ2QyNHNTUDdwVVo3eDlHcW9wdVJhS2VNV0l0LzBrQ0F3RUEKQVFLQ0FnQm9TNVBlQ0gvVjY1ZCsxeWFDanA0OTJtR0hsclNCOU1FblVUbnYyUFlUeFhvRFFmVFR0d0RYQTNwYQpNRVFCT2ovWFd4Y3NyZUNVaXpaUGdQM3NuZ05IQ1MrUnltM0pyUnU3NjRVZlEzSVNMQlhsTXl4c2MyNjFCb0VCCjlLMjBOMWVROEl3cWlpRkdaODdCcExPdW5za2h3dzQ2QmphZzVVaFc1Q1ltbHJxTkFxZXFMYnFORDBxYXYwRnMKUUh4NHJraFVQS0JtYnRDcHJCR1FRQzByTzlMSGJ1Y0dDcWc3ekg1Y3JNUUI2T0hzbEl3b2dqVTQvbW0yd2NWegpOakI5aEZ1VzBJSVFuRTVYckZMeDNGeXVteGQ0RVM0Y0NCOXY5QVhEeTBXalRMZHdpbUdoR3RlWDRBRGRKK29KCjBFN3NZRG9JSXZoK25ycUpRTG95TGlqMEEzTVJlVjFrTnowQnFMQjhnTnhVMlM1ZzZML08wMmQ4S29idmlkL1oKQXJ5QVIyazNqUTBPMXpONlMyTU1IUXZKQUJ6bmcxYjd0OHp2Yks2UGNKYWZ4clZmL3JvQ0ZIOEhENTZUeC9WYgo5cXdXSW5Gc1YzajM1T21aaTdlMjJwSW8zcDU2NWx3dVROQ2NUdVorWHJ6OVRUSzFhUmZSV0tVcFFXemVDUXVGCnk2azVaVXVVbmwwLzBnTlZCejdIT1NZL0pxVldVRkM2UXNIWDdiWkdVczNCOWlBdTlLTWdEUEtTN1JtV21oZGMKaTdqTGp2TWJ5WFJyVlM3bXRFcS9nelYvOFdNZnk4NEh2ZDJuZ1lGeEJKVW1xdFZWVVVDOEMvdVlQbTRUL3JnTQovcElxYlRxc3ZHTFROUEV4UXhac29wNVF2SHh1QnErUm4yN3lOclZZOXZVaWw2RmRtd0tDQVFFQS9VOHNIY0U4CmpYNXc3bUpVSUFEclZlcDlNbzdKTE5EeDRMN3hJU0xGSkNSK29yeVM4NmdCTlUwQVZBUzhDdnFDL0J6WERRd1oKcEFPQWMxRkZrcGhRbmxOQm9ZRU5SZXBrbEk3eE9wNURLUGdIN0w2RStMRlBheWk4TXZTTURBOW10L2F3ZjdDdgo5c3BHQStDalpWME5XSXQxVkRwNnJLbUVrNUdrYy9wU1BVSkJWLy96S3NsbVIxb1FRbUw2YnJKcXMyMVhYeDF1CnpmODhXRDZrRzRxNW9PZDNCeW9aVmNsWXVZOXd1VkNjTXJXUmhEWnNmZ3hudGE4SWtLbVNUR00xbWlPTmZkR1MKajd4aEtjZ2dlSHlxUEZmWnBNOEhDenFQL1lDcDA1cURuQWJWM2szVklJZlJCTC9YMEIvd3RwZllhQmZDVnQ2SQpvbFhvUmJQdFA1TGxLd0tDQVFFQTdOY2NKaXQ0MGxLVWp6MmsyVzcwdWJRYTBPbGlncmNTOXBDbmMyeDdtS2RaCmx1d0ZMQ3dWRE9teVI2QWUwTjd0NWxkMGFCdlJ4S3BtMEtWNURwTXJxTUNDVStyWmorNWhidllKeWd3di9pSVEKQnZ0d2hvOWdCa2NwdDIzdXN2QURqRm52MlJWTTJJRUd1aWZ4VW84ZUNzclpmWHU2MGdEeFVicU1rYVNMVk5kMQp3TzB0aXAxWkM1d29Od21LZmh3NXQ2RWczaG5JUTdsaVkvTjU3MFVxKzBMcHkwakdjZHlYRExydWV2Nkw1TE0rCkJuY0pHV2Rua3lIRTR5cUZkZ2VIM2U0RFBXR2o0K2gxM1FKUVd1THFWVzNCUnZ4c21JUEY1R09lSnA3Q1pCanUKY1RlcWg0WlNFNGVwNGVUakhoWkNGQXk2RDM0ZU51YVI5a1R6b09FYld3S0NBUUVBMklWYlRWZkdmWi9Od2taMAphQ0xCQm1CNGdjWEJPamlqK0JyZW5CZFBjZlJyOW9qQUI5dmNwSVhjT1BVUEUwZE12Vm1kakw2Q0VFc1orZmhIClF1WkZTd0FaZ29hQUpQb1UzVk5ONlhBc01oSEpIRmxCNmg0TnA2aGJMaWNRcXFKamgrNHFzZ3NDYmk0NktNaFUKZ3FsR1ppQld1eGQ5a3FjWDl0ZXdQWjZEdTI4dDBaMnJhakJhNTdTWlgxV2hnUXVxM3hJZ2MrSUJ1NzFuQkhzTwo1YWZ2d2hUNERqeXpDVHdoUmdQUk0rWXVqYjNiMDZwOWxFVGdSVkdIUGJoa29EelJMWjhrSzU3KzZ6UDN6YklOCjUwK1FhQ0lqbkplR0N0Z1ZDbmgzTWJQS3VZeXlOT0pNd2hDMTNweHBTYkp6bkhBdy85RUhRaC9YcFFOUGxuMFUKMTVtbG53S0NBUUJ5VUNFMkN5VjEzb1gxM1RzRDk1b0hSL2JwZnJ3ZGUxK2J3cFlRRC94WDRlNUwrZjlGSXNIRwpTY1hTN0dYelNxWm8xeTFJVXFVYzEySm9zbldMbzEwZlJrdWhWV2xOSHpISDdOa3N2RlV0eENNWU82UkVUazk2CnVENWFXcVVybU0wZG9Rc3pMQ1M3R3d1MExqTThOZmU2SGM1NzBveUpjQXNKOTVDQmUzb0VxVG9jdEYyVzJmdHcKcng1NThoRDJiWWt1S0lkRXJBME5JeDFxUU1wSndvak1YYSthZnJYSm56OEkxZkRsVEpjWSs2cWtWREFBSXZqSworekdjczVsWExxdFZZdHdOZEdNMlRhMFZ6MWdaaGd5MHp4VEt2bXRyOGE1Q1hoS25jVmxDRndaL2Z1N0FHd1RpCmlFaG16Nk1Qa282eVBySlBhQUFOWDV4ejBUUUdJcUNoQW9JQkFINlhkWTFxWjdMTnpUM0V5clA2TWlROW5PZU0KR3dRSE9vK1Z2OTZsM3MyZ1o3ZzBoWEZQRThWbVlFN1ZKK1NGU2xoQ2lWdGZOdlRJREhXUVRtYWV6RjI3UGdQSwovd3NsbkhubU53dkQvcGdhKzdNRXZyaVo3dlF1Zys0Si9CcFRTQ0RBc3hMSHY2TU1FQWJyZ2tKc0tGdFBzdEVZCjhMa2twQjdZamd1OHUwRnk4MlVhbENWcGR6R0Z3VzF4QUhrRWd4Rnpxd1pKWUZodFNFK1RhaDJwLzVhOVNmekgKWWc3eTNQbkJ6dTduSllkVXQ2SFVjNzNKU3hVNUZoaFhFNjFzTUgwSGlmMVE4VHJsbCtWU0l5R2dnQXY5ZEN5NApodjBoN2hkazFYTmJhdDIvQzhDbFRPU3FONEIzUitXS3dUR2lva3ZHaGsyK0pZQkdsekwwbTFBSHBEbz0KLS0tLS1FTkQgUlNBIFBSSVZBVEUgS0VZLS0tLS0K",
                "cluster_ca_certificate": "LS0tLS1CRUdJTiBDRVJUSUZJQ0FURS0tLS0tCk1JSUU2VENDQXRHZ0F3SUJBZ0lSQUpIUk9ET3JzclNJZnM4RDJsc04vYXN3RFFZSktvWklodmNOQVFFTEJRQXcKRFRFTE1Ba0dBMVVFQXhNQ1kyRXdJQmNOTWpVd056SXpNak13TWpFd1doZ1BNakExTlRBM01qTXlNekV5TVRCYQpNQTB4Q3pBSkJnTlZCQU1UQW1OaE1JSUNJakFOQmdrcWhraUc5dzBCQVFFRkFBT0NBZzhBTUlJQ0NnS0NBZ0VBCm9XWFBQSGQ2NUZHd3VOUWUxaGlPand0akMwRys2Ui9DNkhiMGVGdzloN2tKQk1relJndlVoWUJVcEUySG1WODQKMjF6WlJnaHJEYVlEdlNEbEY0cWlmb3pTVHhtYjk4QjhKTlF3Q29BaVdkZlAraWVORWpaczZVYlhtN0NPVEZRSgpDci9NamFBTnRUMTNYbFU2dXlqNUNsVUNiUDcyam5GRURRMFhOK2JDZXNxS3JTWGVQdllDWWx0M2NXMTVIR2xkCmErdno0K1Y2dDJpQTBjeU82SVF5TU5oRUZ2c3I0NUhHaGVTZ2xzK0VwTjZocWtHUENxS0RLRVlzUXU3eDRPeU4KeWpTeFpDNFZxelh4WHhGQmE1U1d4cHk3LzlOc3M2VW1Id0h4ejg1QlgzL0kvUW9WQjJqcTlxRW1nZVdDbk56SwpieVY2ckdTbjRLbnFVMTBVaFJwdVBHNlhEWEZlQTYrMWMwOGpITGJPY2pEbzA4bWtVQnlJazZuL3FQMmg3YmpICmxKT1lma1lDekVzQjhkaWp5UXRtZW9DTUF0V1dJMlM1eHEzamdJcDl2ZStNR2k1V1JJalJZRTZRUHJRTGp2VGEKcVNGNGVvZHBDRDBEN291VmRHNktGWWtjeGxDZmY4TDZKVlFpRSt3N3NsR0k3a0ZEcUhLalp2cmxqL2lOL0VsRwpEVVhucG1YZEFUaDkyaHlXL2s5c3RGS3RhMm1QRUZiVys1UHBQdVArUm5kZkZpSk1aTzFxYTAvUnM5Vzl0MmRQCmZLSytXTXpzYkdTN1NiaGhKb3YzdUY0MjdBb09hai9FMFhaTStiTUkrbkdYYW1BdkJMc3lZazU2UE1xdjQxSm8KYzNibVZ5VExwR3FNWFovb24xc2kvUWVraERVM1psT1JJQlozN1lPbXFzVUNBd0VBQWFOQ01FQXdEZ1lEVlIwUApBUUgvQkFRREFnS2tNQThHQTFVZEV3RUIvd1FGTUFNQkFmOHdIUVlEVlIwT0JCWUVGRHZReExObkVGYk5oeXFYCnpZWW1YSi8wL1lBMU1BMEdDU3FHU0liM0RRRUJDd1VBQTRJQ0FRQ1I4aWxDWFVvZGVBNTErRzhXSnozbDBweVMKWnU3VDRuSHhLWnlGQjBocmJPYjh0aXJCUkxVMzY0eEhHd0dpNGx5L1JpN1lyUkp1bVh0OW5CS2pOMWIyaERZMApFR09QN1Eyb2FtOTNaQTBvU3RndWhrNVRRTXA1TWJ2b1RXYnh5T3pjeFVudjJnS3Z1TmRrc3ZyVEF2N3dNeDFUCkwzd1p4L01ZMlR5d3VqcUl5MXNyM0dvUjJ3U1lnVXM0Z25CYno3aDV4cVlYQkJNYTdWWk9NNW90ZDZpNXpGY3UKVG5MQy9va1c0Q29HbWczQnplUUs2WDhJUk8vNk9YeDFMMWNKTm9nbStSek1NZFZnRTJpTFc2Z3ljWHhrQ3RPcwo1Yk1jMU43Z2lVbnJwWmIwZm8rZXB6dE5HaHF2SDNodnM1eXd0NndWQkF4Sk5Bc1BsdXc3STRKdE9HcDZvbVFWCnNIUk53Vml1VTlPL0tFSThEdGVRc3UyV1c0SmJaT2YyWVpSVnhQZ3V0a0VEMUhvYS83TnZ1cUtnV2h1VXJMaUkKamhIeHFBYUp1R29nTTA1WGhIZ1NETEVuZDIrYUQ0QUM2OUlRYm9lWUFPblorSUYyV3VaK3ljV0FVcFB3V1VBUgo4cTFlNWJrK0dEQndvUGdCVnZsZHIvaVQrdDZINzM3REdGeFhrNWpsdkVTTkIzaXc2V2hkV0J3Rm5wbzJjSy95ClZYbUd2VU9LZXZBdGtHYnpyU1VBcEFtSm9BblJYYWVUU1krS2JjaDVndHdiTUd5dy9JUmJRS3JKRWgrWFh0VDUKQk1DRG9vV3RGbWVEN0ZXOEtqbHNaWHFzTWhLNlhwSndnNCtvYndyUnlQWFVsczB4aGFMMFFwb2t4TnFheDVsdwp6eXZaOTdJcmsvMWxJdVZWMUE9PQotLS0tLUVORCBDRVJUSUZJQ0FURS0tLS0tCg==",
                "host": "https://aks-z24nqzmw.hcp.westeurope.azmk8s.io:443",
                "password": "nkslt6str6448gqhfzjgttctcqefvenaf5eei27s0spoiz5h2gyagcknfa0wvfbzq0kv8nzja89czoagb6nndwqknyu7koyww8kv8b51dyfdgxkq77dp9wtseyyc9v99",
                "username": "clusterUser_aviatrix-transit-rg_aks-cluster"
              }
            ],
            "kube_config_raw": "apiVersion: v1\nclusters:\n- cluster:\n    certificate-authority-data: LS0tLS1CRUdJTiBDRVJUSUZJQ0FURS0tLS0tCk1JSUU2VENDQXRHZ0F3SUJBZ0lSQUpIUk9ET3JzclNJZnM4RDJsc04vYXN3RFFZSktvWklodmNOQVFFTEJRQXcKRFRFTE1Ba0dBMVVFQXhNQ1kyRXdJQmNOTWpVd056SXpNak13TWpFd1doZ1BNakExTlRBM01qTXlNekV5TVRCYQpNQTB4Q3pBSkJnTlZCQU1UQW1OaE1JSUNJakFOQmdrcWhraUc5dzBCQVFFRkFBT0NBZzhBTUlJQ0NnS0NBZ0VBCm9XWFBQSGQ2NUZHd3VOUWUxaGlPand0akMwRys2Ui9DNkhiMGVGdzloN2tKQk1relJndlVoWUJVcEUySG1WODQKMjF6WlJnaHJEYVlEdlNEbEY0cWlmb3pTVHhtYjk4QjhKTlF3Q29BaVdkZlAraWVORWpaczZVYlhtN0NPVEZRSgpDci9NamFBTnRUMTNYbFU2dXlqNUNsVUNiUDcyam5GRURRMFhOK2JDZXNxS3JTWGVQdllDWWx0M2NXMTVIR2xkCmErdno0K1Y2dDJpQTBjeU82SVF5TU5oRUZ2c3I0NUhHaGVTZ2xzK0VwTjZocWtHUENxS0RLRVlzUXU3eDRPeU4KeWpTeFpDNFZxelh4WHhGQmE1U1d4cHk3LzlOc3M2VW1Id0h4ejg1QlgzL0kvUW9WQjJqcTlxRW1nZVdDbk56SwpieVY2ckdTbjRLbnFVMTBVaFJwdVBHNlhEWEZlQTYrMWMwOGpITGJPY2pEbzA4bWtVQnlJazZuL3FQMmg3YmpICmxKT1lma1lDekVzQjhkaWp5UXRtZW9DTUF0V1dJMlM1eHEzamdJcDl2ZStNR2k1V1JJalJZRTZRUHJRTGp2VGEKcVNGNGVvZHBDRDBEN291VmRHNktGWWtjeGxDZmY4TDZKVlFpRSt3N3NsR0k3a0ZEcUhLalp2cmxqL2lOL0VsRwpEVVhucG1YZEFUaDkyaHlXL2s5c3RGS3RhMm1QRUZiVys1UHBQdVArUm5kZkZpSk1aTzFxYTAvUnM5Vzl0MmRQCmZLSytXTXpzYkdTN1NiaGhKb3YzdUY0MjdBb09hai9FMFhaTStiTUkrbkdYYW1BdkJMc3lZazU2UE1xdjQxSm8KYzNibVZ5VExwR3FNWFovb24xc2kvUWVraERVM1psT1JJQlozN1lPbXFzVUNBd0VBQWFOQ01FQXdEZ1lEVlIwUApBUUgvQkFRREFnS2tNQThHQTFVZEV3RUIvd1FGTUFNQkFmOHdIUVlEVlIwT0JCWUVGRHZReExObkVGYk5oeXFYCnpZWW1YSi8wL1lBMU1BMEdDU3FHU0liM0RRRUJDd1VBQTRJQ0FRQ1I4aWxDWFVvZGVBNTErRzhXSnozbDBweVMKWnU3VDRuSHhLWnlGQjBocmJPYjh0aXJCUkxVMzY0eEhHd0dpNGx5L1JpN1lyUkp1bVh0OW5CS2pOMWIyaERZMApFR09QN1Eyb2FtOTNaQTBvU3RndWhrNVRRTXA1TWJ2b1RXYnh5T3pjeFVudjJnS3Z1TmRrc3ZyVEF2N3dNeDFUCkwzd1p4L01ZMlR5d3VqcUl5MXNyM0dvUjJ3U1lnVXM0Z25CYno3aDV4cVlYQkJNYTdWWk9NNW90ZDZpNXpGY3UKVG5MQy9va1c0Q29HbWczQnplUUs2WDhJUk8vNk9YeDFMMWNKTm9nbStSek1NZFZnRTJpTFc2Z3ljWHhrQ3RPcwo1Yk1jMU43Z2lVbnJwWmIwZm8rZXB6dE5HaHF2SDNodnM1eXd0NndWQkF4Sk5Bc1BsdXc3STRKdE9HcDZvbVFWCnNIUk53Vml1VTlPL0tFSThEdGVRc3UyV1c0SmJaT2YyWVpSVnhQZ3V0a0VEMUhvYS83TnZ1cUtnV2h1VXJMaUkKamhIeHFBYUp1R29nTTA1WGhIZ1NETEVuZDIrYUQ0QUM2OUlRYm9lWUFPblorSUYyV3VaK3ljV0FVcFB3V1VBUgo4cTFlNWJrK0dEQndvUGdCVnZsZHIvaVQrdDZINzM3REdGeFhrNWpsdkVTTkIzaXc2V2hkV0J3Rm5wbzJjSy95ClZYbUd2VU9LZXZBdGtHYnpyU1VBcEFtSm9BblJYYWVUU1krS2JjaDVndHdiTUd5dy9JUmJRS3JKRWgrWFh0VDUKQk1DRG9vV3RGbWVEN0ZXOEtqbHNaWHFzTWhLNlhwSndnNCtvYndyUnlQWFVsczB4aGFMMFFwb2t4TnFheDVsdwp6eXZaOTdJcmsvMWxJdVZWMUE9PQotLS0tLUVORCBDRVJUSUZJQ0FURS0tLS0tCg==\n    server: https://aks-z24nqzmw.hcp.westeurope.azmk8s.io:443\n  name: aks-cluster\ncontexts:\n- context:\n    cluster: aks-cluster\n    user: clusterUser_aviatrix-transit-rg_aks-cluster\n  name: aks-cluster\ncurrent-context: aks-cluster\nkind: Config\npreferences: {}\nusers:\n- name: clusterUser_aviatrix-transit-rg_aks-cluster\n  user:\n    client-certificate-data: LS0tLS1CRUdJTiBDRVJUSUZJQ0FURS0tLS0tCk1JSUZIakNDQXdhZ0F3SUJBZ0lSQU1Ic1NKWWtTaktobThobEF3bXdkWEl3RFFZSktvWklodmNOQVFFTEJRQXcKRFRFTE1Ba0dBMVVFQXhNQ1kyRXdIaGNOTWpVd056SXpNak13TWpFd1doY05NamN3TnpJek1qTXhNakV3V2pBdwpNUmN3RlFZRFZRUUtFdzV6ZVhOMFpXMDZiV0Z6ZEdWeWN6RVZNQk1HQTFVRUF4TU1iV0Z6ZEdWeVkyeHBaVzUwCk1JSUNJakFOQmdrcWhraUc5dzBCQVFFRkFBT0NBZzhBTUlJQ0NnS0NBZ0VBNmxuV0EraTR3M3NKdHp2azdiYSsKYUdTQzBLVU1GQzVhY3hsQ005OVFKWWNCSnVEWW1jWmg4ZUZhYnRGR3ZEOG5DcmlDa1VmU1dFQzdBMTVqcVY1WgplYUpQREJUd1RZdXJzZi9USjhtZzAxYXdSQjdTZTRtb2t3dlJtNWhOb2lNWkhCRHFJZVF1OW5KZVJXRURSYmVLCnh0QllHTzViODJtb1UzNHh5QzBOOTNQc0EwdCtvWTkyOUFmMElRQmUzOGY1cXR4ZjVDL2M1VC9JRXhSUFNibFYKdmdUZ0Z3dk5xSFF4b3ZJQWdaZ2pWUTg5UXNzVFY2SDNwVVpBQlV4YXhXcFFqdisycytST3V6SnhqVnJoSW56dApLNEJHblVmUzBOQSt4ZHNXUURWUnRHc0RWZEI2UmNpdkVBRFY1ZGFXUHNhYTZYQXc5S0dRSzJ4UFk0NzFyeFlxCjVHVjN5YnJscFhhRC9YZU84M1pmb2tNTkp1aDZWdGZlS0tyN0Q5WTJqUHJVUER3am13dUdkUCtjWmlhU3ArT0QKOHFQVlZ4M0NKVVlKSE5hZ2ZXOTg1bXp1NnNlOTFUbW1LSy93bXhWeXdKLzVJUUU3bXhDS244Q1ZWVjNSYkRSbwpyaDRYU201aHprVE9UQ0Frek1udTlRclVka0paZXo5MlhoZFhYMHJqN2VuOGZJVzBqQll4ZFAyZWxINW5taTJWCk1OZHBUUmNlZzJucWk0Z0ZQTTBHdTg3REt6bUsxdE1EeUwxVlEvM0s3QUFqWGgxV1pxQ2RDaUlBb2RSVmRoQ2oKejUrL3NBNWZMM0N1WDBlTTV0RTlrZTdBNkZpNnpzbGVxTFlDczAwM3h1TmtrUW9JY1NpczRoa0pLZ2QyNHNTUAo3cFVaN3g5R3FvcHVSYUtlTVdJdC8wa0NBd0VBQWFOV01GUXdEZ1lEVlIwUEFRSC9CQVFEQWdXZ01CTUdBMVVkCkpRUU1NQW9HQ0NzR0FRVUZCd01DTUF3R0ExVWRFd0VCL3dRQ01BQXdId1lEVlIwakJCZ3dGb0FVTzlERXMyY1EKVnMySEtwZk5oaVpjbi9UOWdEVXdEUVlKS29aSWh2Y05BUUVMQlFBRGdnSUJBSGUrb2xENXk5a3h2WjV0T0JIMgpwT3RVdzRqUXRHVjZiNzhHOTJZWnJld2RpcjdBTmQ1UTFkUGpVWFR4QWREalVxdjN0UXpESUVOdFIxZkU0QjJrCmV3VlJzMDdJaHBrWDVNb3BUOTFXSml1eC9QNDgwd2dkMjdRdG5RelVDd3QwZkNXYTJ1VUxwZTF3aDRJZ21pV2oKd2ZON2lOMDZSQWR2dFpuRTJURGlNaEFDc1RGQzdxeTlKaXZVbkFhd04rTVh3b2dpb0ttVEcxZm1DTlovK1JuUQpyenhNbFhRRVd0R2doUFpxd3FOS1ptV1JBRTJFUUcxekVOV3NWWUFOYjBVNXpuWmRFMmp0b3FHU1hJV09SL29wCnIrNU5UL0wweGJBTWJZRWNmeEFNejZGM0RxMkZDTllUaWdVTGV4bDlVMWE4VFJENDg3VGV0UHEzNTdTYjNpS0UKT3cxS2tCT0M4c3lLN1dJVGR3eEU0Y0lCejZxS2N5S2NYM3hxTFJ2UjhYL3FHblkzVG5sQ3hxTFl2L1FuMklIaApSUlZyL1dkeTVzeEppL0Z5aFJULzVxdCt1MUFRSmI5UVhCQWRRbzZndHNub1ZoZGoxbjJxTi95djh3KzdIRVg4CjBmeHNFaUcvRmMvbHQ5Vm84RTQwWEhkYmV3K2tMdlBoZ0dOSVlHTVlUUnVqdFJHbnA1RmNLVFdLT1FsQkVmU1AKaXRsRWJuUHdCa2xNT0dmNk1yOVFFNHNtRjR5cHFuNE5ONTJWbGF6TzAxRFJwTkNhemgwVWZ0Smd3bmxObWJ5MAphSkhkMnpySEtGbUdQYk9JUmp0YjQ1Uk5YTWJVSXR0c1p3cldiSlZ1MmJQRjdMYjlOL1ZHdlhBMzVETlpyakM0CnU5SVFkOXZLOU9qMkcyV0ZPWFE4Q29abgotLS0tLUVORCBDRVJUSUZJQ0FURS0tLS0tCg==\n    client-key-data: LS0tLS1CRUdJTiBSU0EgUFJJVkFURSBLRVktLS0tLQpNSUlKS0FJQkFBS0NBZ0VBNmxuV0EraTR3M3NKdHp2azdiYSthR1NDMEtVTUZDNWFjeGxDTTk5UUpZY0JKdURZCm1jWmg4ZUZhYnRGR3ZEOG5DcmlDa1VmU1dFQzdBMTVqcVY1WmVhSlBEQlR3VFl1cnNmL1RKOG1nMDFhd1JCN1MKZTRtb2t3dlJtNWhOb2lNWkhCRHFJZVF1OW5KZVJXRURSYmVLeHRCWUdPNWI4Mm1vVTM0eHlDME45M1BzQTB0KwpvWTkyOUFmMElRQmUzOGY1cXR4ZjVDL2M1VC9JRXhSUFNibFZ2Z1RnRnd2TnFIUXhvdklBZ1pnalZRODlRc3NUClY2SDNwVVpBQlV4YXhXcFFqdisycytST3V6SnhqVnJoSW56dEs0QkduVWZTME5BK3hkc1dRRFZSdEdzRFZkQjYKUmNpdkVBRFY1ZGFXUHNhYTZYQXc5S0dRSzJ4UFk0NzFyeFlxNUdWM3licmxwWGFEL1hlTzgzWmZva01OSnVoNgpWdGZlS0tyN0Q5WTJqUHJVUER3am13dUdkUCtjWmlhU3ArT0Q4cVBWVngzQ0pVWUpITmFnZlc5ODVtenU2c2U5CjFUbW1LSy93bXhWeXdKLzVJUUU3bXhDS244Q1ZWVjNSYkRSb3JoNFhTbTVoemtUT1RDQWt6TW51OVFyVWRrSloKZXo5MlhoZFhYMHJqN2VuOGZJVzBqQll4ZFAyZWxINW5taTJWTU5kcFRSY2VnMm5xaTRnRlBNMEd1ODdES3ptSwoxdE1EeUwxVlEvM0s3QUFqWGgxV1pxQ2RDaUlBb2RSVmRoQ2p6NSsvc0E1ZkwzQ3VYMGVNNXRFOWtlN0E2Rmk2CnpzbGVxTFlDczAwM3h1TmtrUW9JY1NpczRoa0pLZ2QyNHNTUDdwVVo3eDlHcW9wdVJhS2VNV0l0LzBrQ0F3RUEKQVFLQ0FnQm9TNVBlQ0gvVjY1ZCsxeWFDanA0OTJtR0hsclNCOU1FblVUbnYyUFlUeFhvRFFmVFR0d0RYQTNwYQpNRVFCT2ovWFd4Y3NyZUNVaXpaUGdQM3NuZ05IQ1MrUnltM0pyUnU3NjRVZlEzSVNMQlhsTXl4c2MyNjFCb0VCCjlLMjBOMWVROEl3cWlpRkdaODdCcExPdW5za2h3dzQ2QmphZzVVaFc1Q1ltbHJxTkFxZXFMYnFORDBxYXYwRnMKUUh4NHJraFVQS0JtYnRDcHJCR1FRQzByTzlMSGJ1Y0dDcWc3ekg1Y3JNUUI2T0hzbEl3b2dqVTQvbW0yd2NWegpOakI5aEZ1VzBJSVFuRTVYckZMeDNGeXVteGQ0RVM0Y0NCOXY5QVhEeTBXalRMZHdpbUdoR3RlWDRBRGRKK29KCjBFN3NZRG9JSXZoK25ycUpRTG95TGlqMEEzTVJlVjFrTnowQnFMQjhnTnhVMlM1ZzZML08wMmQ4S29idmlkL1oKQXJ5QVIyazNqUTBPMXpONlMyTU1IUXZKQUJ6bmcxYjd0OHp2Yks2UGNKYWZ4clZmL3JvQ0ZIOEhENTZUeC9WYgo5cXdXSW5Gc1YzajM1T21aaTdlMjJwSW8zcDU2NWx3dVROQ2NUdVorWHJ6OVRUSzFhUmZSV0tVcFFXemVDUXVGCnk2azVaVXVVbmwwLzBnTlZCejdIT1NZL0pxVldVRkM2UXNIWDdiWkdVczNCOWlBdTlLTWdEUEtTN1JtV21oZGMKaTdqTGp2TWJ5WFJyVlM3bXRFcS9nelYvOFdNZnk4NEh2ZDJuZ1lGeEJKVW1xdFZWVVVDOEMvdVlQbTRUL3JnTQovcElxYlRxc3ZHTFROUEV4UXhac29wNVF2SHh1QnErUm4yN3lOclZZOXZVaWw2RmRtd0tDQVFFQS9VOHNIY0U4CmpYNXc3bUpVSUFEclZlcDlNbzdKTE5EeDRMN3hJU0xGSkNSK29yeVM4NmdCTlUwQVZBUzhDdnFDL0J6WERRd1oKcEFPQWMxRkZrcGhRbmxOQm9ZRU5SZXBrbEk3eE9wNURLUGdIN0w2RStMRlBheWk4TXZTTURBOW10L2F3ZjdDdgo5c3BHQStDalpWME5XSXQxVkRwNnJLbUVrNUdrYy9wU1BVSkJWLy96S3NsbVIxb1FRbUw2YnJKcXMyMVhYeDF1CnpmODhXRDZrRzRxNW9PZDNCeW9aVmNsWXVZOXd1VkNjTXJXUmhEWnNmZ3hudGE4SWtLbVNUR00xbWlPTmZkR1MKajd4aEtjZ2dlSHlxUEZmWnBNOEhDenFQL1lDcDA1cURuQWJWM2szVklJZlJCTC9YMEIvd3RwZllhQmZDVnQ2SQpvbFhvUmJQdFA1TGxLd0tDQVFFQTdOY2NKaXQ0MGxLVWp6MmsyVzcwdWJRYTBPbGlncmNTOXBDbmMyeDdtS2RaCmx1d0ZMQ3dWRE9teVI2QWUwTjd0NWxkMGFCdlJ4S3BtMEtWNURwTXJxTUNDVStyWmorNWhidllKeWd3di9pSVEKQnZ0d2hvOWdCa2NwdDIzdXN2QURqRm52MlJWTTJJRUd1aWZ4VW84ZUNzclpmWHU2MGdEeFVicU1rYVNMVk5kMQp3TzB0aXAxWkM1d29Od21LZmh3NXQ2RWczaG5JUTdsaVkvTjU3MFVxKzBMcHkwakdjZHlYRExydWV2Nkw1TE0rCkJuY0pHV2Rua3lIRTR5cUZkZ2VIM2U0RFBXR2o0K2gxM1FKUVd1THFWVzNCUnZ4c21JUEY1R09lSnA3Q1pCanUKY1RlcWg0WlNFNGVwNGVUakhoWkNGQXk2RDM0ZU51YVI5a1R6b09FYld3S0NBUUVBMklWYlRWZkdmWi9Od2taMAphQ0xCQm1CNGdjWEJPamlqK0JyZW5CZFBjZlJyOW9qQUI5dmNwSVhjT1BVUEUwZE12Vm1kakw2Q0VFc1orZmhIClF1WkZTd0FaZ29hQUpQb1UzVk5ONlhBc01oSEpIRmxCNmg0TnA2aGJMaWNRcXFKamgrNHFzZ3NDYmk0NktNaFUKZ3FsR1ppQld1eGQ5a3FjWDl0ZXdQWjZEdTI4dDBaMnJhakJhNTdTWlgxV2hnUXVxM3hJZ2MrSUJ1NzFuQkhzTwo1YWZ2d2hUNERqeXpDVHdoUmdQUk0rWXVqYjNiMDZwOWxFVGdSVkdIUGJoa29EelJMWjhrSzU3KzZ6UDN6YklOCjUwK1FhQ0lqbkplR0N0Z1ZDbmgzTWJQS3VZeXlOT0pNd2hDMTNweHBTYkp6bkhBdy85RUhRaC9YcFFOUGxuMFUKMTVtbG53S0NBUUJ5VUNFMkN5VjEzb1gxM1RzRDk1b0hSL2JwZnJ3ZGUxK2J3cFlRRC94WDRlNUwrZjlGSXNIRwpTY1hTN0dYelNxWm8xeTFJVXFVYzEySm9zbldMbzEwZlJrdWhWV2xOSHpISDdOa3N2RlV0eENNWU82UkVUazk2CnVENWFXcVVybU0wZG9Rc3pMQ1M3R3d1MExqTThOZmU2SGM1NzBveUpjQXNKOTVDQmUzb0VxVG9jdEYyVzJmdHcKcng1NThoRDJiWWt1S0lkRXJBME5JeDFxUU1wSndvak1YYSthZnJYSm56OEkxZkRsVEpjWSs2cWtWREFBSXZqSworekdjczVsWExxdFZZdHdOZEdNMlRhMFZ6MWdaaGd5MHp4VEt2bXRyOGE1Q1hoS25jVmxDRndaL2Z1N0FHd1RpCmlFaG16Nk1Qa282eVBySlBhQUFOWDV4ejBUUUdJcUNoQW9JQkFINlhkWTFxWjdMTnpUM0V5clA2TWlROW5PZU0KR3dRSE9vK1Z2OTZsM3MyZ1o3ZzBoWEZQRThWbVlFN1ZKK1NGU2xoQ2lWdGZOdlRJREhXUVRtYWV6RjI3UGdQSwovd3NsbkhubU53dkQvcGdhKzdNRXZyaVo3dlF1Zys0Si9CcFRTQ0RBc3hMSHY2TU1FQWJyZ2tKc0tGdFBzdEVZCjhMa2twQjdZamd1OHUwRnk4MlVhbENWcGR6R0Z3VzF4QUhrRWd4Rnpxd1pKWUZodFNFK1RhaDJwLzVhOVNmekgKWWc3eTNQbkJ6dTduSllkVXQ2SFVjNzNKU3hVNUZoaFhFNjFzTUgwSGlmMVE4VHJsbCtWU0l5R2dnQXY5ZEN5NApodjBoN2hkazFYTmJhdDIvQzhDbFRPU3FONEIzUitXS3dUR2lva3ZHaGsyK0pZQkdsekwwbTFBSHBEbz0KLS0tLS1FTkQgUlNBIFBSSVZBVEUgS0VZLS0tLS0K\n    token: nkslt6str6448gqhfzjgttctcqefvenaf5eei27s0spoiz5h2gyagcknfa0wvfbzq0kv8nzja89czoagb6nndwqknyu7koyww8kv8b51dyfdgxkq77dp9wtseyyc9v99\n",
            "kubelet_identity": [
              {
                "client_id": "45a53212-1ae4-4319-bef7-9497b295f2af",
                "object_id": "8ecfc145-7780-4b01-88dc-6d351774c6e1",
                "user_assigned_identity_id": "/subscriptions/7b15199c-09ec-4924-9493-d0452969667b/resourceGroups/MC_aviatrix-transit-rg_aks-cluster_westeurope/providers/Microsoft.ManagedIdentity/userAssignedIdentities/aks-cluster-agentpool"
              }
            ],
            "kubernetes_version": "1.32",
            "linux_profile": [
              {
                "admin_username": "",
                "ssh_key": []
              }
            ],
            "location": "westeurope",
            "microsoft_defender": [],
            "name": "aks-cluster",
            "network_profile": [
              {
                "dns_service_ip": "172.20.0.10",
                "docker_bridge_cidr": "",
                "load_balancer_sku": "standard",
                "network_plugin": "azure",
                "network_policy": "azure",
                "pod_cidr": "",
                "service_cidr": "172.20.0.0/16"
              }
            ],
            "node_resource_group": "MC_aviatrix-transit-rg_aks-cluster_westeurope",
            "node_resource_group_id": "/subscriptions/7b15199c-09ec-4924-9493-d0452969667b/resourceGroups/MC_aviatrix-transit-rg_aks-cluster_westeurope",
            "oidc_issuer_enabled": false,
            "oidc_issuer_url": "",
            "oms_agent": null,
            "open_service_mesh_enabled": null,
            "private_cluster_enabled": null,
            "private_fqdn": "",
            "resource_group_name": "aviatrix-transit-rg",
            "role_based_access_control_enabled": true,
            "service_mesh_profile": [],
            "service_principal": [
              {
                "client_id": "msi"
              }
            ],
            "storage_profile": [
              {
                "blob_driver_enabled": false,
                "disk_driver_enabled": true,
                "file_driver_enabled": true,
                "snapshot_controller_enabled": true
              }
            ],
            "tags": {},
            "timeouts": null,
            "windows_profile": [
              {
                "admin_username": "azureuser"
              }
            ]
          },
          "sensitive_attributes": [
            [
              {
                "type": "get_attr",
                "value": "kube_admin_config"
              }
            ],
            [
              {
                "type": "get_attr",
                "value": "kube_admin_config_raw"
              }
            ],
            [
              {
                "type": "get_attr",
                "value": "kube_config"
              }
            ],
            [
              {
                "type": "get_attr",
                "value": "kube_config_raw"
              }
            ]
          ],
          "identity_schema_version": 0
        }
      ]
    },
    {
      "mode": "managed",
      "type": "aviatrix_gateway_snat",
      "name": "aws_eks_to_azure_postgres_redis",
      "provider": "provider[\"registry.terraform.io/aviatrixsystems/aviatrix\"]",
      "instances": [
        {
          "status": "tainted",
          "schema_version": 0,
          "attributes": {
            "connection_policy": [
              {
                "apply_route_entry": true,
                "connection": "avx-eu-central-1-transit",
                "dst_cidr": "172.20.20.101/32",
                "dst_port": "5432",
                "exclude_rtb": "",
                "interface": "",
                "mark": "",
                "protocol": "tcp",
                "snat_ips": "172.16.10.100",
                "snat_port": "",
                "src_cidr": "10.100.0.0/16",
                "src_port": ""
              },
              {
                "apply_route_entry": true,
                "connection": "avx-eu-central-1-transit",
                "dst_cidr": "172.20.20.100/32",
                "dst_port": "6379",
                "exclude_rtb": "",
                "interface": "",
                "mark": "",
                "protocol": "tcp",
                "snat_ips": "172.16.10.100",
                "snat_port": "",
                "src_cidr": "10.100.0.0/16",
                "src_port": ""
              }
            ],
            "gw_name": "mc-aws-spoke",
            "id": "mc-aws-spoke",
            "interface_policy": [],
            "snat_mode": "customized_snat",
            "snat_policy": [
              {
                "apply_route_entry": true,
                "connection": "avx-eu-central-1-transit",
                "dst_cidr": "172.20.20.101/32",
                "dst_port": "5432",
                "exclude_rtb": "",
                "interface": "",
                "mark": "",
                "protocol": "tcp",
                "snat_ips": "172.16.10.100",
                "snat_port": "",
                "src_cidr": "10.100.0.0/16",
                "src_port": ""
              },
              {
                "apply_route_entry": true,
                "connection": "avx-eu-central-1-transit",
                "dst_cidr": "172.20.20.100/32",
                "dst_port": "6379",
                "exclude_rtb": "",
                "interface": "",
                "mark": "",
                "protocol": "tcp",
                "snat_ips": "172.16.10.100",
                "snat_port": "",
                "src_cidr": "10.100.0.0/16",
                "src_port": ""
              }
            ],
            "sync_to_ha": false
          },
          "sensitive_attributes": [],
          "identity_schema_version": 0,
          "private": "bnVsbA==",
          "dependencies": [
            "aws_internet_gateway.transit_gw",
            "aws_route_table.spoke_rt",
            "aws_route_table.transit_rt",
            "aws_subnet.aws_spoke_gw_subnet",
            "aws_subnet.aws_transit_subnet",
            "aws_vpc.aws_spoke_vpc",
            "aws_vpc.aws_transit_vpc",
            "module.aws_spoke.aviatrix_spoke_gateway.default",
            "module.aws_spoke.aviatrix_vpc.default",
            "module.aws_transit.aviatrix_transit_gateway.default",
            "module.aws_transit.aviatrix_vpc.bgp_over_lan_vpc",
            "module.aws_transit.aviatrix_vpc.default",
            "module.aws_transit.aviatrix_vpc.lan_vpc"
          ]
        }
      ]
    },
    {
      "mode": "managed",
      "type": "aviatrix_transit_gateway_peering",
      "name": "aws-to-azure-transit-peering",
      "provider": "provider[\"registry.terraform.io/aviatrixsystems/aviatrix\"]",
      "instances": [
        {
          "schema_version": 0,
          "attributes": {
            "disable_activemesh": false,
            "enable_insane_mode_encryption_over_internet": false,
            "enable_max_performance": true,
            "enable_peering_over_private_network": false,
            "enable_single_tunnel_mode": false,
            "gateway1_excluded_network_cidrs": [],
            "gateway1_excluded_tgw_connections": [],
            "gateway1_logical_ifnames": null,
            "gateway2_excluded_network_cidrs": [],
            "gateway2_excluded_tgw_connections": [],
            "gateway2_logical_ifnames": [],
            "id": "avx-eu-central-1-transit~avx-west-europe-transit",
            "insane_mode": false,
            "jumbo_frame": false,
            "prepend_as_path1": null,
            "prepend_as_path2": null,
            "transit_gateway_name1": "avx-eu-central-1-transit",
            "transit_gateway_name2": "avx-west-europe-transit",
            "tunnel_count": null
          },
          "sensitive_attributes": [],
          "identity_schema_version": 0,
          "private": "bnVsbA==",
          "dependencies": [
            "aws_internet_gateway.transit_gw",
            "aws_route_table.transit_rt",
            "aws_subnet.aws_transit_subnet",
            "aws_vpc.aws_transit_vpc",
            "azurerm_resource_group.azure_rg",
            "azurerm_subnet.azure_transit_subnet",
            "azurerm_virtual_network.azure_transit_vnet",
            "module.aws_transit.aviatrix_transit_gateway.default",
            "module.aws_transit.aviatrix_vpc.bgp_over_lan_vpc",
            "module.aws_transit.aviatrix_vpc.default",
            "module.aws_transit.aviatrix_vpc.lan_vpc",
            "module.azure_transit.aviatrix_transit_gateway.default",
            "module.azure_transit.aviatrix_vpc.bgp_over_lan_vpc",
            "module.azure_transit.aviatrix_vpc.default",
            "module.azure_transit.aviatrix_vpc.lan_vpc"
          ]
        }
      ]
    },
    {
      "mode": "managed",
      "type": "aws_internet_gateway",
      "name": "spoke_igw",
      "provider": "provider[\"registry.terraform.io/hashicorp/aws\"]",
      "instances": [
        {
          "schema_version": 0,
          "attributes": {
            "arn": "arn:aws:ec2:eu-central-1:234572319512:internet-gateway/igw-062f9a010cab911b5",
            "id": "igw-062f9a010cab911b5",
            "owner_id": "234572319512",
            "tags": {},
            "tags_all": {},
            "timeouts": null,
            "vpc_id": "vpc-048797b2556043224"
          },
          "sensitive_attributes": [],
          "identity_schema_version": 0,
          "private": "eyJlMmJmYjczMC1lY2FhLTExZTYtOGY4OC0zNDM2M2JjN2M0YzAiOnsiY3JlYXRlIjoxMjAwMDAwMDAwMDAwLCJkZWxldGUiOjEyMDAwMDAwMDAwMDAsInVwZGF0ZSI6MTIwMDAwMDAwMDAwMH19",
          "dependencies": [
            "aws_vpc.aws_spoke_vpc"
          ]
        }
      ]
    },
    {
      "mode": "managed",
      "type": "aws_internet_gateway",
      "name": "transit_gw",
      "provider": "provider[\"registry.terraform.io/hashicorp/aws\"]",
      "instances": [
        {
          "schema_version": 0,
          "attributes": {
            "arn": "arn:aws:ec2:eu-central-1:234572319512:internet-gateway/igw-0d35abf7a6bb880d6",
            "id": "igw-0d35abf7a6bb880d6",
            "owner_id": "234572319512",
            "tags": {},
            "tags_all": {},
            "timeouts": null,
            "vpc_id": "vpc-0824a489e5813427c"
          },
          "sensitive_attributes": [],
          "identity_schema_version": 0,
          "private": "eyJlMmJmYjczMC1lY2FhLTExZTYtOGY4OC0zNDM2M2JjN2M0YzAiOnsiY3JlYXRlIjoxMjAwMDAwMDAwMDAwLCJkZWxldGUiOjEyMDAwMDAwMDAwMDAsInVwZGF0ZSI6MTIwMDAwMDAwMDAwMH19",
          "dependencies": [
            "aws_vpc.aws_transit_vpc"
          ]
        }
      ]
    },
    {
      "mode": "managed",
      "type": "aws_route",
      "name": "spoke_rt_default",
      "provider": "provider[\"registry.terraform.io/hashicorp/aws\"]",
      "instances": [
        {
          "schema_version": 0,
          "attributes": {
            "carrier_gateway_id": "",
            "core_network_arn": "",
            "destination_cidr_block": "0.0.0.0/0",
            "destination_ipv6_cidr_block": "",
            "destination_prefix_list_id": "",
            "egress_only_gateway_id": "",
            "gateway_id": "igw-062f9a010cab911b5",
            "id": "r-rtb-00cafdbfe83ab93c21080289494",
            "instance_id": "",
            "instance_owner_id": "",
            "local_gateway_id": "",
            "nat_gateway_id": "",
            "network_interface_id": "",
            "origin": "CreateRoute",
            "route_table_id": "rtb-00cafdbfe83ab93c2",
            "state": "active",
            "timeouts": null,
            "transit_gateway_id": "",
            "vpc_endpoint_id": "",
            "vpc_peering_connection_id": ""
          },
          "sensitive_attributes": [],
          "identity_schema_version": 0,
          "private": "eyJlMmJmYjczMC1lY2FhLTExZTYtOGY4OC0zNDM2M2JjN2M0YzAiOnsiY3JlYXRlIjozMDAwMDAwMDAwMDAsImRlbGV0ZSI6MzAwMDAwMDAwMDAwLCJ1cGRhdGUiOjEyMDAwMDAwMDAwMH19",
          "dependencies": [
            "aws_internet_gateway.spoke_igw",
            "aws_route_table.spoke_rt",
            "aws_vpc.aws_spoke_vpc"
          ]
        }
      ]
    },
    {
      "mode": "managed",
      "type": "aws_route",
      "name": "transit_rt_default",
      "provider": "provider[\"registry.terraform.io/hashicorp/aws\"]",
      "instances": [
        {
          "schema_version": 0,
          "attributes": {
            "carrier_gateway_id": "",
            "core_network_arn": "",
            "destination_cidr_block": "0.0.0.0/0",
            "destination_ipv6_cidr_block": "",
            "destination_prefix_list_id": "",
            "egress_only_gateway_id": "",
            "gateway_id": "igw-0d35abf7a6bb880d6",
            "id": "r-rtb-03d5d686b7d13d4951080289494",
            "instance_id": "",
            "instance_owner_id": "",
            "local_gateway_id": "",
            "nat_gateway_id": "",
            "network_interface_id": "",
            "origin": "CreateRoute",
            "route_table_id": "rtb-03d5d686b7d13d495",
            "state": "active",
            "timeouts": null,
            "transit_gateway_id": "",
            "vpc_endpoint_id": "",
            "vpc_peering_connection_id": ""
          },
          "sensitive_attributes": [],
          "identity_schema_version": 0,
          "private": "eyJlMmJmYjczMC1lY2FhLTExZTYtOGY4OC0zNDM2M2JjN2M0YzAiOnsiY3JlYXRlIjozMDAwMDAwMDAwMDAsImRlbGV0ZSI6MzAwMDAwMDAwMDAwLCJ1cGRhdGUiOjEyMDAwMDAwMDAwMH19",
          "dependencies": [
            "aws_internet_gateway.transit_gw",
            "aws_route_table.transit_rt",
            "aws_vpc.aws_transit_vpc"
          ]
        }
      ]
    },
    {
      "mode": "managed",
      "type": "aws_route_table",
      "name": "spoke_rt",
      "provider": "provider[\"registry.terraform.io/hashicorp/aws\"]",
      "instances": [
        {
          "schema_version": 0,
          "attributes": {
            "arn": "arn:aws:ec2:eu-central-1:234572319512:route-table/rtb-00cafdbfe83ab93c2",
            "id": "rtb-00cafdbfe83ab93c2",
            "owner_id": "234572319512",
            "propagating_vgws": [],
            "route": [
              {
                "carrier_gateway_id": "",
                "cidr_block": "0.0.0.0/0",
                "core_network_arn": "",
                "destination_prefix_list_id": "",
                "egress_only_gateway_id": "",
                "gateway_id": "igw-062f9a010cab911b5",
                "ipv6_cidr_block": "",
                "local_gateway_id": "",
                "nat_gateway_id": "",
                "network_interface_id": "",
                "transit_gateway_id": "",
                "vpc_endpoint_id": "",
                "vpc_peering_connection_id": ""
              },
              {
                "carrier_gateway_id": "",
                "cidr_block": "10.0.0.0/8",
                "core_network_arn": "",
                "destination_prefix_list_id": "",
                "egress_only_gateway_id": "",
                "gateway_id": "",
                "ipv6_cidr_block": "",
                "local_gateway_id": "",
                "nat_gateway_id": "",
                "network_interface_id": "eni-0d7dd6f8915975ac6",
                "transit_gateway_id": "",
                "vpc_endpoint_id": "",
                "vpc_peering_connection_id": ""
              },
              {
                "carrier_gateway_id": "",
                "cidr_block": "172.16.0.0/12",
                "core_network_arn": "",
                "destination_prefix_list_id": "",
                "egress_only_gateway_id": "",
                "gateway_id": "",
                "ipv6_cidr_block": "",
                "local_gateway_id": "",
                "nat_gateway_id": "",
                "network_interface_id": "eni-0d7dd6f8915975ac6",
                "transit_gateway_id": "",
                "vpc_endpoint_id": "",
                "vpc_peering_connection_id": ""
              },
              {
                "carrier_gateway_id": "",
                "cidr_block": "192.168.0.0/16",
                "core_network_arn": "",
                "destination_prefix_list_id": "",
                "egress_only_gateway_id": "",
                "gateway_id": "",
                "ipv6_cidr_block": "",
                "local_gateway_id": "",
                "nat_gateway_id": "",
                "network_interface_id": "eni-0d7dd6f8915975ac6",
                "transit_gateway_id": "",
                "vpc_endpoint_id": "",
                "vpc_peering_connection_id": ""
              }
            ],
            "tags": {
              "Name": "spoke-rt"
            },
            "tags_all": {
              "Name": "spoke-rt"
            },
            "timeouts": null,
            "vpc_id": "vpc-048797b2556043224"
          },
          "sensitive_attributes": [],
          "identity_schema_version": 0,
          "private": "eyJlMmJmYjczMC1lY2FhLTExZTYtOGY4OC0zNDM2M2JjN2M0YzAiOnsiY3JlYXRlIjozMDAwMDAwMDAwMDAsImRlbGV0ZSI6MzAwMDAwMDAwMDAwLCJ1cGRhdGUiOjEyMDAwMDAwMDAwMH19",
          "dependencies": [
            "aws_vpc.aws_spoke_vpc"
          ]
        }
      ]
    },
    {
      "mode": "managed",
      "type": "aws_route_table",
      "name": "transit_rt",
      "provider": "provider[\"registry.terraform.io/hashicorp/aws\"]",
      "instances": [
        {
          "schema_version": 0,
          "attributes": {
            "arn": "arn:aws:ec2:eu-central-1:234572319512:route-table/rtb-03d5d686b7d13d495",
            "id": "rtb-03d5d686b7d13d495",
            "owner_id": "234572319512",
            "propagating_vgws": [],
            "route": [
              {
                "carrier_gateway_id": "",
                "cidr_block": "0.0.0.0/0",
                "core_network_arn": "",
                "destination_prefix_list_id": "",
                "egress_only_gateway_id": "",
                "gateway_id": "igw-0d35abf7a6bb880d6",
                "ipv6_cidr_block": "",
                "local_gateway_id": "",
                "nat_gateway_id": "",
                "network_interface_id": "",
                "transit_gateway_id": "",
                "vpc_endpoint_id": "",
                "vpc_peering_connection_id": ""
              }
            ],
            "tags": {
              "Name": "aviatrix-transit-rt"
            },
            "tags_all": {
              "Name": "aviatrix-transit-rt"
            },
            "timeouts": null,
            "vpc_id": "vpc-0824a489e5813427c"
          },
          "sensitive_attributes": [],
          "identity_schema_version": 0,
          "private": "eyJlMmJmYjczMC1lY2FhLTExZTYtOGY4OC0zNDM2M2JjN2M0YzAiOnsiY3JlYXRlIjozMDAwMDAwMDAwMDAsImRlbGV0ZSI6MzAwMDAwMDAwMDAwLCJ1cGRhdGUiOjEyMDAwMDAwMDAwMH19",
          "dependencies": [
            "aws_vpc.aws_transit_vpc"
          ]
        }
      ]
    },
    {
      "mode": "managed",
      "type": "aws_route_table_association",
      "name": "eks_node_subnet_assoc_1",
      "provider": "provider[\"registry.terraform.io/hashicorp/aws\"]",
      "instances": [
        {
          "schema_version": 0,
          "attributes": {
            "gateway_id": "",
            "id": "rtbassoc-08800dd838e62db0c",
            "route_table_id": "rtb-00cafdbfe83ab93c2",
            "subnet_id": "subnet-03df964b34a33f302",
            "timeouts": null
          },
          "sensitive_attributes": [],
          "identity_schema_version": 0,
          "private": "eyJlMmJmYjczMC1lY2FhLTExZTYtOGY4OC0zNDM2M2JjN2M0YzAiOnsiY3JlYXRlIjozMDAwMDAwMDAwMDAsImRlbGV0ZSI6MzAwMDAwMDAwMDAwLCJ1cGRhdGUiOjEyMDAwMDAwMDAwMH19",
          "dependencies": [
            "aws_route_table.spoke_rt",
            "aws_subnet.aws_eks_node_subnet",
            "aws_vpc.aws_spoke_vpc"
          ]
        }
      ]
    },
    {
      "mode": "managed",
      "type": "aws_route_table_association",
      "name": "eks_node_subnet_assoc_2",
      "provider": "provider[\"registry.terraform.io/hashicorp/aws\"]",
      "instances": [
        {
          "schema_version": 0,
          "attributes": {
            "gateway_id": "",
            "id": "rtbassoc-0e73b57893b73c0df",
            "route_table_id": "rtb-00cafdbfe83ab93c2",
            "subnet_id": "subnet-046a1911d7ae22512",
            "timeouts": null
          },
          "sensitive_attributes": [],
          "identity_schema_version": 0,
          "private": "eyJlMmJmYjczMC1lY2FhLTExZTYtOGY4OC0zNDM2M2JjN2M0YzAiOnsiY3JlYXRlIjozMDAwMDAwMDAwMDAsImRlbGV0ZSI6MzAwMDAwMDAwMDAwLCJ1cGRhdGUiOjEyMDAwMDAwMDAwMH19",
          "dependencies": [
            "aws_route_table.spoke_rt",
            "aws_subnet.aws_eks_node_subnet_2",
            "aws_vpc.aws_spoke_vpc"
          ]
        }
      ]
    },
    {
      "mode": "managed",
      "type": "aws_route_table_association",
      "name": "spoke_gw_association",
      "provider": "provider[\"registry.terraform.io/hashicorp/aws\"]",
      "instances": [
        {
          "schema_version": 0,
          "attributes": {
            "gateway_id": "",
            "id": "rtbassoc-0493bbf44b906cb88",
            "route_table_id": "rtb-00cafdbfe83ab93c2",
            "subnet_id": "subnet-0abd27f8ec0348492",
            "timeouts": null
          },
          "sensitive_attributes": [],
          "identity_schema_version": 0,
          "private": "eyJlMmJmYjczMC1lY2FhLTExZTYtOGY4OC0zNDM2M2JjN2M0YzAiOnsiY3JlYXRlIjozMDAwMDAwMDAwMDAsImRlbGV0ZSI6MzAwMDAwMDAwMDAwLCJ1cGRhdGUiOjEyMDAwMDAwMDAwMH19",
          "dependencies": [
            "aws_route_table.spoke_rt",
            "aws_subnet.aws_spoke_gw_subnet",
            "aws_vpc.aws_spoke_vpc"
          ]
        }
      ]
    },
    {
      "mode": "managed",
      "type": "aws_route_table_association",
      "name": "transit_subnet_association",
      "provider": "provider[\"registry.terraform.io/hashicorp/aws\"]",
      "instances": [
        {
          "schema_version": 0,
          "attributes": {
            "gateway_id": "",
            "id": "rtbassoc-0ea9c2676deec9f30",
            "route_table_id": "rtb-03d5d686b7d13d495",
            "subnet_id": "subnet-0a2592d056bfd5655",
            "timeouts": null
          },
          "sensitive_attributes": [],
          "identity_schema_version": 0,
          "private": "eyJlMmJmYjczMC1lY2FhLTExZTYtOGY4OC0zNDM2M2JjN2M0YzAiOnsiY3JlYXRlIjozMDAwMDAwMDAwMDAsImRlbGV0ZSI6MzAwMDAwMDAwMDAwLCJ1cGRhdGUiOjEyMDAwMDAwMDAwMH19",
          "dependencies": [
            "aws_route_table.transit_rt",
            "aws_subnet.aws_transit_subnet",
            "aws_vpc.aws_transit_vpc"
          ]
        }
      ]
    },
    {
      "mode": "managed",
      "type": "aws_subnet",
      "name": "aws_eks_node_subnet",
      "provider": "provider[\"registry.terraform.io/hashicorp/aws\"]",
      "instances": [
        {
          "schema_version": 1,
          "attributes": {
            "arn": "arn:aws:ec2:eu-central-1:234572319512:subnet/subnet-03df964b34a33f302",
            "assign_ipv6_address_on_creation": false,
            "availability_zone": "eu-central-1a",
            "availability_zone_id": "euc1-az2",
            "cidr_block": "10.100.1.0/24",
            "customer_owned_ipv4_pool": "",
            "enable_dns64": false,
            "enable_lni_at_device_index": 0,
            "enable_resource_name_dns_a_record_on_launch": false,
            "enable_resource_name_dns_aaaa_record_on_launch": false,
            "id": "subnet-03df964b34a33f302",
            "ipv6_cidr_block": "",
            "ipv6_cidr_block_association_id": "",
            "ipv6_native": false,
            "map_customer_owned_ip_on_launch": false,
            "map_public_ip_on_launch": true,
            "outpost_arn": "",
            "owner_id": "234572319512",
            "private_dns_hostname_type_on_launch": "ip-name",
            "tags": {
              "Name": "eks-node-subnet"
            },
            "tags_all": {
              "Name": "eks-node-subnet"
            },
            "timeouts": null,
            "vpc_id": "vpc-048797b2556043224"
          },
          "sensitive_attributes": [],
          "identity_schema_version": 0,
          "private": "eyJlMmJmYjczMC1lY2FhLTExZTYtOGY4OC0zNDM2M2JjN2M0YzAiOnsiY3JlYXRlIjo2MDAwMDAwMDAwMDAsImRlbGV0ZSI6MTIwMDAwMDAwMDAwMH0sInNjaGVtYV92ZXJzaW9uIjoiMSJ9",
          "dependencies": [
            "aws_vpc.aws_spoke_vpc"
          ],
          "create_before_destroy": true
        }
      ]
    },
    {
      "mode": "managed",
      "type": "aws_subnet",
      "name": "aws_eks_node_subnet_2",
      "provider": "provider[\"registry.terraform.io/hashicorp/aws\"]",
      "instances": [
        {
          "schema_version": 1,
          "attributes": {
            "arn": "arn:aws:ec2:eu-central-1:234572319512:subnet/subnet-046a1911d7ae22512",
            "assign_ipv6_address_on_creation": false,
            "availability_zone": "eu-central-1b",
            "availability_zone_id": "euc1-az3",
            "cidr_block": "10.100.9.0/24",
            "customer_owned_ipv4_pool": "",
            "enable_dns64": false,
            "enable_lni_at_device_index": 0,
            "enable_resource_name_dns_a_record_on_launch": false,
            "enable_resource_name_dns_aaaa_record_on_launch": false,
            "id": "subnet-046a1911d7ae22512",
            "ipv6_cidr_block": "",
            "ipv6_cidr_block_association_id": "",
            "ipv6_native": false,
            "map_customer_owned_ip_on_launch": false,
            "map_public_ip_on_launch": true,
            "outpost_arn": "",
            "owner_id": "234572319512",
            "private_dns_hostname_type_on_launch": "ip-name",
            "tags": {
              "Name": "eks-node-subnet-2"
            },
            "tags_all": {
              "Name": "eks-node-subnet-2"
            },
            "timeouts": null,
            "vpc_id": "vpc-048797b2556043224"
          },
          "sensitive_attributes": [],
          "identity_schema_version": 0,
          "private": "eyJlMmJmYjczMC1lY2FhLTExZTYtOGY4OC0zNDM2M2JjN2M0YzAiOnsiY3JlYXRlIjo2MDAwMDAwMDAwMDAsImRlbGV0ZSI6MTIwMDAwMDAwMDAwMH0sInNjaGVtYV92ZXJzaW9uIjoiMSJ9",
          "dependencies": [
            "aws_vpc.aws_spoke_vpc"
          ],
          "create_before_destroy": true
        }
      ]
    },
    {
      "mode": "managed",
      "type": "aws_subnet",
      "name": "aws_internal_lb_subnet",
      "provider": "provider[\"registry.terraform.io/hashicorp/aws\"]",
      "instances": [
        {
          "schema_version": 1,
          "attributes": {
            "arn": "arn:aws:ec2:eu-central-1:234572319512:subnet/subnet-0c881a9382ca39fa6",
            "assign_ipv6_address_on_creation": false,
            "availability_zone": "eu-central-1a",
            "availability_zone_id": "euc1-az2",
            "cidr_block": "10.100.2.0/24",
            "customer_owned_ipv4_pool": "",
            "enable_dns64": false,
            "enable_lni_at_device_index": 0,
            "enable_resource_name_dns_a_record_on_launch": false,
            "enable_resource_name_dns_aaaa_record_on_launch": false,
            "id": "subnet-0c881a9382ca39fa6",
            "ipv6_cidr_block": "",
            "ipv6_cidr_block_association_id": "",
            "ipv6_native": false,
            "map_customer_owned_ip_on_launch": false,
            "map_public_ip_on_launch": false,
            "outpost_arn": "",
            "owner_id": "234572319512",
            "private_dns_hostname_type_on_launch": "ip-name",
            "tags": {
              "Name": "internal-lb-subnet"
            },
            "tags_all": {
              "Name": "internal-lb-subnet"
            },
            "timeouts": null,
            "vpc_id": "vpc-048797b2556043224"
          },
          "sensitive_attributes": [],
          "identity_schema_version": 0,
          "private": "eyJlMmJmYjczMC1lY2FhLTExZTYtOGY4OC0zNDM2M2JjN2M0YzAiOnsiY3JlYXRlIjo2MDAwMDAwMDAwMDAsImRlbGV0ZSI6MTIwMDAwMDAwMDAwMH0sInNjaGVtYV92ZXJzaW9uIjoiMSJ9",
          "dependencies": [
            "aws_vpc.aws_spoke_vpc"
          ]
        }
      ]
    },
    {
      "mode": "managed",
      "type": "aws_subnet",
      "name": "aws_spoke_gw_subnet",
      "provider": "provider[\"registry.terraform.io/hashicorp/aws\"]",
      "instances": [
        {
          "schema_version": 1,
          "attributes": {
            "arn": "arn:aws:ec2:eu-central-1:234572319512:subnet/subnet-0abd27f8ec0348492",
            "assign_ipv6_address_on_creation": false,
            "availability_zone": "eu-central-1a",
            "availability_zone_id": "euc1-az2",
            "cidr_block": "10.100.0.0/28",
            "customer_owned_ipv4_pool": "",
            "enable_dns64": false,
            "enable_lni_at_device_index": 0,
            "enable_resource_name_dns_a_record_on_launch": false,
            "enable_resource_name_dns_aaaa_record_on_launch": false,
            "id": "subnet-0abd27f8ec0348492",
            "ipv6_cidr_block": "",
            "ipv6_cidr_block_association_id": "",
            "ipv6_native": false,
            "map_customer_owned_ip_on_launch": false,
            "map_public_ip_on_launch": true,
            "outpost_arn": "",
            "owner_id": "234572319512",
            "private_dns_hostname_type_on_launch": "ip-name",
            "tags": {
              "Name": "spoke-gw-subnet"
            },
            "tags_all": {
              "Name": "spoke-gw-subnet"
            },
            "timeouts": null,
            "vpc_id": "vpc-048797b2556043224"
          },
          "sensitive_attributes": [],
          "identity_schema_version": 0,
          "private": "eyJlMmJmYjczMC1lY2FhLTExZTYtOGY4OC0zNDM2M2JjN2M0YzAiOnsiY3JlYXRlIjo2MDAwMDAwMDAwMDAsImRlbGV0ZSI6MTIwMDAwMDAwMDAwMH0sInNjaGVtYV92ZXJzaW9uIjoiMSJ9",
          "dependencies": [
            "aws_vpc.aws_spoke_vpc"
          ]
        }
      ]
    },
    {
      "mode": "managed",
      "type": "aws_subnet",
      "name": "aws_transit_subnet",
      "provider": "provider[\"registry.terraform.io/hashicorp/aws\"]",
      "instances": [
        {
          "schema_version": 1,
          "attributes": {
            "arn": "arn:aws:ec2:eu-central-1:234572319512:subnet/subnet-0a2592d056bfd5655",
            "assign_ipv6_address_on_creation": false,
            "availability_zone": "eu-central-1a",
            "availability_zone_id": "euc1-az2",
            "cidr_block": "192.168.10.0/28",
            "customer_owned_ipv4_pool": "",
            "enable_dns64": false,
            "enable_lni_at_device_index": 0,
            "enable_resource_name_dns_a_record_on_launch": false,
            "enable_resource_name_dns_aaaa_record_on_launch": false,
            "id": "subnet-0a2592d056bfd5655",
            "ipv6_cidr_block": "",
            "ipv6_cidr_block_association_id": "",
            "ipv6_native": false,
            "map_customer_owned_ip_on_launch": false,
            "map_public_ip_on_launch": false,
            "outpost_arn": "",
            "owner_id": "234572319512",
            "private_dns_hostname_type_on_launch": "ip-name",
            "tags": {
              "Name": "aws-transit-subnet"
            },
            "tags_all": {
              "Name": "aws-transit-subnet"
            },
            "timeouts": null,
            "vpc_id": "vpc-0824a489e5813427c"
          },
          "sensitive_attributes": [],
          "identity_schema_version": 0,
          "private": "eyJlMmJmYjczMC1lY2FhLTExZTYtOGY4OC0zNDM2M2JjN2M0YzAiOnsiY3JlYXRlIjo2MDAwMDAwMDAwMDAsImRlbGV0ZSI6MTIwMDAwMDAwMDAwMH0sInNjaGVtYV92ZXJzaW9uIjoiMSJ9",
          "dependencies": [
            "aws_vpc.aws_transit_vpc"
          ]
        }
      ]
    },
    {
      "mode": "managed",
      "type": "aws_vpc",
      "name": "aws_spoke_vpc",
      "provider": "provider[\"registry.terraform.io/hashicorp/aws\"]",
      "instances": [
        {
          "schema_version": 1,
          "attributes": {
            "arn": "arn:aws:ec2:eu-central-1:234572319512:vpc/vpc-048797b2556043224",
            "assign_generated_ipv6_cidr_block": false,
            "cidr_block": "10.100.0.0/16",
            "default_network_acl_id": "acl-0d3c5c71ecb068239",
            "default_route_table_id": "rtb-0197e30d03fe8b2f3",
            "default_security_group_id": "sg-0e4a18a6ecb7ea351",
            "dhcp_options_id": "dopt-e7eb858d",
            "enable_dns_hostnames": true,
            "enable_dns_support": true,
            "enable_network_address_usage_metrics": false,
            "id": "vpc-048797b2556043224",
            "instance_tenancy": "default",
            "ipv4_ipam_pool_id": null,
            "ipv4_netmask_length": null,
            "ipv6_association_id": "",
            "ipv6_cidr_block": "",
            "ipv6_cidr_block_network_border_group": "",
            "ipv6_ipam_pool_id": "",
            "ipv6_netmask_length": 0,
            "main_route_table_id": "rtb-0197e30d03fe8b2f3",
            "owner_id": "234572319512",
            "tags": {
              "Name": "aws-spoke-vpc"
            },
            "tags_all": {
              "Name": "aws-spoke-vpc"
            }
          },
          "sensitive_attributes": [],
          "identity_schema_version": 0,
          "private": "eyJzY2hlbWFfdmVyc2lvbiI6IjEifQ==",
          "create_before_destroy": true
        }
      ]
    },
    {
      "mode": "managed",
      "type": "aws_vpc",
      "name": "aws_transit_vpc",
      "provider": "provider[\"registry.terraform.io/hashicorp/aws\"]",
      "instances": [
        {
          "schema_version": 1,
          "attributes": {
            "arn": "arn:aws:ec2:eu-central-1:234572319512:vpc/vpc-0824a489e5813427c",
            "assign_generated_ipv6_cidr_block": false,
            "cidr_block": "192.168.10.0/24",
            "default_network_acl_id": "acl-05051b1f58374cbd7",
            "default_route_table_id": "rtb-0a7d743d6bda41f80",
            "default_security_group_id": "sg-03fecb82fa68cb8dc",
            "dhcp_options_id": "dopt-e7eb858d",
            "enable_dns_hostnames": true,
            "enable_dns_support": true,
            "enable_network_address_usage_metrics": false,
            "id": "vpc-0824a489e5813427c",
            "instance_tenancy": "default",
            "ipv4_ipam_pool_id": null,
            "ipv4_netmask_length": null,
            "ipv6_association_id": "",
            "ipv6_cidr_block": "",
            "ipv6_cidr_block_network_border_group": "",
            "ipv6_ipam_pool_id": "",
            "ipv6_netmask_length": 0,
            "main_route_table_id": "rtb-0a7d743d6bda41f80",
            "owner_id": "234572319512",
            "tags": {
              "Name": "aws-transit-vpc"
            },
            "tags_all": {
              "Name": "aws-transit-vpc"
            }
          },
          "sensitive_attributes": [],
          "identity_schema_version": 0,
          "private": "eyJzY2hlbWFfdmVyc2lvbiI6IjEifQ=="
        }
      ]
    },
    {
      "mode": "managed",
      "type": "azurerm_kubernetes_cluster",
      "name": "aks_cluster",
      "provider": "provider[\"registry.terraform.io/hashicorp/azurerm\"]",
      "instances": [
        {
          "schema_version": 2,
          "attributes": {
            "aci_connector_linux": [],
            "api_server_access_profile": [],
            "auto_scaler_profile": [],
            "automatic_upgrade_channel": "",
            "azure_active_directory_role_based_access_control": [],
            "azure_policy_enabled": null,
            "confidential_computing": [],
            "cost_analysis_enabled": false,
            "current_kubernetes_version": "1.32.5",
            "custom_ca_trust_certificates_base64": [],
            "default_node_pool": [
              {
                "auto_scaling_enabled": false,
                "capacity_reservation_group_id": "",
                "fips_enabled": false,
                "gpu_instance": "",
                "host_encryption_enabled": false,
                "host_group_id": "",
                "kubelet_config": [],
                "kubelet_disk_type": "OS",
                "linux_os_config": [],
                "max_count": 0,
                "max_pods": 30,
                "min_count": 0,
                "name": "nodepool",
                "node_count": 2,
                "node_labels": {},
                "node_network_profile": [],
                "node_public_ip_enabled": false,
                "node_public_ip_prefix_id": "",
                "only_critical_addons_enabled": false,
                "orchestrator_version": "1.32",
                "os_disk_size_gb": 128,
                "os_disk_type": "Managed",
                "os_sku": "Ubuntu",
                "pod_subnet_id": "",
                "proximity_placement_group_id": "",
                "scale_down_mode": "Delete",
                "snapshot_id": "",
                "tags": {},
                "temporary_name_for_rotation": "",
                "type": "VirtualMachineScaleSets",
                "ultra_ssd_enabled": false,
                "upgrade_settings": [
                  {
                    "drain_timeout_in_minutes": 0,
                    "max_surge": "10%",
                    "node_soak_duration_in_minutes": 0
                  }
                ],
                "vm_size": "Standard_DS2_v2",
                "vnet_subnet_id": "/subscriptions/7b15199c-09ec-4924-9493-d0452969667b/resourceGroups/aviatrix-spoke-rg/providers/Microsoft.Network/virtualNetworks/azure-spoke-vnet/subnets/aks-node-subnet",
                "workload_runtime": "",
                "zones": []
              }
            ],
            "disk_encryption_set_id": "",
            "dns_prefix": "aks",
            "dns_prefix_private_cluster": "",
            "edge_zone": "",
            "fqdn": "aks-z24nqzmw.hcp.westeurope.azmk8s.io",
            "http_application_routing_enabled": null,
            "http_application_routing_zone_name": null,
            "http_proxy_config": [],
            "id": "/subscriptions/7b15199c-09ec-4924-9493-d0452969667b/resourceGroups/aviatrix-transit-rg/providers/Microsoft.ContainerService/managedClusters/aks-cluster",
            "identity": [
              {
                "identity_ids": [],
                "principal_id": "f6d68c79-592f-47ca-9c70-5c8410ee6d91",
                "tenant_id": "4780055e-ce37-4f02-b33d-fdad8493a4b6",
                "type": "SystemAssigned"
              }
            ],
            "image_cleaner_enabled": null,
            "image_cleaner_interval_hours": null,
            "ingress_application_gateway": [],
            "key_management_service": [],
            "key_vault_secrets_provider": [],
            "kube_admin_config": [],
            "kube_admin_config_raw": "",
            "kube_config": [
              {
                "client_certificate": "LS0tLS1CRUdJTiBDRVJUSUZJQ0FURS0tLS0tCk1JSUZIakNDQXdhZ0F3SUJBZ0lSQU1Ic1NKWWtTaktobThobEF3bXdkWEl3RFFZSktvWklodmNOQVFFTEJRQXcKRFRFTE1Ba0dBMVVFQXhNQ1kyRXdIaGNOTWpVd056SXpNak13TWpFd1doY05NamN3TnpJek1qTXhNakV3V2pBdwpNUmN3RlFZRFZRUUtFdzV6ZVhOMFpXMDZiV0Z6ZEdWeWN6RVZNQk1HQTFVRUF4TU1iV0Z6ZEdWeVkyeHBaVzUwCk1JSUNJakFOQmdrcWhraUc5dzBCQVFFRkFBT0NBZzhBTUlJQ0NnS0NBZ0VBNmxuV0EraTR3M3NKdHp2azdiYSsKYUdTQzBLVU1GQzVhY3hsQ005OVFKWWNCSnVEWW1jWmg4ZUZhYnRGR3ZEOG5DcmlDa1VmU1dFQzdBMTVqcVY1WgplYUpQREJUd1RZdXJzZi9USjhtZzAxYXdSQjdTZTRtb2t3dlJtNWhOb2lNWkhCRHFJZVF1OW5KZVJXRURSYmVLCnh0QllHTzViODJtb1UzNHh5QzBOOTNQc0EwdCtvWTkyOUFmMElRQmUzOGY1cXR4ZjVDL2M1VC9JRXhSUFNibFYKdmdUZ0Z3dk5xSFF4b3ZJQWdaZ2pWUTg5UXNzVFY2SDNwVVpBQlV4YXhXcFFqdisycytST3V6SnhqVnJoSW56dApLNEJHblVmUzBOQSt4ZHNXUURWUnRHc0RWZEI2UmNpdkVBRFY1ZGFXUHNhYTZYQXc5S0dRSzJ4UFk0NzFyeFlxCjVHVjN5YnJscFhhRC9YZU84M1pmb2tNTkp1aDZWdGZlS0tyN0Q5WTJqUHJVUER3am13dUdkUCtjWmlhU3ArT0QKOHFQVlZ4M0NKVVlKSE5hZ2ZXOTg1bXp1NnNlOTFUbW1LSy93bXhWeXdKLzVJUUU3bXhDS244Q1ZWVjNSYkRSbwpyaDRYU201aHprVE9UQ0Frek1udTlRclVka0paZXo5MlhoZFhYMHJqN2VuOGZJVzBqQll4ZFAyZWxINW5taTJWCk1OZHBUUmNlZzJucWk0Z0ZQTTBHdTg3REt6bUsxdE1EeUwxVlEvM0s3QUFqWGgxV1pxQ2RDaUlBb2RSVmRoQ2oKejUrL3NBNWZMM0N1WDBlTTV0RTlrZTdBNkZpNnpzbGVxTFlDczAwM3h1TmtrUW9JY1NpczRoa0pLZ2QyNHNTUAo3cFVaN3g5R3FvcHVSYUtlTVdJdC8wa0NBd0VBQWFOV01GUXdEZ1lEVlIwUEFRSC9CQVFEQWdXZ01CTUdBMVVkCkpRUU1NQW9HQ0NzR0FRVUZCd01DTUF3R0ExVWRFd0VCL3dRQ01BQXdId1lEVlIwakJCZ3dGb0FVTzlERXMyY1EKVnMySEtwZk5oaVpjbi9UOWdEVXdEUVlKS29aSWh2Y05BUUVMQlFBRGdnSUJBSGUrb2xENXk5a3h2WjV0T0JIMgpwT3RVdzRqUXRHVjZiNzhHOTJZWnJld2RpcjdBTmQ1UTFkUGpVWFR4QWREalVxdjN0UXpESUVOdFIxZkU0QjJrCmV3VlJzMDdJaHBrWDVNb3BUOTFXSml1eC9QNDgwd2dkMjdRdG5RelVDd3QwZkNXYTJ1VUxwZTF3aDRJZ21pV2oKd2ZON2lOMDZSQWR2dFpuRTJURGlNaEFDc1RGQzdxeTlKaXZVbkFhd04rTVh3b2dpb0ttVEcxZm1DTlovK1JuUQpyenhNbFhRRVd0R2doUFpxd3FOS1ptV1JBRTJFUUcxekVOV3NWWUFOYjBVNXpuWmRFMmp0b3FHU1hJV09SL29wCnIrNU5UL0wweGJBTWJZRWNmeEFNejZGM0RxMkZDTllUaWdVTGV4bDlVMWE4VFJENDg3VGV0UHEzNTdTYjNpS0UKT3cxS2tCT0M4c3lLN1dJVGR3eEU0Y0lCejZxS2N5S2NYM3hxTFJ2UjhYL3FHblkzVG5sQ3hxTFl2L1FuMklIaApSUlZyL1dkeTVzeEppL0Z5aFJULzVxdCt1MUFRSmI5UVhCQWRRbzZndHNub1ZoZGoxbjJxTi95djh3KzdIRVg4CjBmeHNFaUcvRmMvbHQ5Vm84RTQwWEhkYmV3K2tMdlBoZ0dOSVlHTVlUUnVqdFJHbnA1RmNLVFdLT1FsQkVmU1AKaXRsRWJuUHdCa2xNT0dmNk1yOVFFNHNtRjR5cHFuNE5ONTJWbGF6TzAxRFJwTkNhemgwVWZ0Smd3bmxObWJ5MAphSkhkMnpySEtGbUdQYk9JUmp0YjQ1Uk5YTWJVSXR0c1p3cldiSlZ1MmJQRjdMYjlOL1ZHdlhBMzVETlpyakM0CnU5SVFkOXZLOU9qMkcyV0ZPWFE4Q29abgotLS0tLUVORCBDRVJUSUZJQ0FURS0tLS0tCg==",
                "client_key": "LS0tLS1CRUdJTiBSU0EgUFJJVkFURSBLRVktLS0tLQpNSUlKS0FJQkFBS0NBZ0VBNmxuV0EraTR3M3NKdHp2azdiYSthR1NDMEtVTUZDNWFjeGxDTTk5UUpZY0JKdURZCm1jWmg4ZUZhYnRGR3ZEOG5DcmlDa1VmU1dFQzdBMTVqcVY1WmVhSlBEQlR3VFl1cnNmL1RKOG1nMDFhd1JCN1MKZTRtb2t3dlJtNWhOb2lNWkhCRHFJZVF1OW5KZVJXRURSYmVLeHRCWUdPNWI4Mm1vVTM0eHlDME45M1BzQTB0KwpvWTkyOUFmMElRQmUzOGY1cXR4ZjVDL2M1VC9JRXhSUFNibFZ2Z1RnRnd2TnFIUXhvdklBZ1pnalZRODlRc3NUClY2SDNwVVpBQlV4YXhXcFFqdisycytST3V6SnhqVnJoSW56dEs0QkduVWZTME5BK3hkc1dRRFZSdEdzRFZkQjYKUmNpdkVBRFY1ZGFXUHNhYTZYQXc5S0dRSzJ4UFk0NzFyeFlxNUdWM3licmxwWGFEL1hlTzgzWmZva01OSnVoNgpWdGZlS0tyN0Q5WTJqUHJVUER3am13dUdkUCtjWmlhU3ArT0Q4cVBWVngzQ0pVWUpITmFnZlc5ODVtenU2c2U5CjFUbW1LSy93bXhWeXdKLzVJUUU3bXhDS244Q1ZWVjNSYkRSb3JoNFhTbTVoemtUT1RDQWt6TW51OVFyVWRrSloKZXo5MlhoZFhYMHJqN2VuOGZJVzBqQll4ZFAyZWxINW5taTJWTU5kcFRSY2VnMm5xaTRnRlBNMEd1ODdES3ptSwoxdE1EeUwxVlEvM0s3QUFqWGgxV1pxQ2RDaUlBb2RSVmRoQ2p6NSsvc0E1ZkwzQ3VYMGVNNXRFOWtlN0E2Rmk2CnpzbGVxTFlDczAwM3h1TmtrUW9JY1NpczRoa0pLZ2QyNHNTUDdwVVo3eDlHcW9wdVJhS2VNV0l0LzBrQ0F3RUEKQVFLQ0FnQm9TNVBlQ0gvVjY1ZCsxeWFDanA0OTJtR0hsclNCOU1FblVUbnYyUFlUeFhvRFFmVFR0d0RYQTNwYQpNRVFCT2ovWFd4Y3NyZUNVaXpaUGdQM3NuZ05IQ1MrUnltM0pyUnU3NjRVZlEzSVNMQlhsTXl4c2MyNjFCb0VCCjlLMjBOMWVROEl3cWlpRkdaODdCcExPdW5za2h3dzQ2QmphZzVVaFc1Q1ltbHJxTkFxZXFMYnFORDBxYXYwRnMKUUh4NHJraFVQS0JtYnRDcHJCR1FRQzByTzlMSGJ1Y0dDcWc3ekg1Y3JNUUI2T0hzbEl3b2dqVTQvbW0yd2NWegpOakI5aEZ1VzBJSVFuRTVYckZMeDNGeXVteGQ0RVM0Y0NCOXY5QVhEeTBXalRMZHdpbUdoR3RlWDRBRGRKK29KCjBFN3NZRG9JSXZoK25ycUpRTG95TGlqMEEzTVJlVjFrTnowQnFMQjhnTnhVMlM1ZzZML08wMmQ4S29idmlkL1oKQXJ5QVIyazNqUTBPMXpONlMyTU1IUXZKQUJ6bmcxYjd0OHp2Yks2UGNKYWZ4clZmL3JvQ0ZIOEhENTZUeC9WYgo5cXdXSW5Gc1YzajM1T21aaTdlMjJwSW8zcDU2NWx3dVROQ2NUdVorWHJ6OVRUSzFhUmZSV0tVcFFXemVDUXVGCnk2azVaVXVVbmwwLzBnTlZCejdIT1NZL0pxVldVRkM2UXNIWDdiWkdVczNCOWlBdTlLTWdEUEtTN1JtV21oZGMKaTdqTGp2TWJ5WFJyVlM3bXRFcS9nelYvOFdNZnk4NEh2ZDJuZ1lGeEJKVW1xdFZWVVVDOEMvdVlQbTRUL3JnTQovcElxYlRxc3ZHTFROUEV4UXhac29wNVF2SHh1QnErUm4yN3lOclZZOXZVaWw2RmRtd0tDQVFFQS9VOHNIY0U4CmpYNXc3bUpVSUFEclZlcDlNbzdKTE5EeDRMN3hJU0xGSkNSK29yeVM4NmdCTlUwQVZBUzhDdnFDL0J6WERRd1oKcEFPQWMxRkZrcGhRbmxOQm9ZRU5SZXBrbEk3eE9wNURLUGdIN0w2RStMRlBheWk4TXZTTURBOW10L2F3ZjdDdgo5c3BHQStDalpWME5XSXQxVkRwNnJLbUVrNUdrYy9wU1BVSkJWLy96S3NsbVIxb1FRbUw2YnJKcXMyMVhYeDF1CnpmODhXRDZrRzRxNW9PZDNCeW9aVmNsWXVZOXd1VkNjTXJXUmhEWnNmZ3hudGE4SWtLbVNUR00xbWlPTmZkR1MKajd4aEtjZ2dlSHlxUEZmWnBNOEhDenFQL1lDcDA1cURuQWJWM2szVklJZlJCTC9YMEIvd3RwZllhQmZDVnQ2SQpvbFhvUmJQdFA1TGxLd0tDQVFFQTdOY2NKaXQ0MGxLVWp6MmsyVzcwdWJRYTBPbGlncmNTOXBDbmMyeDdtS2RaCmx1d0ZMQ3dWRE9teVI2QWUwTjd0NWxkMGFCdlJ4S3BtMEtWNURwTXJxTUNDVStyWmorNWhidllKeWd3di9pSVEKQnZ0d2hvOWdCa2NwdDIzdXN2QURqRm52MlJWTTJJRUd1aWZ4VW84ZUNzclpmWHU2MGdEeFVicU1rYVNMVk5kMQp3TzB0aXAxWkM1d29Od21LZmh3NXQ2RWczaG5JUTdsaVkvTjU3MFVxKzBMcHkwakdjZHlYRExydWV2Nkw1TE0rCkJuY0pHV2Rua3lIRTR5cUZkZ2VIM2U0RFBXR2o0K2gxM1FKUVd1THFWVzNCUnZ4c21JUEY1R09lSnA3Q1pCanUKY1RlcWg0WlNFNGVwNGVUakhoWkNGQXk2RDM0ZU51YVI5a1R6b09FYld3S0NBUUVBMklWYlRWZkdmWi9Od2taMAphQ0xCQm1CNGdjWEJPamlqK0JyZW5CZFBjZlJyOW9qQUI5dmNwSVhjT1BVUEUwZE12Vm1kakw2Q0VFc1orZmhIClF1WkZTd0FaZ29hQUpQb1UzVk5ONlhBc01oSEpIRmxCNmg0TnA2aGJMaWNRcXFKamgrNHFzZ3NDYmk0NktNaFUKZ3FsR1ppQld1eGQ5a3FjWDl0ZXdQWjZEdTI4dDBaMnJhakJhNTdTWlgxV2hnUXVxM3hJZ2MrSUJ1NzFuQkhzTwo1YWZ2d2hUNERqeXpDVHdoUmdQUk0rWXVqYjNiMDZwOWxFVGdSVkdIUGJoa29EelJMWjhrSzU3KzZ6UDN6YklOCjUwK1FhQ0lqbkplR0N0Z1ZDbmgzTWJQS3VZeXlOT0pNd2hDMTNweHBTYkp6bkhBdy85RUhRaC9YcFFOUGxuMFUKMTVtbG53S0NBUUJ5VUNFMkN5VjEzb1gxM1RzRDk1b0hSL2JwZnJ3ZGUxK2J3cFlRRC94WDRlNUwrZjlGSXNIRwpTY1hTN0dYelNxWm8xeTFJVXFVYzEySm9zbldMbzEwZlJrdWhWV2xOSHpISDdOa3N2RlV0eENNWU82UkVUazk2CnVENWFXcVVybU0wZG9Rc3pMQ1M3R3d1MExqTThOZmU2SGM1NzBveUpjQXNKOTVDQmUzb0VxVG9jdEYyVzJmdHcKcng1NThoRDJiWWt1S0lkRXJBME5JeDFxUU1wSndvak1YYSthZnJYSm56OEkxZkRsVEpjWSs2cWtWREFBSXZqSworekdjczVsWExxdFZZdHdOZEdNMlRhMFZ6MWdaaGd5MHp4VEt2bXRyOGE1Q1hoS25jVmxDRndaL2Z1N0FHd1RpCmlFaG16Nk1Qa282eVBySlBhQUFOWDV4ejBUUUdJcUNoQW9JQkFINlhkWTFxWjdMTnpUM0V5clA2TWlROW5PZU0KR3dRSE9vK1Z2OTZsM3MyZ1o3ZzBoWEZQRThWbVlFN1ZKK1NGU2xoQ2lWdGZOdlRJREhXUVRtYWV6RjI3UGdQSwovd3NsbkhubU53dkQvcGdhKzdNRXZyaVo3dlF1Zys0Si9CcFRTQ0RBc3hMSHY2TU1FQWJyZ2tKc0tGdFBzdEVZCjhMa2twQjdZamd1OHUwRnk4MlVhbENWcGR6R0Z3VzF4QUhrRWd4Rnpxd1pKWUZodFNFK1RhaDJwLzVhOVNmekgKWWc3eTNQbkJ6dTduSllkVXQ2SFVjNzNKU3hVNUZoaFhFNjFzTUgwSGlmMVE4VHJsbCtWU0l5R2dnQXY5ZEN5NApodjBoN2hkazFYTmJhdDIvQzhDbFRPU3FONEIzUitXS3dUR2lva3ZHaGsyK0pZQkdsekwwbTFBSHBEbz0KLS0tLS1FTkQgUlNBIFBSSVZBVEUgS0VZLS0tLS0K",
                "cluster_ca_certificate": "LS0tLS1CRUdJTiBDRVJUSUZJQ0FURS0tLS0tCk1JSUU2VENDQXRHZ0F3SUJBZ0lSQUpIUk9ET3JzclNJZnM4RDJsc04vYXN3RFFZSktvWklodmNOQVFFTEJRQXcKRFRFTE1Ba0dBMVVFQXhNQ1kyRXdJQmNOTWpVd056SXpNak13TWpFd1doZ1BNakExTlRBM01qTXlNekV5TVRCYQpNQTB4Q3pBSkJnTlZCQU1UQW1OaE1JSUNJakFOQmdrcWhraUc5dzBCQVFFRkFBT0NBZzhBTUlJQ0NnS0NBZ0VBCm9XWFBQSGQ2NUZHd3VOUWUxaGlPand0akMwRys2Ui9DNkhiMGVGdzloN2tKQk1relJndlVoWUJVcEUySG1WODQKMjF6WlJnaHJEYVlEdlNEbEY0cWlmb3pTVHhtYjk4QjhKTlF3Q29BaVdkZlAraWVORWpaczZVYlhtN0NPVEZRSgpDci9NamFBTnRUMTNYbFU2dXlqNUNsVUNiUDcyam5GRURRMFhOK2JDZXNxS3JTWGVQdllDWWx0M2NXMTVIR2xkCmErdno0K1Y2dDJpQTBjeU82SVF5TU5oRUZ2c3I0NUhHaGVTZ2xzK0VwTjZocWtHUENxS0RLRVlzUXU3eDRPeU4KeWpTeFpDNFZxelh4WHhGQmE1U1d4cHk3LzlOc3M2VW1Id0h4ejg1QlgzL0kvUW9WQjJqcTlxRW1nZVdDbk56SwpieVY2ckdTbjRLbnFVMTBVaFJwdVBHNlhEWEZlQTYrMWMwOGpITGJPY2pEbzA4bWtVQnlJazZuL3FQMmg3YmpICmxKT1lma1lDekVzQjhkaWp5UXRtZW9DTUF0V1dJMlM1eHEzamdJcDl2ZStNR2k1V1JJalJZRTZRUHJRTGp2VGEKcVNGNGVvZHBDRDBEN291VmRHNktGWWtjeGxDZmY4TDZKVlFpRSt3N3NsR0k3a0ZEcUhLalp2cmxqL2lOL0VsRwpEVVhucG1YZEFUaDkyaHlXL2s5c3RGS3RhMm1QRUZiVys1UHBQdVArUm5kZkZpSk1aTzFxYTAvUnM5Vzl0MmRQCmZLSytXTXpzYkdTN1NiaGhKb3YzdUY0MjdBb09hai9FMFhaTStiTUkrbkdYYW1BdkJMc3lZazU2UE1xdjQxSm8KYzNibVZ5VExwR3FNWFovb24xc2kvUWVraERVM1psT1JJQlozN1lPbXFzVUNBd0VBQWFOQ01FQXdEZ1lEVlIwUApBUUgvQkFRREFnS2tNQThHQTFVZEV3RUIvd1FGTUFNQkFmOHdIUVlEVlIwT0JCWUVGRHZReExObkVGYk5oeXFYCnpZWW1YSi8wL1lBMU1BMEdDU3FHU0liM0RRRUJDd1VBQTRJQ0FRQ1I4aWxDWFVvZGVBNTErRzhXSnozbDBweVMKWnU3VDRuSHhLWnlGQjBocmJPYjh0aXJCUkxVMzY0eEhHd0dpNGx5L1JpN1lyUkp1bVh0OW5CS2pOMWIyaERZMApFR09QN1Eyb2FtOTNaQTBvU3RndWhrNVRRTXA1TWJ2b1RXYnh5T3pjeFVudjJnS3Z1TmRrc3ZyVEF2N3dNeDFUCkwzd1p4L01ZMlR5d3VqcUl5MXNyM0dvUjJ3U1lnVXM0Z25CYno3aDV4cVlYQkJNYTdWWk9NNW90ZDZpNXpGY3UKVG5MQy9va1c0Q29HbWczQnplUUs2WDhJUk8vNk9YeDFMMWNKTm9nbStSek1NZFZnRTJpTFc2Z3ljWHhrQ3RPcwo1Yk1jMU43Z2lVbnJwWmIwZm8rZXB6dE5HaHF2SDNodnM1eXd0NndWQkF4Sk5Bc1BsdXc3STRKdE9HcDZvbVFWCnNIUk53Vml1VTlPL0tFSThEdGVRc3UyV1c0SmJaT2YyWVpSVnhQZ3V0a0VEMUhvYS83TnZ1cUtnV2h1VXJMaUkKamhIeHFBYUp1R29nTTA1WGhIZ1NETEVuZDIrYUQ0QUM2OUlRYm9lWUFPblorSUYyV3VaK3ljV0FVcFB3V1VBUgo4cTFlNWJrK0dEQndvUGdCVnZsZHIvaVQrdDZINzM3REdGeFhrNWpsdkVTTkIzaXc2V2hkV0J3Rm5wbzJjSy95ClZYbUd2VU9LZXZBdGtHYnpyU1VBcEFtSm9BblJYYWVUU1krS2JjaDVndHdiTUd5dy9JUmJRS3JKRWgrWFh0VDUKQk1DRG9vV3RGbWVEN0ZXOEtqbHNaWHFzTWhLNlhwSndnNCtvYndyUnlQWFVsczB4aGFMMFFwb2t4TnFheDVsdwp6eXZaOTdJcmsvMWxJdVZWMUE9PQotLS0tLUVORCBDRVJUSUZJQ0FURS0tLS0tCg==",
                "host": "https://aks-z24nqzmw.hcp.westeurope.azmk8s.io:443",
                "password": "nkslt6str6448gqhfzjgttctcqefvenaf5eei27s0spoiz5h2gyagcknfa0wvfbzq0kv8nzja89czoagb6nndwqknyu7koyww8kv8b51dyfdgxkq77dp9wtseyyc9v99",
                "username": "clusterUser_aviatrix-transit-rg_aks-cluster"
              }
            ],
            "kube_config_raw": "apiVersion: v1\nclusters:\n- cluster:\n    certificate-authority-data: LS0tLS1CRUdJTiBDRVJUSUZJQ0FURS0tLS0tCk1JSUU2VENDQXRHZ0F3SUJBZ0lSQUpIUk9ET3JzclNJZnM4RDJsc04vYXN3RFFZSktvWklodmNOQVFFTEJRQXcKRFRFTE1Ba0dBMVVFQXhNQ1kyRXdJQmNOTWpVd056SXpNak13TWpFd1doZ1BNakExTlRBM01qTXlNekV5TVRCYQpNQTB4Q3pBSkJnTlZCQU1UQW1OaE1JSUNJakFOQmdrcWhraUc5dzBCQVFFRkFBT0NBZzhBTUlJQ0NnS0NBZ0VBCm9XWFBQSGQ2NUZHd3VOUWUxaGlPand0akMwRys2Ui9DNkhiMGVGdzloN2tKQk1relJndlVoWUJVcEUySG1WODQKMjF6WlJnaHJEYVlEdlNEbEY0cWlmb3pTVHhtYjk4QjhKTlF3Q29BaVdkZlAraWVORWpaczZVYlhtN0NPVEZRSgpDci9NamFBTnRUMTNYbFU2dXlqNUNsVUNiUDcyam5GRURRMFhOK2JDZXNxS3JTWGVQdllDWWx0M2NXMTVIR2xkCmErdno0K1Y2dDJpQTBjeU82SVF5TU5oRUZ2c3I0NUhHaGVTZ2xzK0VwTjZocWtHUENxS0RLRVlzUXU3eDRPeU4KeWpTeFpDNFZxelh4WHhGQmE1U1d4cHk3LzlOc3M2VW1Id0h4ejg1QlgzL0kvUW9WQjJqcTlxRW1nZVdDbk56SwpieVY2ckdTbjRLbnFVMTBVaFJwdVBHNlhEWEZlQTYrMWMwOGpITGJPY2pEbzA4bWtVQnlJazZuL3FQMmg3YmpICmxKT1lma1lDekVzQjhkaWp5UXRtZW9DTUF0V1dJMlM1eHEzamdJcDl2ZStNR2k1V1JJalJZRTZRUHJRTGp2VGEKcVNGNGVvZHBDRDBEN291VmRHNktGWWtjeGxDZmY4TDZKVlFpRSt3N3NsR0k3a0ZEcUhLalp2cmxqL2lOL0VsRwpEVVhucG1YZEFUaDkyaHlXL2s5c3RGS3RhMm1QRUZiVys1UHBQdVArUm5kZkZpSk1aTzFxYTAvUnM5Vzl0MmRQCmZLSytXTXpzYkdTN1NiaGhKb3YzdUY0MjdBb09hai9FMFhaTStiTUkrbkdYYW1BdkJMc3lZazU2UE1xdjQxSm8KYzNibVZ5VExwR3FNWFovb24xc2kvUWVraERVM1psT1JJQlozN1lPbXFzVUNBd0VBQWFOQ01FQXdEZ1lEVlIwUApBUUgvQkFRREFnS2tNQThHQTFVZEV3RUIvd1FGTUFNQkFmOHdIUVlEVlIwT0JCWUVGRHZReExObkVGYk5oeXFYCnpZWW1YSi8wL1lBMU1BMEdDU3FHU0liM0RRRUJDd1VBQTRJQ0FRQ1I4aWxDWFVvZGVBNTErRzhXSnozbDBweVMKWnU3VDRuSHhLWnlGQjBocmJPYjh0aXJCUkxVMzY0eEhHd0dpNGx5L1JpN1lyUkp1bVh0OW5CS2pOMWIyaERZMApFR09QN1Eyb2FtOTNaQTBvU3RndWhrNVRRTXA1TWJ2b1RXYnh5T3pjeFVudjJnS3Z1TmRrc3ZyVEF2N3dNeDFUCkwzd1p4L01ZMlR5d3VqcUl5MXNyM0dvUjJ3U1lnVXM0Z25CYno3aDV4cVlYQkJNYTdWWk9NNW90ZDZpNXpGY3UKVG5MQy9va1c0Q29HbWczQnplUUs2WDhJUk8vNk9YeDFMMWNKTm9nbStSek1NZFZnRTJpTFc2Z3ljWHhrQ3RPcwo1Yk1jMU43Z2lVbnJwWmIwZm8rZXB6dE5HaHF2SDNodnM1eXd0NndWQkF4Sk5Bc1BsdXc3STRKdE9HcDZvbVFWCnNIUk53Vml1VTlPL0tFSThEdGVRc3UyV1c0SmJaT2YyWVpSVnhQZ3V0a0VEMUhvYS83TnZ1cUtnV2h1VXJMaUkKamhIeHFBYUp1R29nTTA1WGhIZ1NETEVuZDIrYUQ0QUM2OUlRYm9lWUFPblorSUYyV3VaK3ljV0FVcFB3V1VBUgo4cTFlNWJrK0dEQndvUGdCVnZsZHIvaVQrdDZINzM3REdGeFhrNWpsdkVTTkIzaXc2V2hkV0J3Rm5wbzJjSy95ClZYbUd2VU9LZXZBdGtHYnpyU1VBcEFtSm9BblJYYWVUU1krS2JjaDVndHdiTUd5dy9JUmJRS3JKRWgrWFh0VDUKQk1DRG9vV3RGbWVEN0ZXOEtqbHNaWHFzTWhLNlhwSndnNCtvYndyUnlQWFVsczB4aGFMMFFwb2t4TnFheDVsdwp6eXZaOTdJcmsvMWxJdVZWMUE9PQotLS0tLUVORCBDRVJUSUZJQ0FURS0tLS0tCg==\n    server: https://aks-z24nqzmw.hcp.westeurope.azmk8s.io:443\n  name: aks-cluster\ncontexts:\n- context:\n    cluster: aks-cluster\n    user: clusterUser_aviatrix-transit-rg_aks-cluster\n  name: aks-cluster\ncurrent-context: aks-cluster\nkind: Config\npreferences: {}\nusers:\n- name: clusterUser_aviatrix-transit-rg_aks-cluster\n  user:\n    client-certificate-data: LS0tLS1CRUdJTiBDRVJUSUZJQ0FURS0tLS0tCk1JSUZIakNDQXdhZ0F3SUJBZ0lSQU1Ic1NKWWtTaktobThobEF3bXdkWEl3RFFZSktvWklodmNOQVFFTEJRQXcKRFRFTE1Ba0dBMVVFQXhNQ1kyRXdIaGNOTWpVd056SXpNak13TWpFd1doY05NamN3TnpJek1qTXhNakV3V2pBdwpNUmN3RlFZRFZRUUtFdzV6ZVhOMFpXMDZiV0Z6ZEdWeWN6RVZNQk1HQTFVRUF4TU1iV0Z6ZEdWeVkyeHBaVzUwCk1JSUNJakFOQmdrcWhraUc5dzBCQVFFRkFBT0NBZzhBTUlJQ0NnS0NBZ0VBNmxuV0EraTR3M3NKdHp2azdiYSsKYUdTQzBLVU1GQzVhY3hsQ005OVFKWWNCSnVEWW1jWmg4ZUZhYnRGR3ZEOG5DcmlDa1VmU1dFQzdBMTVqcVY1WgplYUpQREJUd1RZdXJzZi9USjhtZzAxYXdSQjdTZTRtb2t3dlJtNWhOb2lNWkhCRHFJZVF1OW5KZVJXRURSYmVLCnh0QllHTzViODJtb1UzNHh5QzBOOTNQc0EwdCtvWTkyOUFmMElRQmUzOGY1cXR4ZjVDL2M1VC9JRXhSUFNibFYKdmdUZ0Z3dk5xSFF4b3ZJQWdaZ2pWUTg5UXNzVFY2SDNwVVpBQlV4YXhXcFFqdisycytST3V6SnhqVnJoSW56dApLNEJHblVmUzBOQSt4ZHNXUURWUnRHc0RWZEI2UmNpdkVBRFY1ZGFXUHNhYTZYQXc5S0dRSzJ4UFk0NzFyeFlxCjVHVjN5YnJscFhhRC9YZU84M1pmb2tNTkp1aDZWdGZlS0tyN0Q5WTJqUHJVUER3am13dUdkUCtjWmlhU3ArT0QKOHFQVlZ4M0NKVVlKSE5hZ2ZXOTg1bXp1NnNlOTFUbW1LSy93bXhWeXdKLzVJUUU3bXhDS244Q1ZWVjNSYkRSbwpyaDRYU201aHprVE9UQ0Frek1udTlRclVka0paZXo5MlhoZFhYMHJqN2VuOGZJVzBqQll4ZFAyZWxINW5taTJWCk1OZHBUUmNlZzJucWk0Z0ZQTTBHdTg3REt6bUsxdE1EeUwxVlEvM0s3QUFqWGgxV1pxQ2RDaUlBb2RSVmRoQ2oKejUrL3NBNWZMM0N1WDBlTTV0RTlrZTdBNkZpNnpzbGVxTFlDczAwM3h1TmtrUW9JY1NpczRoa0pLZ2QyNHNTUAo3cFVaN3g5R3FvcHVSYUtlTVdJdC8wa0NBd0VBQWFOV01GUXdEZ1lEVlIwUEFRSC9CQVFEQWdXZ01CTUdBMVVkCkpRUU1NQW9HQ0NzR0FRVUZCd01DTUF3R0ExVWRFd0VCL3dRQ01BQXdId1lEVlIwakJCZ3dGb0FVTzlERXMyY1EKVnMySEtwZk5oaVpjbi9UOWdEVXdEUVlKS29aSWh2Y05BUUVMQlFBRGdnSUJBSGUrb2xENXk5a3h2WjV0T0JIMgpwT3RVdzRqUXRHVjZiNzhHOTJZWnJld2RpcjdBTmQ1UTFkUGpVWFR4QWREalVxdjN0UXpESUVOdFIxZkU0QjJrCmV3VlJzMDdJaHBrWDVNb3BUOTFXSml1eC9QNDgwd2dkMjdRdG5RelVDd3QwZkNXYTJ1VUxwZTF3aDRJZ21pV2oKd2ZON2lOMDZSQWR2dFpuRTJURGlNaEFDc1RGQzdxeTlKaXZVbkFhd04rTVh3b2dpb0ttVEcxZm1DTlovK1JuUQpyenhNbFhRRVd0R2doUFpxd3FOS1ptV1JBRTJFUUcxekVOV3NWWUFOYjBVNXpuWmRFMmp0b3FHU1hJV09SL29wCnIrNU5UL0wweGJBTWJZRWNmeEFNejZGM0RxMkZDTllUaWdVTGV4bDlVMWE4VFJENDg3VGV0UHEzNTdTYjNpS0UKT3cxS2tCT0M4c3lLN1dJVGR3eEU0Y0lCejZxS2N5S2NYM3hxTFJ2UjhYL3FHblkzVG5sQ3hxTFl2L1FuMklIaApSUlZyL1dkeTVzeEppL0Z5aFJULzVxdCt1MUFRSmI5UVhCQWRRbzZndHNub1ZoZGoxbjJxTi95djh3KzdIRVg4CjBmeHNFaUcvRmMvbHQ5Vm84RTQwWEhkYmV3K2tMdlBoZ0dOSVlHTVlUUnVqdFJHbnA1RmNLVFdLT1FsQkVmU1AKaXRsRWJuUHdCa2xNT0dmNk1yOVFFNHNtRjR5cHFuNE5ONTJWbGF6TzAxRFJwTkNhemgwVWZ0Smd3bmxObWJ5MAphSkhkMnpySEtGbUdQYk9JUmp0YjQ1Uk5YTWJVSXR0c1p3cldiSlZ1MmJQRjdMYjlOL1ZHdlhBMzVETlpyakM0CnU5SVFkOXZLOU9qMkcyV0ZPWFE4Q29abgotLS0tLUVORCBDRVJUSUZJQ0FURS0tLS0tCg==\n    client-key-data: LS0tLS1CRUdJTiBSU0EgUFJJVkFURSBLRVktLS0tLQpNSUlKS0FJQkFBS0NBZ0VBNmxuV0EraTR3M3NKdHp2azdiYSthR1NDMEtVTUZDNWFjeGxDTTk5UUpZY0JKdURZCm1jWmg4ZUZhYnRGR3ZEOG5DcmlDa1VmU1dFQzdBMTVqcVY1WmVhSlBEQlR3VFl1cnNmL1RKOG1nMDFhd1JCN1MKZTRtb2t3dlJtNWhOb2lNWkhCRHFJZVF1OW5KZVJXRURSYmVLeHRCWUdPNWI4Mm1vVTM0eHlDME45M1BzQTB0KwpvWTkyOUFmMElRQmUzOGY1cXR4ZjVDL2M1VC9JRXhSUFNibFZ2Z1RnRnd2TnFIUXhvdklBZ1pnalZRODlRc3NUClY2SDNwVVpBQlV4YXhXcFFqdisycytST3V6SnhqVnJoSW56dEs0QkduVWZTME5BK3hkc1dRRFZSdEdzRFZkQjYKUmNpdkVBRFY1ZGFXUHNhYTZYQXc5S0dRSzJ4UFk0NzFyeFlxNUdWM3licmxwWGFEL1hlTzgzWmZva01OSnVoNgpWdGZlS0tyN0Q5WTJqUHJVUER3am13dUdkUCtjWmlhU3ArT0Q4cVBWVngzQ0pVWUpITmFnZlc5ODVtenU2c2U5CjFUbW1LSy93bXhWeXdKLzVJUUU3bXhDS244Q1ZWVjNSYkRSb3JoNFhTbTVoemtUT1RDQWt6TW51OVFyVWRrSloKZXo5MlhoZFhYMHJqN2VuOGZJVzBqQll4ZFAyZWxINW5taTJWTU5kcFRSY2VnMm5xaTRnRlBNMEd1ODdES3ptSwoxdE1EeUwxVlEvM0s3QUFqWGgxV1pxQ2RDaUlBb2RSVmRoQ2p6NSsvc0E1ZkwzQ3VYMGVNNXRFOWtlN0E2Rmk2CnpzbGVxTFlDczAwM3h1TmtrUW9JY1NpczRoa0pLZ2QyNHNTUDdwVVo3eDlHcW9wdVJhS2VNV0l0LzBrQ0F3RUEKQVFLQ0FnQm9TNVBlQ0gvVjY1ZCsxeWFDanA0OTJtR0hsclNCOU1FblVUbnYyUFlUeFhvRFFmVFR0d0RYQTNwYQpNRVFCT2ovWFd4Y3NyZUNVaXpaUGdQM3NuZ05IQ1MrUnltM0pyUnU3NjRVZlEzSVNMQlhsTXl4c2MyNjFCb0VCCjlLMjBOMWVROEl3cWlpRkdaODdCcExPdW5za2h3dzQ2QmphZzVVaFc1Q1ltbHJxTkFxZXFMYnFORDBxYXYwRnMKUUh4NHJraFVQS0JtYnRDcHJCR1FRQzByTzlMSGJ1Y0dDcWc3ekg1Y3JNUUI2T0hzbEl3b2dqVTQvbW0yd2NWegpOakI5aEZ1VzBJSVFuRTVYckZMeDNGeXVteGQ0RVM0Y0NCOXY5QVhEeTBXalRMZHdpbUdoR3RlWDRBRGRKK29KCjBFN3NZRG9JSXZoK25ycUpRTG95TGlqMEEzTVJlVjFrTnowQnFMQjhnTnhVMlM1ZzZML08wMmQ4S29idmlkL1oKQXJ5QVIyazNqUTBPMXpONlMyTU1IUXZKQUJ6bmcxYjd0OHp2Yks2UGNKYWZ4clZmL3JvQ0ZIOEhENTZUeC9WYgo5cXdXSW5Gc1YzajM1T21aaTdlMjJwSW8zcDU2NWx3dVROQ2NUdVorWHJ6OVRUSzFhUmZSV0tVcFFXemVDUXVGCnk2azVaVXVVbmwwLzBnTlZCejdIT1NZL0pxVldVRkM2UXNIWDdiWkdVczNCOWlBdTlLTWdEUEtTN1JtV21oZGMKaTdqTGp2TWJ5WFJyVlM3bXRFcS9nelYvOFdNZnk4NEh2ZDJuZ1lGeEJKVW1xdFZWVVVDOEMvdVlQbTRUL3JnTQovcElxYlRxc3ZHTFROUEV4UXhac29wNVF2SHh1QnErUm4yN3lOclZZOXZVaWw2RmRtd0tDQVFFQS9VOHNIY0U4CmpYNXc3bUpVSUFEclZlcDlNbzdKTE5EeDRMN3hJU0xGSkNSK29yeVM4NmdCTlUwQVZBUzhDdnFDL0J6WERRd1oKcEFPQWMxRkZrcGhRbmxOQm9ZRU5SZXBrbEk3eE9wNURLUGdIN0w2RStMRlBheWk4TXZTTURBOW10L2F3ZjdDdgo5c3BHQStDalpWME5XSXQxVkRwNnJLbUVrNUdrYy9wU1BVSkJWLy96S3NsbVIxb1FRbUw2YnJKcXMyMVhYeDF1CnpmODhXRDZrRzRxNW9PZDNCeW9aVmNsWXVZOXd1VkNjTXJXUmhEWnNmZ3hudGE4SWtLbVNUR00xbWlPTmZkR1MKajd4aEtjZ2dlSHlxUEZmWnBNOEhDenFQL1lDcDA1cURuQWJWM2szVklJZlJCTC9YMEIvd3RwZllhQmZDVnQ2SQpvbFhvUmJQdFA1TGxLd0tDQVFFQTdOY2NKaXQ0MGxLVWp6MmsyVzcwdWJRYTBPbGlncmNTOXBDbmMyeDdtS2RaCmx1d0ZMQ3dWRE9teVI2QWUwTjd0NWxkMGFCdlJ4S3BtMEtWNURwTXJxTUNDVStyWmorNWhidllKeWd3di9pSVEKQnZ0d2hvOWdCa2NwdDIzdXN2QURqRm52MlJWTTJJRUd1aWZ4VW84ZUNzclpmWHU2MGdEeFVicU1rYVNMVk5kMQp3TzB0aXAxWkM1d29Od21LZmh3NXQ2RWczaG5JUTdsaVkvTjU3MFVxKzBMcHkwakdjZHlYRExydWV2Nkw1TE0rCkJuY0pHV2Rua3lIRTR5cUZkZ2VIM2U0RFBXR2o0K2gxM1FKUVd1THFWVzNCUnZ4c21JUEY1R09lSnA3Q1pCanUKY1RlcWg0WlNFNGVwNGVUakhoWkNGQXk2RDM0ZU51YVI5a1R6b09FYld3S0NBUUVBMklWYlRWZkdmWi9Od2taMAphQ0xCQm1CNGdjWEJPamlqK0JyZW5CZFBjZlJyOW9qQUI5dmNwSVhjT1BVUEUwZE12Vm1kakw2Q0VFc1orZmhIClF1WkZTd0FaZ29hQUpQb1UzVk5ONlhBc01oSEpIRmxCNmg0TnA2aGJMaWNRcXFKamgrNHFzZ3NDYmk0NktNaFUKZ3FsR1ppQld1eGQ5a3FjWDl0ZXdQWjZEdTI4dDBaMnJhakJhNTdTWlgxV2hnUXVxM3hJZ2MrSUJ1NzFuQkhzTwo1YWZ2d2hUNERqeXpDVHdoUmdQUk0rWXVqYjNiMDZwOWxFVGdSVkdIUGJoa29EelJMWjhrSzU3KzZ6UDN6YklOCjUwK1FhQ0lqbkplR0N0Z1ZDbmgzTWJQS3VZeXlOT0pNd2hDMTNweHBTYkp6bkhBdy85RUhRaC9YcFFOUGxuMFUKMTVtbG53S0NBUUJ5VUNFMkN5VjEzb1gxM1RzRDk1b0hSL2JwZnJ3ZGUxK2J3cFlRRC94WDRlNUwrZjlGSXNIRwpTY1hTN0dYelNxWm8xeTFJVXFVYzEySm9zbldMbzEwZlJrdWhWV2xOSHpISDdOa3N2RlV0eENNWU82UkVUazk2CnVENWFXcVVybU0wZG9Rc3pMQ1M3R3d1MExqTThOZmU2SGM1NzBveUpjQXNKOTVDQmUzb0VxVG9jdEYyVzJmdHcKcng1NThoRDJiWWt1S0lkRXJBME5JeDFxUU1wSndvak1YYSthZnJYSm56OEkxZkRsVEpjWSs2cWtWREFBSXZqSworekdjczVsWExxdFZZdHdOZEdNMlRhMFZ6MWdaaGd5MHp4VEt2bXRyOGE1Q1hoS25jVmxDRndaL2Z1N0FHd1RpCmlFaG16Nk1Qa282eVBySlBhQUFOWDV4ejBUUUdJcUNoQW9JQkFINlhkWTFxWjdMTnpUM0V5clA2TWlROW5PZU0KR3dRSE9vK1Z2OTZsM3MyZ1o3ZzBoWEZQRThWbVlFN1ZKK1NGU2xoQ2lWdGZOdlRJREhXUVRtYWV6RjI3UGdQSwovd3NsbkhubU53dkQvcGdhKzdNRXZyaVo3dlF1Zys0Si9CcFRTQ0RBc3hMSHY2TU1FQWJyZ2tKc0tGdFBzdEVZCjhMa2twQjdZamd1OHUwRnk4MlVhbENWcGR6R0Z3VzF4QUhrRWd4Rnpxd1pKWUZodFNFK1RhaDJwLzVhOVNmekgKWWc3eTNQbkJ6dTduSllkVXQ2SFVjNzNKU3hVNUZoaFhFNjFzTUgwSGlmMVE4VHJsbCtWU0l5R2dnQXY5ZEN5NApodjBoN2hkazFYTmJhdDIvQzhDbFRPU3FONEIzUitXS3dUR2lva3ZHaGsyK0pZQkdsekwwbTFBSHBEbz0KLS0tLS1FTkQgUlNBIFBSSVZBVEUgS0VZLS0tLS0K\n    token: nkslt6str6448gqhfzjgttctcqefvenaf5eei27s0spoiz5h2gyagcknfa0wvfbzq0kv8nzja89czoagb6nndwqknyu7koyww8kv8b51dyfdgxkq77dp9wtseyyc9v99\n",
            "kubelet_identity": [
              {
                "client_id": "45a53212-1ae4-4319-bef7-9497b295f2af",
                "object_id": "8ecfc145-7780-4b01-88dc-6d351774c6e1",
                "user_assigned_identity_id": "/subscriptions/7b15199c-09ec-4924-9493-d0452969667b/resourceGroups/MC_aviatrix-transit-rg_aks-cluster_westeurope/providers/Microsoft.ManagedIdentity/userAssignedIdentities/aks-cluster-agentpool"
              }
            ],
            "kubernetes_version": "1.32",
            "linux_profile": [],
            "local_account_disabled": false,
            "location": "westeurope",
            "maintenance_window": [],
            "maintenance_window_auto_upgrade": [],
            "maintenance_window_node_os": [],
            "microsoft_defender": [],
            "monitor_metrics": [],
            "name": "aks-cluster",
            "network_profile": [
              {
                "dns_service_ip": "172.20.0.10",
                "ip_versions": [
                  "IPv4"
                ],
                "load_balancer_profile": [
                  {
                    "backend_pool_type": "NodeIPConfiguration",
                    "effective_outbound_ips": [
                      "/subscriptions/7b15199c-09ec-4924-9493-d0452969667b/resourceGroups/MC_aviatrix-transit-rg_aks-cluster_westeurope/providers/Microsoft.Network/publicIPAddresses/8b6634bb-27c6-41ff-b0d6-2c1e892f742e"
                    ],
                    "idle_timeout_in_minutes": 0,
                    "managed_outbound_ip_count": 1,
                    "managed_outbound_ipv6_count": 0,
                    "outbound_ip_address_ids": [],
                    "outbound_ip_prefix_ids": [],
                    "outbound_ports_allocated": 0
                  }
                ],
                "load_balancer_sku": "standard",
                "nat_gateway_profile": [],
                "network_data_plane": "azure",
                "network_mode": "",
                "network_plugin": "azure",
                "network_plugin_mode": "",
                "network_policy": "azure",
                "outbound_type": "loadBalancer",
                "pod_cidr": "",
                "pod_cidrs": [],
                "service_cidr": "172.20.0.0/16",
                "service_cidrs": [
                  "172.20.0.0/16"
                ]
              }
            ],
            "node_os_upgrade_channel": "NodeImage",
            "node_resource_group": "MC_aviatrix-transit-rg_aks-cluster_westeurope",
            "node_resource_group_id": "/subscriptions/7b15199c-09ec-4924-9493-d0452969667b/resourceGroups/MC_aviatrix-transit-rg_aks-cluster_westeurope",
            "oidc_issuer_enabled": false,
            "oidc_issuer_url": "",
            "oms_agent": [],
            "open_service_mesh_enabled": null,
            "portal_fqdn": "aks-z24nqzmw.portal.hcp.westeurope.azmk8s.io",
            "private_cluster_enabled": false,
            "private_cluster_public_fqdn_enabled": false,
            "private_dns_zone_id": "",
            "private_fqdn": "",
            "resource_group_name": "aviatrix-transit-rg",
            "role_based_access_control_enabled": true,
            "run_command_enabled": true,
            "service_mesh_profile": [],
            "service_principal": [],
            "sku_tier": "Free",
            "storage_profile": [],
            "support_plan": "KubernetesOfficial",
            "tags": {},
            "timeouts": null,
            "upgrade_override": [],
            "web_app_routing": [],
            "windows_profile": [
              {
                "admin_password": "",
                "admin_username": "azureuser",
                "gmsa": [],
                "license": ""
              }
            ],
            "workload_autoscaler_profile": [],
            "workload_identity_enabled": false
          },
          "sensitive_attributes": [
            [
              {
                "type": "get_attr",
                "value": "kube_admin_config"
              }
            ],
            [
              {
                "type": "get_attr",
                "value": "kube_admin_config_raw"
              }
            ],
            [
              {
                "type": "get_attr",
                "value": "kube_config"
              }
            ],
            [
              {
                "type": "get_attr",
                "value": "kube_config_raw"
              }
            ],
            [
              {
                "type": "get_attr",
                "value": "windows_profile"
              },
              {
                "type": "index",
                "value": {
                  "value": 0,
                  "type": "number"
                }
              },
              {
                "type": "get_attr",
                "value": "admin_password"
              }
            ]
          ],
          "identity_schema_version": 0,
          "private": "eyJlMmJmYjczMC1lY2FhLTExZTYtOGY4OC0zNDM2M2JjN2M0YzAiOnsiY3JlYXRlIjo1NDAwMDAwMDAwMDAwLCJkZWxldGUiOjU0MDAwMDAwMDAwMDAsInJlYWQiOjMwMDAwMDAwMDAwMCwidXBkYXRlIjo1NDAwMDAwMDAwMDAwfSwic2NoZW1hX3ZlcnNpb24iOiIyIn0=",
          "dependencies": [
            "azurerm_resource_group.azure_rg",
            "azurerm_resource_group.azure_spoke_rg",
            "azurerm_subnet.azure_aks_node_subnet",
            "azurerm_virtual_network.azure_spoke_vnet"
          ]
        }
      ]
    },
    {
      "mode": "managed",
      "type": "azurerm_resource_group",
      "name": "azure_rg",
      "provider": "provider[\"registry.terraform.io/hashicorp/azurerm\"]",
      "instances": [
        {
          "schema_version": 0,
          "attributes": {
            "id": "/subscriptions/7b15199c-09ec-4924-9493-d0452969667b/resourceGroups/aviatrix-transit-rg",
            "location": "westeurope",
            "managed_by": "",
            "name": "aviatrix-transit-rg",
            "tags": {},
            "timeouts": null
          },
          "sensitive_attributes": [],
          "identity_schema_version": 0,
          "private": "eyJlMmJmYjczMC1lY2FhLTExZTYtOGY4OC0zNDM2M2JjN2M0YzAiOnsiY3JlYXRlIjo1NDAwMDAwMDAwMDAwLCJkZWxldGUiOjU0MDAwMDAwMDAwMDAsInJlYWQiOjMwMDAwMDAwMDAwMCwidXBkYXRlIjo1NDAwMDAwMDAwMDAwfX0="
        }
      ]
    },
    {
      "mode": "managed",
      "type": "azurerm_resource_group",
      "name": "azure_spoke_rg",
      "provider": "provider[\"registry.terraform.io/hashicorp/azurerm\"]",
      "instances": [
        {
          "schema_version": 0,
          "attributes": {
            "id": "/subscriptions/7b15199c-09ec-4924-9493-d0452969667b/resourceGroups/aviatrix-spoke-rg",
            "location": "westeurope",
            "managed_by": "",
            "name": "aviatrix-spoke-rg",
            "tags": {},
            "timeouts": null
          },
          "sensitive_attributes": [],
          "identity_schema_version": 0,
          "private": "eyJlMmJmYjczMC1lY2FhLTExZTYtOGY4OC0zNDM2M2JjN2M0YzAiOnsiY3JlYXRlIjo1NDAwMDAwMDAwMDAwLCJkZWxldGUiOjU0MDAwMDAwMDAwMDAsInJlYWQiOjMwMDAwMDAwMDAwMCwidXBkYXRlIjo1NDAwMDAwMDAwMDAwfX0="
        }
      ]
    },
    {
      "mode": "managed",
      "type": "azurerm_role_assignment",
      "name": "aks_internal_lb_subnet_contributor",
      "provider": "provider[\"registry.terraform.io/hashicorp/azurerm\"]",
      "instances": [
        {
          "schema_version": 0,
          "attributes": {
            "condition": "",
            "condition_version": "",
            "delegated_managed_identity_resource_id": "",
            "description": "",
            "id": "/subscriptions/7b15199c-09ec-4924-9493-d0452969667b/resourceGroups/aviatrix-spoke-rg/providers/Microsoft.Network/virtualNetworks/azure-spoke-vnet/subnets/internal-lb-subnet/providers/Microsoft.Authorization/roleAssignments/312ddbe8-1e31-c082-5691-e7153f484306",
            "name": "312ddbe8-1e31-c082-5691-e7153f484306",
            "principal_id": "f6d68c79-592f-47ca-9c70-5c8410ee6d91",
            "principal_type": "ServicePrincipal",
            "role_definition_id": "/subscriptions/7b15199c-09ec-4924-9493-d0452969667b/providers/Microsoft.Authorization/roleDefinitions/4d97b98b-1d4f-4787-a291-c67834d212e7",
            "role_definition_name": "Network Contributor",
            "scope": "/subscriptions/7b15199c-09ec-4924-9493-d0452969667b/resourceGroups/aviatrix-spoke-rg/providers/Microsoft.Network/virtualNetworks/azure-spoke-vnet/subnets/internal-lb-subnet",
            "skip_service_principal_aad_check": null,
            "timeouts": null
          },
          "sensitive_attributes": [],
          "identity_schema_version": 0,
          "private": "eyJlMmJmYjczMC1lY2FhLTExZTYtOGY4OC0zNDM2M2JjN2M0YzAiOnsiY3JlYXRlIjoxODAwMDAwMDAwMDAwLCJkZWxldGUiOjE4MDAwMDAwMDAwMDAsInJlYWQiOjMwMDAwMDAwMDAwMH19",
          "dependencies": [
            "azurerm_kubernetes_cluster.aks_cluster",
            "azurerm_resource_group.azure_rg",
            "azurerm_resource_group.azure_spoke_rg",
            "azurerm_subnet.azure_aks_node_subnet",
            "azurerm_subnet.azure_internal_lb_subnet",
            "azurerm_virtual_network.azure_spoke_vnet",
            "data.azurerm_kubernetes_cluster.aks"
          ]
        }
      ]
    },
    {
      "mode": "managed",
      "type": "azurerm_role_assignment",
      "name": "aks_node_subnet_contributor",
      "provider": "provider[\"registry.terraform.io/hashicorp/azurerm\"]",
      "instances": [
        {
          "schema_version": 0,
          "attributes": {
            "condition": "",
            "condition_version": "",
            "delegated_managed_identity_resource_id": "",
            "description": "",
            "id": "/subscriptions/7b15199c-09ec-4924-9493-d0452969667b/resourceGroups/aviatrix-spoke-rg/providers/Microsoft.Network/virtualNetworks/azure-spoke-vnet/subnets/aks-node-subnet/providers/Microsoft.Authorization/roleAssignments/7a5ada4f-7c5b-e058-aad9-328f859a66b4",
            "name": "7a5ada4f-7c5b-e058-aad9-328f859a66b4",
            "principal_id": "f6d68c79-592f-47ca-9c70-5c8410ee6d91",
            "principal_type": "ServicePrincipal",
            "role_definition_id": "/subscriptions/7b15199c-09ec-4924-9493-d0452969667b/providers/Microsoft.Authorization/roleDefinitions/4d97b98b-1d4f-4787-a291-c67834d212e7",
            "role_definition_name": "Network Contributor",
            "scope": "/subscriptions/7b15199c-09ec-4924-9493-d0452969667b/resourceGroups/aviatrix-spoke-rg/providers/Microsoft.Network/virtualNetworks/azure-spoke-vnet/subnets/aks-node-subnet",
            "skip_service_principal_aad_check": null,
            "timeouts": null
          },
          "sensitive_attributes": [],
          "identity_schema_version": 0,
          "private": "eyJlMmJmYjczMC1lY2FhLTExZTYtOGY4OC0zNDM2M2JjN2M0YzAiOnsiY3JlYXRlIjoxODAwMDAwMDAwMDAwLCJkZWxldGUiOjE4MDAwMDAwMDAwMDAsInJlYWQiOjMwMDAwMDAwMDAwMH19",
          "dependencies": [
            "azurerm_kubernetes_cluster.aks_cluster",
            "azurerm_resource_group.azure_rg",
            "azurerm_resource_group.azure_spoke_rg",
            "azurerm_subnet.azure_aks_node_subnet",
            "azurerm_virtual_network.azure_spoke_vnet",
            "data.azurerm_kubernetes_cluster.aks"
          ]
        }
      ]
    },
    {
      "mode": "managed",
      "type": "azurerm_subnet",
      "name": "azure_aks_node_subnet",
      "provider": "provider[\"registry.terraform.io/hashicorp/azurerm\"]",
      "instances": [
        {
          "schema_version": 0,
          "attributes": {
            "address_prefixes": [
              "10.100.1.0/24"
            ],
            "default_outbound_access_enabled": true,
            "delegation": [],
            "id": "/subscriptions/7b15199c-09ec-4924-9493-d0452969667b/resourceGroups/aviatrix-spoke-rg/providers/Microsoft.Network/virtualNetworks/azure-spoke-vnet/subnets/aks-node-subnet",
            "name": "aks-node-subnet",
            "private_endpoint_network_policies": "Disabled",
            "private_link_service_network_policies_enabled": true,
            "resource_group_name": "aviatrix-spoke-rg",
            "service_endpoint_policy_ids": [],
            "service_endpoints": [],
            "timeouts": null,
            "virtual_network_name": "azure-spoke-vnet"
          },
          "sensitive_attributes": [],
          "identity_schema_version": 0,
          "identity": {
            "name": "aks-node-subnet",
            "resource_group_name": "aviatrix-spoke-rg",
            "subscription_id": "7b15199c-09ec-4924-9493-d0452969667b",
            "virtual_network_name": "azure-spoke-vnet"
          },
          "private": "eyJlMmJmYjczMC1lY2FhLTExZTYtOGY4OC0zNDM2M2JjN2M0YzAiOnsiY3JlYXRlIjoxODAwMDAwMDAwMDAwLCJkZWxldGUiOjE4MDAwMDAwMDAwMDAsInJlYWQiOjMwMDAwMDAwMDAwMCwidXBkYXRlIjoxODAwMDAwMDAwMDAwfX0=",
          "dependencies": [
            "azurerm_resource_group.azure_spoke_rg",
            "azurerm_virtual_network.azure_spoke_vnet"
          ]
        }
      ]
    },
    {
      "mode": "managed",
      "type": "azurerm_subnet",
      "name": "azure_internal_lb_subnet",
      "provider": "provider[\"registry.terraform.io/hashicorp/azurerm\"]",
      "instances": [
        {
          "schema_version": 0,
          "attributes": {
            "address_prefixes": [
              "10.100.2.0/24"
            ],
            "default_outbound_access_enabled": true,
            "delegation": [],
            "id": "/subscriptions/7b15199c-09ec-4924-9493-d0452969667b/resourceGroups/aviatrix-spoke-rg/providers/Microsoft.Network/virtualNetworks/azure-spoke-vnet/subnets/internal-lb-subnet",
            "name": "internal-lb-subnet",
            "private_endpoint_network_policies": "Disabled",
            "private_link_service_network_policies_enabled": true,
            "resource_group_name": "aviatrix-spoke-rg",
            "service_endpoint_policy_ids": [],
            "service_endpoints": [],
            "timeouts": null,
            "virtual_network_name": "azure-spoke-vnet"
          },
          "sensitive_attributes": [],
          "identity_schema_version": 0,
          "identity": {
            "name": "internal-lb-subnet",
            "resource_group_name": "aviatrix-spoke-rg",
            "subscription_id": "7b15199c-09ec-4924-9493-d0452969667b",
            "virtual_network_name": "azure-spoke-vnet"
          },
          "private": "eyJlMmJmYjczMC1lY2FhLTExZTYtOGY4OC0zNDM2M2JjN2M0YzAiOnsiY3JlYXRlIjoxODAwMDAwMDAwMDAwLCJkZWxldGUiOjE4MDAwMDAwMDAwMDAsInJlYWQiOjMwMDAwMDAwMDAwMCwidXBkYXRlIjoxODAwMDAwMDAwMDAwfX0=",
          "dependencies": [
            "azurerm_resource_group.azure_spoke_rg",
            "azurerm_virtual_network.azure_spoke_vnet"
          ]
        }
      ]
    },
    {
      "mode": "managed",
      "type": "azurerm_subnet",
      "name": "azure_spoke_gw_subnet",
      "provider": "provider[\"registry.terraform.io/hashicorp/azurerm\"]",
      "instances": [
        {
          "schema_version": 0,
          "attributes": {
            "address_prefixes": [
              "10.100.0.0/28"
            ],
            "default_outbound_access_enabled": true,
            "delegation": [],
            "id": "/subscriptions/7b15199c-09ec-4924-9493-d0452969667b/resourceGroups/aviatrix-spoke-rg/providers/Microsoft.Network/virtualNetworks/azure-spoke-vnet/subnets/spoke-gw-subnet",
            "name": "spoke-gw-subnet",
            "private_endpoint_network_policies": "Disabled",
            "private_link_service_network_policies_enabled": true,
            "resource_group_name": "aviatrix-spoke-rg",
            "service_endpoint_policy_ids": [],
            "service_endpoints": [],
            "timeouts": null,
            "virtual_network_name": "azure-spoke-vnet"
          },
          "sensitive_attributes": [],
          "identity_schema_version": 0,
          "identity": {
            "name": "spoke-gw-subnet",
            "resource_group_name": "aviatrix-spoke-rg",
            "subscription_id": "7b15199c-09ec-4924-9493-d0452969667b",
            "virtual_network_name": "azure-spoke-vnet"
          },
          "private": "eyJlMmJmYjczMC1lY2FhLTExZTYtOGY4OC0zNDM2M2JjN2M0YzAiOnsiY3JlYXRlIjoxODAwMDAwMDAwMDAwLCJkZWxldGUiOjE4MDAwMDAwMDAwMDAsInJlYWQiOjMwMDAwMDAwMDAwMCwidXBkYXRlIjoxODAwMDAwMDAwMDAwfX0=",
          "dependencies": [
            "azurerm_resource_group.azure_spoke_rg",
            "azurerm_virtual_network.azure_spoke_vnet"
          ]
        }
      ]
    },
    {
      "mode": "managed",
      "type": "azurerm_subnet",
      "name": "azure_transit_subnet",
      "provider": "provider[\"registry.terraform.io/hashicorp/azurerm\"]",
      "instances": [
        {
          "schema_version": 0,
          "attributes": {
            "address_prefixes": [
              "192.168.20.0/28"
            ],
            "default_outbound_access_enabled": true,
            "delegation": [],
            "id": "/subscriptions/7b15199c-09ec-4924-9493-d0452969667b/resourceGroups/aviatrix-transit-rg/providers/Microsoft.Network/virtualNetworks/azure-transit-vnet/subnets/transit-subnet",
            "name": "transit-subnet",
            "private_endpoint_network_policies": "Disabled",
            "private_link_service_network_policies_enabled": true,
            "resource_group_name": "aviatrix-transit-rg",
            "service_endpoint_policy_ids": [],
            "service_endpoints": [],
            "timeouts": null,
            "virtual_network_name": "azure-transit-vnet"
          },
          "sensitive_attributes": [],
          "identity_schema_version": 0,
          "identity": {
            "name": "transit-subnet",
            "resource_group_name": "aviatrix-transit-rg",
            "subscription_id": "7b15199c-09ec-4924-9493-d0452969667b",
            "virtual_network_name": "azure-transit-vnet"
          },
          "private": "eyJlMmJmYjczMC1lY2FhLTExZTYtOGY4OC0zNDM2M2JjN2M0YzAiOnsiY3JlYXRlIjoxODAwMDAwMDAwMDAwLCJkZWxldGUiOjE4MDAwMDAwMDAwMDAsInJlYWQiOjMwMDAwMDAwMDAwMCwidXBkYXRlIjoxODAwMDAwMDAwMDAwfX0=",
          "dependencies": [
            "azurerm_resource_group.azure_rg",
            "azurerm_virtual_network.azure_transit_vnet"
          ]
        }
      ]
    },
    {
      "mode": "managed",
      "type": "azurerm_virtual_network",
      "name": "azure_spoke_vnet",
      "provider": "provider[\"registry.terraform.io/hashicorp/azurerm\"]",
      "instances": [
        {
          "schema_version": 0,
          "attributes": {
            "address_space": [
              "10.100.0.0/16",
              "172.20.0.0/16"
            ],
            "bgp_community": "",
            "ddos_protection_plan": [],
            "dns_servers": [],
            "edge_zone": "",
            "encryption": [],
            "flow_timeout_in_minutes": 0,
            "guid": "5c708a1e-d89a-4d39-ac2f-422feec860f3",
            "id": "/subscriptions/7b15199c-09ec-4924-9493-d0452969667b/resourceGroups/aviatrix-spoke-rg/providers/Microsoft.Network/virtualNetworks/azure-spoke-vnet",
            "ip_address_pool": [],
            "location": "westeurope",
            "name": "azure-spoke-vnet",
            "private_endpoint_vnet_policies": "Disabled",
            "resource_group_name": "aviatrix-spoke-rg",
            "subnet": [
              {
                "address_prefixes": [
                  "10.100.0.0/28"
                ],
                "default_outbound_access_enabled": true,
                "delegation": [],
                "id": "/subscriptions/7b15199c-09ec-4924-9493-d0452969667b/resourceGroups/aviatrix-spoke-rg/providers/Microsoft.Network/virtualNetworks/azure-spoke-vnet/subnets/spoke-gw-subnet",
                "name": "spoke-gw-subnet",
                "private_endpoint_network_policies": "Disabled",
                "private_link_service_network_policies_enabled": true,
                "route_table_id": "/subscriptions/7b15199c-09ec-4924-9493-d0452969667b/resourceGroups/aviatrix-spoke-rg/providers/Microsoft.Network/routeTables/azure-spoke-vnet-avx-public",
                "security_group": "",
                "service_endpoint_policy_ids": [],
                "service_endpoints": []
              },
              {
                "address_prefixes": [
                  "10.100.1.0/24"
                ],
                "default_outbound_access_enabled": true,
                "delegation": [],
                "id": "/subscriptions/7b15199c-09ec-4924-9493-d0452969667b/resourceGroups/aviatrix-spoke-rg/providers/Microsoft.Network/virtualNetworks/azure-spoke-vnet/subnets/aks-node-subnet",
                "name": "aks-node-subnet",
                "private_endpoint_network_policies": "Disabled",
                "private_link_service_network_policies_enabled": true,
                "route_table_id": "/subscriptions/7b15199c-09ec-4924-9493-d0452969667b/resourceGroups/aviatrix-spoke-rg/providers/Microsoft.Network/routeTables/azure-spoke-vnet-avx-public",
                "security_group": "",
                "service_endpoint_policy_ids": [],
                "service_endpoints": []
              },
              {
                "address_prefixes": [
                  "10.100.2.0/24"
                ],
                "default_outbound_access_enabled": true,
                "delegation": [],
                "id": "/subscriptions/7b15199c-09ec-4924-9493-d0452969667b/resourceGroups/aviatrix-spoke-rg/providers/Microsoft.Network/virtualNetworks/azure-spoke-vnet/subnets/internal-lb-subnet",
                "name": "internal-lb-subnet",
                "private_endpoint_network_policies": "Disabled",
                "private_link_service_network_policies_enabled": true,
                "route_table_id": "/subscriptions/7b15199c-09ec-4924-9493-d0452969667b/resourceGroups/aviatrix-spoke-rg/providers/Microsoft.Network/routeTables/azure-spoke-vnet-avx-public",
                "security_group": "",
                "service_endpoint_policy_ids": [],
                "service_endpoints": []
              }
            ],
            "tags": {
              "environment": "spoke"
            },
            "timeouts": null
          },
          "sensitive_attributes": [],
          "identity_schema_version": 0,
          "identity": {
            "name": "azure-spoke-vnet",
            "resource_group_name": "aviatrix-spoke-rg",
            "subscription_id": "7b15199c-09ec-4924-9493-d0452969667b"
          },
          "private": "eyJlMmJmYjczMC1lY2FhLTExZTYtOGY4OC0zNDM2M2JjN2M0YzAiOnsiY3JlYXRlIjoxODAwMDAwMDAwMDAwLCJkZWxldGUiOjE4MDAwMDAwMDAwMDAsInJlYWQiOjMwMDAwMDAwMDAwMCwidXBkYXRlIjoxODAwMDAwMDAwMDAwfX0=",
          "dependencies": [
            "azurerm_resource_group.azure_spoke_rg"
          ]
        }
      ]
    },
    {
      "mode": "managed",
      "type": "azurerm_virtual_network",
      "name": "azure_transit_vnet",
      "provider": "provider[\"registry.terraform.io/hashicorp/azurerm\"]",
      "instances": [
        {
          "schema_version": 0,
          "attributes": {
            "address_space": [
              "192.168.20.0/24"
            ],
            "bgp_community": "",
            "ddos_protection_plan": [],
            "dns_servers": [],
            "edge_zone": "",
            "encryption": [],
            "flow_timeout_in_minutes": 0,
            "guid": "777152ff-de86-42c7-ba5e-a94e64dfd857",
            "id": "/subscriptions/7b15199c-09ec-4924-9493-d0452969667b/resourceGroups/aviatrix-transit-rg/providers/Microsoft.Network/virtualNetworks/azure-transit-vnet",
            "ip_address_pool": [],
            "location": "westeurope",
            "name": "azure-transit-vnet",
            "private_endpoint_vnet_policies": "Disabled",
            "resource_group_name": "aviatrix-transit-rg",
            "subnet": [
              {
                "address_prefixes": [
                  "192.168.20.0/28"
                ],
                "default_outbound_access_enabled": true,
                "delegation": [],
                "id": "/subscriptions/7b15199c-09ec-4924-9493-d0452969667b/resourceGroups/aviatrix-transit-rg/providers/Microsoft.Network/virtualNetworks/azure-transit-vnet/subnets/transit-subnet",
                "name": "transit-subnet",
                "private_endpoint_network_policies": "Disabled",
                "private_link_service_network_policies_enabled": true,
                "route_table_id": "",
                "security_group": "",
                "service_endpoint_policy_ids": [],
                "service_endpoints": []
              }
            ],
            "tags": {
              "environment": "transit"
            },
            "timeouts": null
          },
          "sensitive_attributes": [],
          "identity_schema_version": 0,
          "identity": {
            "name": "azure-transit-vnet",
            "resource_group_name": "aviatrix-transit-rg",
            "subscription_id": "7b15199c-09ec-4924-9493-d0452969667b"
          },
          "private": "eyJlMmJmYjczMC1lY2FhLTExZTYtOGY4OC0zNDM2M2JjN2M0YzAiOnsiY3JlYXRlIjoxODAwMDAwMDAwMDAwLCJkZWxldGUiOjE4MDAwMDAwMDAwMDAsInJlYWQiOjMwMDAwMDAwMDAwMCwidXBkYXRlIjoxODAwMDAwMDAwMDAwfX0=",
          "dependencies": [
            "azurerm_resource_group.azure_rg"
          ]
        }
      ]
    },
    {
      "mode": "managed",
      "type": "kubernetes_deployment",
      "name": "postgres",
      "provider": "provider[\"registry.terraform.io/hashicorp/kubernetes\"].aks",
      "instances": [
        {
          "schema_version": 1,
          "attributes": {
            "id": "aviatrix-vote/postgres",
            "metadata": [
              {
                "annotations": {},
                "generate_name": "",
                "generation": 1,
                "labels": {
                  "app": "postgres"
                },
                "name": "postgres",
                "namespace": "aviatrix-vote",
                "resource_version": "203696",
                "uid": "1cfbdb30-7340-4196-854d-73629ee56101"
              }
            ],
            "spec": [
              {
                "min_ready_seconds": 0,
                "paused": false,
                "progress_deadline_seconds": 600,
                "replicas": "1",
                "revision_history_limit": 10,
                "selector": [
                  {
                    "match_expressions": [],
                    "match_labels": {
                      "app": "postgres"
                    }
                  }
                ],
                "strategy": [
                  {
                    "rolling_update": [
                      {
                        "max_surge": "25%",
                        "max_unavailable": "25%"
                      }
                    ],
                    "type": "RollingUpdate"
                  }
                ],
                "template": [
                  {
                    "metadata": [
                      {
                        "annotations": {},
                        "generate_name": "",
                        "generation": 0,
                        "labels": {
                          "app": "postgres"
                        },
                        "name": "",
                        "namespace": "",
                        "resource_version": "",
                        "uid": ""
                      }
                    ],
                    "spec": [
                      {
                        "active_deadline_seconds": 0,
                        "affinity": [],
                        "automount_service_account_token": true,
                        "container": [
                          {
                            "args": [],
                            "command": [],
                            "env": [
                              {
                                "name": "POSTGRES_PASSWORD",
                                "value": "demo_passwd",
                                "value_from": []
                              },
                              {
                                "name": "POSTGRES_DB",
                                "value": "vote",
                                "value_from": []
                              }
                            ],
                            "env_from": [],
                            "image": "postgres:15-alpine",
                            "image_pull_policy": "IfNotPresent",
                            "lifecycle": [],
                            "liveness_probe": [],
                            "name": "postgres",
                            "port": [
                              {
                                "container_port": 5432,
                                "host_ip": "",
                                "host_port": 0,
                                "name": "",
                                "protocol": "TCP"
                              }
                            ],
                            "readiness_probe": [],
                            "resources": [
                              {
                                "limits": {},
                                "requests": {}
                              }
                            ],
                            "security_context": [],
                            "startup_probe": [],
                            "stdin": false,
                            "stdin_once": false,
                            "termination_message_path": "/dev/termination-log",
                            "termination_message_policy": "File",
                            "tty": false,
                            "volume_device": [],
                            "volume_mount": [],
                            "working_dir": ""
                          }
                        ],
                        "dns_config": [],
                        "dns_policy": "ClusterFirst",
                        "enable_service_links": true,
                        "host_aliases": [],
                        "host_ipc": false,
                        "host_network": false,
                        "host_pid": false,
                        "hostname": "",
                        "image_pull_secrets": [],
                        "init_container": [],
                        "node_name": "",
                        "node_selector": {},
                        "os": [],
                        "priority_class_name": "",
                        "readiness_gate": [],
                        "restart_policy": "Always",
                        "runtime_class_name": "",
                        "scheduler_name": "default-scheduler",
                        "security_context": [],
                        "service_account_name": "",
                        "share_process_namespace": false,
                        "subdomain": "",
                        "termination_grace_period_seconds": 30,
                        "toleration": [],
                        "topology_spread_constraint": [],
                        "volume": []
                      }
                    ]
                  }
                ]
              }
            ],
            "timeouts": null,
            "wait_for_rollout": true
          },
          "sensitive_attributes": [],
          "identity_schema_version": 1,
          "identity": {
            "api_version": "apps/v1",
            "kind": "Deployment",
            "name": "postgres",
            "namespace": "aviatrix-vote"
          },
          "private": "eyJlMmJmYjczMC1lY2FhLTExZTYtOGY4OC0zNDM2M2JjN2M0YzAiOnsiY3JlYXRlIjo2MDAwMDAwMDAwMDAsImRlbGV0ZSI6NjAwMDAwMDAwMDAwLCJ1cGRhdGUiOjYwMDAwMDAwMDAwMH0sInNjaGVtYV92ZXJzaW9uIjoiMSJ9",
          "dependencies": [
            "azurerm_kubernetes_cluster.aks_cluster",
            "azurerm_resource_group.azure_rg",
            "azurerm_resource_group.azure_spoke_rg",
            "azurerm_role_assignment.aks_internal_lb_subnet_contributor",
            "azurerm_role_assignment.aks_node_subnet_contributor",
            "azurerm_subnet.azure_aks_node_subnet",
            "azurerm_subnet.azure_internal_lb_subnet",
            "azurerm_virtual_network.azure_spoke_vnet",
            "data.azurerm_kubernetes_cluster.aks",
            "kubernetes_namespace.vote_ns",
            "local_file.aks_kubeconfig",
            "time_sleep.pause_before_postgres"
          ]
        }
      ]
    },
    {
      "mode": "managed",
      "type": "kubernetes_deployment",
      "name": "redis",
      "provider": "provider[\"registry.terraform.io/hashicorp/kubernetes\"].aks",
      "instances": [
        {
          "schema_version": 1,
          "attributes": {
            "id": "aviatrix-vote/redis",
            "metadata": [
              {
                "annotations": {},
                "generate_name": "",
                "generation": 1,
                "labels": {
                  "app": "redis"
                },
                "name": "redis",
                "namespace": "aviatrix-vote",
                "resource_version": "1763",
                "uid": "df56bf5b-2fed-4012-8f5e-6159fa76ab47"
              }
            ],
            "spec": [
              {
                "min_ready_seconds": 0,
                "paused": false,
                "progress_deadline_seconds": 600,
                "replicas": "1",
                "revision_history_limit": 10,
                "selector": [
                  {
                    "match_expressions": [],
                    "match_labels": {
                      "app": "redis"
                    }
                  }
                ],
                "strategy": [
                  {
                    "rolling_update": [
                      {
                        "max_surge": "25%",
                        "max_unavailable": "25%"
                      }
                    ],
                    "type": "RollingUpdate"
                  }
                ],
                "template": [
                  {
                    "metadata": [
                      {
                        "annotations": {},
                        "generate_name": "",
                        "generation": 0,
                        "labels": {
                          "app": "redis"
                        },
                        "name": "",
                        "namespace": "",
                        "resource_version": "",
                        "uid": ""
                      }
                    ],
                    "spec": [
                      {
                        "active_deadline_seconds": 0,
                        "affinity": [],
                        "automount_service_account_token": true,
                        "container": [
                          {
                            "args": [],
                            "command": [],
                            "env": [],
                            "env_from": [],
                            "image": "redis:7-alpine",
                            "image_pull_policy": "IfNotPresent",
                            "lifecycle": [],
                            "liveness_probe": [],
                            "name": "redis",
                            "port": [
                              {
                                "container_port": 6379,
                                "host_ip": "",
                                "host_port": 0,
                                "name": "",
                                "protocol": "TCP"
                              }
                            ],
                            "readiness_probe": [],
                            "resources": [
                              {
                                "limits": {},
                                "requests": {}
                              }
                            ],
                            "security_context": [],
                            "startup_probe": [],
                            "stdin": false,
                            "stdin_once": false,
                            "termination_message_path": "/dev/termination-log",
                            "termination_message_policy": "File",
                            "tty": false,
                            "volume_device": [],
                            "volume_mount": [],
                            "working_dir": ""
                          }
                        ],
                        "dns_config": [],
                        "dns_policy": "ClusterFirst",
                        "enable_service_links": true,
                        "host_aliases": [],
                        "host_ipc": false,
                        "host_network": false,
                        "host_pid": false,
                        "hostname": "",
                        "image_pull_secrets": [],
                        "init_container": [],
                        "node_name": "",
                        "node_selector": {},
                        "os": [],
                        "priority_class_name": "",
                        "readiness_gate": [],
                        "restart_policy": "Always",
                        "runtime_class_name": "",
                        "scheduler_name": "default-scheduler",
                        "security_context": [],
                        "service_account_name": "",
                        "share_process_namespace": false,
                        "subdomain": "",
                        "termination_grace_period_seconds": 30,
                        "toleration": [],
                        "topology_spread_constraint": [],
                        "volume": []
                      }
                    ]
                  }
                ]
              }
            ],
            "timeouts": null,
            "wait_for_rollout": true
          },
          "sensitive_attributes": [],
          "identity_schema_version": 1,
          "identity": {
            "api_version": "apps/v1",
            "kind": "Deployment",
            "name": "redis",
            "namespace": "aviatrix-vote"
          },
          "private": "eyJlMmJmYjczMC1lY2FhLTExZTYtOGY4OC0zNDM2M2JjN2M0YzAiOnsiY3JlYXRlIjo2MDAwMDAwMDAwMDAsImRlbGV0ZSI6NjAwMDAwMDAwMDAwLCJ1cGRhdGUiOjYwMDAwMDAwMDAwMH0sInNjaGVtYV92ZXJzaW9uIjoiMSJ9",
          "dependencies": [
            "azurerm_kubernetes_cluster.aks_cluster",
            "azurerm_resource_group.azure_rg",
            "azurerm_resource_group.azure_spoke_rg",
            "azurerm_role_assignment.aks_internal_lb_subnet_contributor",
            "azurerm_role_assignment.aks_node_subnet_contributor",
            "azurerm_subnet.azure_aks_node_subnet",
            "azurerm_subnet.azure_internal_lb_subnet",
            "azurerm_virtual_network.azure_spoke_vnet",
            "data.azurerm_kubernetes_cluster.aks",
            "kubernetes_namespace.vote_ns",
            "local_file.aks_kubeconfig",
            "time_sleep.pause_before_redis"
          ]
        }
      ]
    },
    {
      "mode": "managed",
      "type": "kubernetes_deployment",
      "name": "vote_app",
      "provider": "provider[\"registry.terraform.io/hashicorp/kubernetes\"].eks",
      "instances": [
        {
          "schema_version": 1,
          "attributes": {
            "id": "aviatrix-vote/aviatrix-vote",
            "metadata": [
              {
                "annotations": {},
                "generate_name": "",
                "generation": 1,
                "labels": {
                  "app": "aviatrix-vote"
                },
                "name": "aviatrix-vote",
                "namespace": "aviatrix-vote",
                "resource_version": "1829737",
                "uid": "13d97bc9-a27d-4294-a26b-484ecc8cefdd"
              }
            ],
            "spec": [
              {
                "min_ready_seconds": 0,
                "paused": false,
                "progress_deadline_seconds": 600,
                "replicas": "1",
                "revision_history_limit": 10,
                "selector": [
                  {
                    "match_expressions": [],
                    "match_labels": {
                      "app": "aviatrix-vote"
                    }
                  }
                ],
                "strategy": [
                  {
                    "rolling_update": [
                      {
                        "max_surge": "25%",
                        "max_unavailable": "25%"
                      }
                    ],
                    "type": "RollingUpdate"
                  }
                ],
                "template": [
                  {
                    "metadata": [
                      {
                        "annotations": {},
                        "generate_name": "",
                        "generation": 0,
                        "labels": {
                          "app": "aviatrix-vote"
                        },
                        "name": "",
                        "namespace": "",
                        "resource_version": "",
                        "uid": ""
                      }
                    ],
                    "spec": [
                      {
                        "active_deadline_seconds": 0,
                        "affinity": [],
                        "automount_service_account_token": true,
                        "container": [
                          {
                            "args": [],
                            "command": [],
                            "env": [
                              {
                                "name": "REDIS_HOST",
                                "value": "172.20.20.100",
                                "value_from": []
                              },
                              {
                                "name": "POSTGRES_HOST",
                                "value": "172.20.20.101",
                                "value_from": []
                              },
                              {
                                "name": "POSTGRES_DB",
                                "value": "vote",
                                "value_from": []
                              },
                              {
                                "name": "POSTGRES_USER",
                                "value": "postgres",
                                "value_from": []
                              },
                              {
                                "name": "POSTGRES_PASSWORD",
                                "value": "demo_passwd",
                                "value_from": []
                              }
                            ],
                            "env_from": [],
                            "image": "docker.io/mtanasescu/demo-vote:latest",
                            "image_pull_policy": "Always",
                            "lifecycle": [],
                            "liveness_probe": [
                              {
                                "exec": [],
                                "failure_threshold": 5,
                                "grpc": [],
                                "http_get": [
                                  {
                                    "host": "",
                                    "http_header": [],
                                    "path": "/",
                                    "port": "80",
                                    "scheme": "HTTP"
                                  }
                                ],
                                "initial_delay_seconds": 30,
                                "period_seconds": 10,
                                "success_threshold": 1,
                                "tcp_socket": [],
                                "timeout_seconds": 5
                              }
                            ],
                            "name": "vote",
                            "port": [
                              {
                                "container_port": 80,
                                "host_ip": "",
                                "host_port": 0,
                                "name": "",
                                "protocol": "TCP"
                              }
                            ],
                            "readiness_probe": [
                              {
                                "exec": [],
                                "failure_threshold": 3,
                                "grpc": [],
                                "http_get": [
                                  {
                                    "host": "",
                                    "http_header": [],
                                    "path": "/",
                                    "port": "80",
                                    "scheme": "HTTP"
                                  }
                                ],
                                "initial_delay_seconds": 10,
                                "period_seconds": 15,
                                "success_threshold": 1,
                                "tcp_socket": [],
                                "timeout_seconds": 5
                              }
                            ],
                            "resources": [
                              {
                                "limits": {},
                                "requests": {}
                              }
                            ],
                            "security_context": [],
                            "startup_probe": [],
                            "stdin": false,
                            "stdin_once": false,
                            "termination_message_path": "/dev/termination-log",
                            "termination_message_policy": "File",
                            "tty": false,
                            "volume_device": [],
                            "volume_mount": [],
                            "working_dir": ""
                          }
                        ],
                        "dns_config": [],
                        "dns_policy": "ClusterFirst",
                        "enable_service_links": true,
                        "host_aliases": [],
                        "host_ipc": false,
                        "host_network": false,
                        "host_pid": false,
                        "hostname": "",
                        "image_pull_secrets": [],
                        "init_container": [],
                        "node_name": "",
                        "node_selector": {},
                        "os": [],
                        "priority_class_name": "",
                        "readiness_gate": [],
                        "restart_policy": "Always",
                        "runtime_class_name": "",
                        "scheduler_name": "default-scheduler",
                        "security_context": [],
                        "service_account_name": "",
                        "share_process_namespace": false,
                        "subdomain": "",
                        "termination_grace_period_seconds": 30,
                        "toleration": [],
                        "topology_spread_constraint": [],
                        "volume": []
                      }
                    ]
                  }
                ]
              }
            ],
            "timeouts": null,
            "wait_for_rollout": true
          },
          "sensitive_attributes": [],
          "identity_schema_version": 1,
          "identity": {
            "api_version": "apps/v1",
            "kind": "Deployment",
            "name": "aviatrix-vote",
            "namespace": "aviatrix-vote"
          },
          "private": "eyJlMmJmYjczMC1lY2FhLTExZTYtOGY4OC0zNDM2M2JjN2M0YzAiOnsiY3JlYXRlIjo2MDAwMDAwMDAwMDAsImRlbGV0ZSI6NjAwMDAwMDAwMDAwLCJ1cGRhdGUiOjYwMDAwMDAwMDAwMH0sInNjaGVtYV92ZXJzaW9uIjoiMSJ9",
          "dependencies": [
            "kubernetes_namespace.vote_ns"
          ]
        }
      ]
    },
    {
      "mode": "managed",
      "type": "kubernetes_deployment",
      "name": "worker",
      "provider": "provider[\"registry.terraform.io/hashicorp/kubernetes\"].aks",
      "instances": [
        {
          "schema_version": 1,
          "attributes": {
            "id": "aviatrix-vote/worker",
            "metadata": [
              {
                "annotations": {},
                "generate_name": "",
                "generation": 1,
                "labels": {
                  "app": "worker"
                },
                "name": "worker",
                "namespace": "aviatrix-vote",
                "resource_version": "203699",
                "uid": "53912a05-20ed-443a-8882-b489c70f1fdc"
              }
            ],
            "spec": [
              {
                "min_ready_seconds": 0,
                "paused": false,
                "progress_deadline_seconds": 600,
                "replicas": "1",
                "revision_history_limit": 10,
                "selector": [
                  {
                    "match_expressions": [],
                    "match_labels": {
                      "app": "worker"
                    }
                  }
                ],
                "strategy": [
                  {
                    "rolling_update": [
                      {
                        "max_surge": "25%",
                        "max_unavailable": "25%"
                      }
                    ],
                    "type": "RollingUpdate"
                  }
                ],
                "template": [
                  {
                    "metadata": [
                      {
                        "annotations": {},
                        "generate_name": "",
                        "generation": 0,
                        "labels": {
                          "app": "worker"
                        },
                        "name": "",
                        "namespace": "",
                        "resource_version": "",
                        "uid": ""
                      }
                    ],
                    "spec": [
                      {
                        "active_deadline_seconds": 0,
                        "affinity": [],
                        "automount_service_account_token": true,
                        "container": [
                          {
                            "args": [],
                            "command": [],
                            "env": [
                              {
                                "name": "REDIS_HOST",
                                "value": "redis",
                                "value_from": []
                              },
                              {
                                "name": "POSTGRES_HOST",
                                "value": "postgres",
                                "value_from": []
                              },
                              {
                                "name": "POSTGRES_DB",
                                "value": "vote",
                                "value_from": []
                              },
                              {
                                "name": "POSTGRES_PASSWORD",
                                "value": "demo_passwd",
                                "value_from": []
                              }
                            ],
                            "env_from": [],
                            "image": "docker.io/mtanasescu/worker:latest",
                            "image_pull_policy": "Always",
                            "lifecycle": [],
                            "liveness_probe": [],
                            "name": "worker",
                            "port": [],
                            "readiness_probe": [],
                            "resources": [
                              {
                                "limits": {},
                                "requests": {}
                              }
                            ],
                            "security_context": [],
                            "startup_probe": [],
                            "stdin": false,
                            "stdin_once": false,
                            "termination_message_path": "/dev/termination-log",
                            "termination_message_policy": "File",
                            "tty": false,
                            "volume_device": [],
                            "volume_mount": [],
                            "working_dir": ""
                          }
                        ],
                        "dns_config": [],
                        "dns_policy": "ClusterFirst",
                        "enable_service_links": true,
                        "host_aliases": [],
                        "host_ipc": false,
                        "host_network": false,
                        "host_pid": false,
                        "hostname": "",
                        "image_pull_secrets": [],
                        "init_container": [],
                        "node_name": "",
                        "node_selector": {},
                        "os": [],
                        "priority_class_name": "",
                        "readiness_gate": [],
                        "restart_policy": "Always",
                        "runtime_class_name": "",
                        "scheduler_name": "default-scheduler",
                        "security_context": [],
                        "service_account_name": "",
                        "share_process_namespace": false,
                        "subdomain": "",
                        "termination_grace_period_seconds": 30,
                        "toleration": [],
                        "topology_spread_constraint": [],
                        "volume": []
                      }
                    ]
                  }
                ]
              }
            ],
            "timeouts": null,
            "wait_for_rollout": true
          },
          "sensitive_attributes": [],
          "identity_schema_version": 1,
          "identity": {
            "api_version": "apps/v1",
            "kind": "Deployment",
            "name": "worker",
            "namespace": "aviatrix-vote"
          },
          "private": "eyJlMmJmYjczMC1lY2FhLTExZTYtOGY4OC0zNDM2M2JjN2M0YzAiOnsiY3JlYXRlIjo2MDAwMDAwMDAwMDAsImRlbGV0ZSI6NjAwMDAwMDAwMDAwLCJ1cGRhdGUiOjYwMDAwMDAwMDAwMH0sInNjaGVtYV92ZXJzaW9uIjoiMSJ9",
          "dependencies": [
            "azurerm_kubernetes_cluster.aks_cluster",
            "azurerm_resource_group.azure_rg",
            "azurerm_resource_group.azure_spoke_rg",
            "azurerm_role_assignment.aks_internal_lb_subnet_contributor",
            "azurerm_role_assignment.aks_node_subnet_contributor",
            "azurerm_subnet.azure_aks_node_subnet",
            "azurerm_subnet.azure_internal_lb_subnet",
            "azurerm_virtual_network.azure_spoke_vnet",
            "data.azurerm_kubernetes_cluster.aks",
            "kubernetes_deployment.postgres",
            "kubernetes_deployment.redis",
            "kubernetes_namespace.vote_ns",
            "kubernetes_service.postgres",
            "kubernetes_service.redis",
            "local_file.aks_kubeconfig",
            "time_sleep.pause_before_postgres",
            "time_sleep.pause_before_redis"
          ]
        }
      ]
    },
    {
      "mode": "managed",
      "type": "kubernetes_namespace",
      "name": "vote_ns",
      "provider": "provider[\"registry.terraform.io/hashicorp/kubernetes\"].eks",
      "instances": [
        {
          "schema_version": 0,
          "attributes": {
            "id": "aviatrix-vote",
            "metadata": [
              {
                "annotations": {},
                "generate_name": "",
                "generation": 0,
                "labels": {},
                "name": "aviatrix-vote",
                "resource_version": "1444758",
                "uid": "ba72d00c-d8f6-41ba-b724-9c4257d048fc"
              }
            ],
            "timeouts": null,
            "wait_for_default_service_account": false
          },
          "sensitive_attributes": [],
          "identity_schema_version": 1,
          "identity": {
            "api_version": "v1",
            "kind": "Namespace",
            "name": "aviatrix-vote"
          },
          "private": "eyJlMmJmYjczMC1lY2FhLTExZTYtOGY4OC0zNDM2M2JjN2M0YzAiOnsiZGVsZXRlIjozMDAwMDAwMDAwMDB9fQ=="
        }
      ]
    },
    {
      "mode": "managed",
      "type": "kubernetes_namespace",
      "name": "vote_ns_backend",
      "provider": "provider[\"registry.terraform.io/hashicorp/kubernetes\"].aks",
      "instances": [
        {
          "schema_version": 0,
          "attributes": {
            "id": "aviatrix-vote",
            "metadata": [
              {
                "annotations": {},
                "generate_name": "",
                "generation": 0,
                "labels": {},
                "name": "aviatrix-vote",
                "resource_version": "1545",
                "uid": "f8f42234-0ad0-41c1-afea-055b3606fd62"
              }
            ],
            "timeouts": null,
            "wait_for_default_service_account": false
          },
          "sensitive_attributes": [],
          "identity_schema_version": 1,
          "identity": {
            "api_version": "v1",
            "kind": "Namespace",
            "name": "aviatrix-vote"
          },
          "private": "eyJlMmJmYjczMC1lY2FhLTExZTYtOGY4OC0zNDM2M2JjN2M0YzAiOnsiZGVsZXRlIjozMDAwMDAwMDAwMDB9fQ==",
          "dependencies": [
            "azurerm_kubernetes_cluster.aks_cluster",
            "azurerm_resource_group.azure_rg",
            "azurerm_resource_group.azure_spoke_rg",
            "azurerm_subnet.azure_aks_node_subnet",
            "azurerm_virtual_network.azure_spoke_vnet",
            "local_file.aks_kubeconfig"
          ]
        }
      ]
    },
    {
      "mode": "managed",
      "type": "kubernetes_service",
      "name": "postgres",
      "provider": "provider[\"registry.terraform.io/hashicorp/kubernetes\"].aks",
      "instances": [
        {
          "schema_version": 1,
          "attributes": {
            "id": "aviatrix-vote/postgres",
            "metadata": [
              {
                "annotations": {
                  "service.beta.kubernetes.io/azure-load-balancer-internal": "true",
                  "service.beta.kubernetes.io/azure-load-balancer-internal-subnet": "internal-lb-subnet",
                  "service.beta.kubernetes.io/azure-load-balancer-ipv4": "10.100.2.51"
                },
                "generate_name": "",
                "generation": 0,
                "labels": {},
                "name": "postgres",
                "namespace": "aviatrix-vote",
                "resource_version": "2106",
                "uid": "be419689-8f1b-4e3b-9f54-1caeabbfb835"
              }
            ],
            "spec": [
              {
                "allocate_load_balancer_node_ports": true,
                "cluster_ip": "172.20.197.141",
                "cluster_ips": [
                  "172.20.197.141"
                ],
                "external_ips": [],
                "external_name": "",
                "external_traffic_policy": "Cluster",
                "health_check_node_port": 0,
                "internal_traffic_policy": "Cluster",
                "ip_families": [
                  "IPv4"
                ],
                "ip_family_policy": "SingleStack",
                "load_balancer_class": "",
                "load_balancer_ip": "",
                "load_balancer_source_ranges": [],
                "port": [
                  {
                    "app_protocol": "",
                    "name": "",
                    "node_port": 30381,
                    "port": 5432,
                    "protocol": "TCP",
                    "target_port": "5432"
                  }
                ],
                "publish_not_ready_addresses": false,
                "selector": {
                  "app": "postgres"
                },
                "session_affinity": "None",
                "session_affinity_config": [],
                "type": "LoadBalancer"
              }
            ],
            "status": [
              {
                "load_balancer": [
                  {
                    "ingress": [
                      {
                        "hostname": "",
                        "ip": "10.100.2.51"
                      }
                    ]
                  }
                ]
              }
            ],
            "timeouts": null,
            "wait_for_load_balancer": true
          },
          "sensitive_attributes": [],
          "identity_schema_version": 1,
          "identity": {
            "api_version": "v1",
            "kind": "Service",
            "name": "postgres",
            "namespace": "aviatrix-vote"
          },
          "private": "eyJlMmJmYjczMC1lY2FhLTExZTYtOGY4OC0zNDM2M2JjN2M0YzAiOnsiY3JlYXRlIjo2MDAwMDAwMDAwMDB9LCJzY2hlbWFfdmVyc2lvbiI6IjEifQ==",
          "dependencies": [
            "azurerm_kubernetes_cluster.aks_cluster",
            "azurerm_resource_group.azure_rg",
            "azurerm_resource_group.azure_spoke_rg",
            "azurerm_role_assignment.aks_internal_lb_subnet_contributor",
            "azurerm_role_assignment.aks_node_subnet_contributor",
            "azurerm_subnet.azure_aks_node_subnet",
            "azurerm_subnet.azure_internal_lb_subnet",
            "azurerm_virtual_network.azure_spoke_vnet",
            "data.azurerm_kubernetes_cluster.aks",
            "kubernetes_deployment.postgres",
            "kubernetes_namespace.vote_ns",
            "local_file.aks_kubeconfig",
            "time_sleep.pause_before_postgres"
          ]
        }
      ]
    },
    {
      "mode": "managed",
      "type": "kubernetes_service",
      "name": "redis",
      "provider": "provider[\"registry.terraform.io/hashicorp/kubernetes\"].aks",
      "instances": [
        {
          "schema_version": 1,
          "attributes": {
            "id": "aviatrix-vote/redis",
            "metadata": [
              {
                "annotations": {
                  "service.beta.kubernetes.io/azure-load-balancer-internal": "true",
                  "service.beta.kubernetes.io/azure-load-balancer-internal-subnet": "internal-lb-subnet",
                  "service.beta.kubernetes.io/azure-load-balancer-ipv4": "10.100.2.50"
                },
                "generate_name": "",
                "generation": 0,
                "labels": {},
                "name": "redis",
                "namespace": "aviatrix-vote",
                "resource_version": "2076",
                "uid": "66aff9c3-2994-4fab-af97-4e7c2d580747"
              }
            ],
            "spec": [
              {
                "allocate_load_balancer_node_ports": true,
                "cluster_ip": "172.20.234.89",
                "cluster_ips": [
                  "172.20.234.89"
                ],
                "external_ips": [],
                "external_name": "",
                "external_traffic_policy": "Cluster",
                "health_check_node_port": 0,
                "internal_traffic_policy": "Cluster",
                "ip_families": [
                  "IPv4"
                ],
                "ip_family_policy": "SingleStack",
                "load_balancer_class": "",
                "load_balancer_ip": "",
                "load_balancer_source_ranges": [],
                "port": [
                  {
                    "app_protocol": "",
                    "name": "",
                    "node_port": 30546,
                    "port": 6379,
                    "protocol": "TCP",
                    "target_port": "6379"
                  }
                ],
                "publish_not_ready_addresses": false,
                "selector": {
                  "app": "redis"
                },
                "session_affinity": "None",
                "session_affinity_config": [],
                "type": "LoadBalancer"
              }
            ],
            "status": [
              {
                "load_balancer": [
                  {
                    "ingress": [
                      {
                        "hostname": "",
                        "ip": "10.100.2.50"
                      }
                    ]
                  }
                ]
              }
            ],
            "timeouts": null,
            "wait_for_load_balancer": true
          },
          "sensitive_attributes": [],
          "identity_schema_version": 1,
          "identity": {
            "api_version": "v1",
            "kind": "Service",
            "name": "redis",
            "namespace": "aviatrix-vote"
          },
          "private": "eyJlMmJmYjczMC1lY2FhLTExZTYtOGY4OC0zNDM2M2JjN2M0YzAiOnsiY3JlYXRlIjo2MDAwMDAwMDAwMDB9LCJzY2hlbWFfdmVyc2lvbiI6IjEifQ==",
          "dependencies": [
            "azurerm_kubernetes_cluster.aks_cluster",
            "azurerm_resource_group.azure_rg",
            "azurerm_resource_group.azure_spoke_rg",
            "azurerm_role_assignment.aks_internal_lb_subnet_contributor",
            "azurerm_role_assignment.aks_node_subnet_contributor",
            "azurerm_subnet.azure_aks_node_subnet",
            "azurerm_subnet.azure_internal_lb_subnet",
            "azurerm_virtual_network.azure_spoke_vnet",
            "data.azurerm_kubernetes_cluster.aks",
            "kubernetes_deployment.redis",
            "kubernetes_namespace.vote_ns",
            "local_file.aks_kubeconfig",
            "time_sleep.pause_before_redis"
          ]
        }
      ]
    },
    {
      "mode": "managed",
      "type": "kubernetes_service",
      "name": "vote_svc",
      "provider": "provider[\"registry.terraform.io/hashicorp/kubernetes\"].eks",
      "instances": [
        {
          "schema_version": 1,
          "attributes": {
            "id": "aviatrix-vote/aviatrix-vote",
            "metadata": [
              {
                "annotations": {
                  "service.beta.kubernetes.io/aws-load-balancer-nlb-target-type": "instance",
                  "service.beta.kubernetes.io/aws-load-balancer-scheme": "internet-facing",
                  "service.beta.kubernetes.io/aws-load-balancer-type": "nlb"
                },
                "generate_name": "",
                "generation": 0,
                "labels": {},
                "name": "aviatrix-vote",
                "namespace": "aviatrix-vote",
                "resource_version": "1816229",
                "uid": "72bc2825-1f89-4238-b2fe-bac0d61e3ce6"
              }
            ],
            "spec": [
              {
                "allocate_load_balancer_node_ports": true,
                "cluster_ip": "172.20.61.82",
                "cluster_ips": [
                  "172.20.61.82"
                ],
                "external_ips": [],
                "external_name": "",
                "external_traffic_policy": "Local",
                "health_check_node_port": 30472,
                "internal_traffic_policy": "Cluster",
                "ip_families": [
                  "IPv4"
                ],
                "ip_family_policy": "SingleStack",
                "load_balancer_class": "",
                "load_balancer_ip": "",
                "load_balancer_source_ranges": [],
                "port": [
                  {
                    "app_protocol": "",
                    "name": "",
                    "node_port": 30202,
                    "port": 80,
                    "protocol": "TCP",
                    "target_port": "80"
                  }
                ],
                "publish_not_ready_addresses": false,
                "selector": {
                  "app": "aviatrix-vote"
                },
                "session_affinity": "None",
                "session_affinity_config": [],
                "type": "LoadBalancer"
              }
            ],
            "status": [
              {
                "load_balancer": [
                  {
                    "ingress": [
                      {
                        "hostname": "a72bc28251f894238b2febac0d61e3ce-33ab944090898574.elb.eu-central-1.amazonaws.com",
                        "ip": ""
                      }
                    ]
                  }
                ]
              }
            ],
            "timeouts": null,
            "wait_for_load_balancer": true
          },
          "sensitive_attributes": [],
          "identity_schema_version": 1,
          "identity": {
            "api_version": "v1",
            "kind": "Service",
            "name": "aviatrix-vote",
            "namespace": "aviatrix-vote"
          },
          "private": "eyJlMmJmYjczMC1lY2FhLTExZTYtOGY4OC0zNDM2M2JjN2M0YzAiOnsiY3JlYXRlIjo2MDAwMDAwMDAwMDB9LCJzY2hlbWFfdmVyc2lvbiI6IjEifQ==",
          "dependencies": [
            "kubernetes_deployment.vote_app",
            "kubernetes_namespace.vote_ns"
          ]
        }
      ]
    },
    {
      "mode": "managed",
      "type": "local_file",
      "name": "aks_kubeconfig",
      "provider": "provider[\"registry.terraform.io/hashicorp/local\"]",
      "instances": [
        {
          "schema_version": 0,
          "attributes": {
            "content": "apiVersion: v1\nclusters:\n- cluster:\n    certificate-authority-data: LS0tLS1CRUdJTiBDRVJUSUZJQ0FURS0tLS0tCk1JSUU2VENDQXRHZ0F3SUJBZ0lSQUpIUk9ET3JzclNJZnM4RDJsc04vYXN3RFFZSktvWklodmNOQVFFTEJRQXcKRFRFTE1Ba0dBMVVFQXhNQ1kyRXdJQmNOTWpVd056SXpNak13TWpFd1doZ1BNakExTlRBM01qTXlNekV5TVRCYQpNQTB4Q3pBSkJnTlZCQU1UQW1OaE1JSUNJakFOQmdrcWhraUc5dzBCQVFFRkFBT0NBZzhBTUlJQ0NnS0NBZ0VBCm9XWFBQSGQ2NUZHd3VOUWUxaGlPand0akMwRys2Ui9DNkhiMGVGdzloN2tKQk1relJndlVoWUJVcEUySG1WODQKMjF6WlJnaHJEYVlEdlNEbEY0cWlmb3pTVHhtYjk4QjhKTlF3Q29BaVdkZlAraWVORWpaczZVYlhtN0NPVEZRSgpDci9NamFBTnRUMTNYbFU2dXlqNUNsVUNiUDcyam5GRURRMFhOK2JDZXNxS3JTWGVQdllDWWx0M2NXMTVIR2xkCmErdno0K1Y2dDJpQTBjeU82SVF5TU5oRUZ2c3I0NUhHaGVTZ2xzK0VwTjZocWtHUENxS0RLRVlzUXU3eDRPeU4KeWpTeFpDNFZxelh4WHhGQmE1U1d4cHk3LzlOc3M2VW1Id0h4ejg1QlgzL0kvUW9WQjJqcTlxRW1nZVdDbk56SwpieVY2ckdTbjRLbnFVMTBVaFJwdVBHNlhEWEZlQTYrMWMwOGpITGJPY2pEbzA4bWtVQnlJazZuL3FQMmg3YmpICmxKT1lma1lDekVzQjhkaWp5UXRtZW9DTUF0V1dJMlM1eHEzamdJcDl2ZStNR2k1V1JJalJZRTZRUHJRTGp2VGEKcVNGNGVvZHBDRDBEN291VmRHNktGWWtjeGxDZmY4TDZKVlFpRSt3N3NsR0k3a0ZEcUhLalp2cmxqL2lOL0VsRwpEVVhucG1YZEFUaDkyaHlXL2s5c3RGS3RhMm1QRUZiVys1UHBQdVArUm5kZkZpSk1aTzFxYTAvUnM5Vzl0MmRQCmZLSytXTXpzYkdTN1NiaGhKb3YzdUY0MjdBb09hai9FMFhaTStiTUkrbkdYYW1BdkJMc3lZazU2UE1xdjQxSm8KYzNibVZ5VExwR3FNWFovb24xc2kvUWVraERVM1psT1JJQlozN1lPbXFzVUNBd0VBQWFOQ01FQXdEZ1lEVlIwUApBUUgvQkFRREFnS2tNQThHQTFVZEV3RUIvd1FGTUFNQkFmOHdIUVlEVlIwT0JCWUVGRHZReExObkVGYk5oeXFYCnpZWW1YSi8wL1lBMU1BMEdDU3FHU0liM0RRRUJDd1VBQTRJQ0FRQ1I4aWxDWFVvZGVBNTErRzhXSnozbDBweVMKWnU3VDRuSHhLWnlGQjBocmJPYjh0aXJCUkxVMzY0eEhHd0dpNGx5L1JpN1lyUkp1bVh0OW5CS2pOMWIyaERZMApFR09QN1Eyb2FtOTNaQTBvU3RndWhrNVRRTXA1TWJ2b1RXYnh5T3pjeFVudjJnS3Z1TmRrc3ZyVEF2N3dNeDFUCkwzd1p4L01ZMlR5d3VqcUl5MXNyM0dvUjJ3U1lnVXM0Z25CYno3aDV4cVlYQkJNYTdWWk9NNW90ZDZpNXpGY3UKVG5MQy9va1c0Q29HbWczQnplUUs2WDhJUk8vNk9YeDFMMWNKTm9nbStSek1NZFZnRTJpTFc2Z3ljWHhrQ3RPcwo1Yk1jMU43Z2lVbnJwWmIwZm8rZXB6dE5HaHF2SDNodnM1eXd0NndWQkF4Sk5Bc1BsdXc3STRKdE9HcDZvbVFWCnNIUk53Vml1VTlPL0tFSThEdGVRc3UyV1c0SmJaT2YyWVpSVnhQZ3V0a0VEMUhvYS83TnZ1cUtnV2h1VXJMaUkKamhIeHFBYUp1R29nTTA1WGhIZ1NETEVuZDIrYUQ0QUM2OUlRYm9lWUFPblorSUYyV3VaK3ljV0FVcFB3V1VBUgo4cTFlNWJrK0dEQndvUGdCVnZsZHIvaVQrdDZINzM3REdGeFhrNWpsdkVTTkIzaXc2V2hkV0J3Rm5wbzJjSy95ClZYbUd2VU9LZXZBdGtHYnpyU1VBcEFtSm9BblJYYWVUU1krS2JjaDVndHdiTUd5dy9JUmJRS3JKRWgrWFh0VDUKQk1DRG9vV3RGbWVEN0ZXOEtqbHNaWHFzTWhLNlhwSndnNCtvYndyUnlQWFVsczB4aGFMMFFwb2t4TnFheDVsdwp6eXZaOTdJcmsvMWxJdVZWMUE9PQotLS0tLUVORCBDRVJUSUZJQ0FURS0tLS0tCg==\n    server: https://aks-z24nqzmw.hcp.westeurope.azmk8s.io:443\n  name: aks-cluster\ncontexts:\n- context:\n    cluster: aks-cluster\n    user: clusterUser_aviatrix-transit-rg_aks-cluster\n  name: aks-cluster\ncurrent-context: aks-cluster\nkind: Config\npreferences: {}\nusers:\n- name: clusterUser_aviatrix-transit-rg_aks-cluster\n  user:\n    client-certificate-data: LS0tLS1CRUdJTiBDRVJUSUZJQ0FURS0tLS0tCk1JSUZIakNDQXdhZ0F3SUJBZ0lSQU1Ic1NKWWtTaktobThobEF3bXdkWEl3RFFZSktvWklodmNOQVFFTEJRQXcKRFRFTE1Ba0dBMVVFQXhNQ1kyRXdIaGNOTWpVd056SXpNak13TWpFd1doY05NamN3TnpJek1qTXhNakV3V2pBdwpNUmN3RlFZRFZRUUtFdzV6ZVhOMFpXMDZiV0Z6ZEdWeWN6RVZNQk1HQTFVRUF4TU1iV0Z6ZEdWeVkyeHBaVzUwCk1JSUNJakFOQmdrcWhraUc5dzBCQVFFRkFBT0NBZzhBTUlJQ0NnS0NBZ0VBNmxuV0EraTR3M3NKdHp2azdiYSsKYUdTQzBLVU1GQzVhY3hsQ005OVFKWWNCSnVEWW1jWmg4ZUZhYnRGR3ZEOG5DcmlDa1VmU1dFQzdBMTVqcVY1WgplYUpQREJUd1RZdXJzZi9USjhtZzAxYXdSQjdTZTRtb2t3dlJtNWhOb2lNWkhCRHFJZVF1OW5KZVJXRURSYmVLCnh0QllHTzViODJtb1UzNHh5QzBOOTNQc0EwdCtvWTkyOUFmMElRQmUzOGY1cXR4ZjVDL2M1VC9JRXhSUFNibFYKdmdUZ0Z3dk5xSFF4b3ZJQWdaZ2pWUTg5UXNzVFY2SDNwVVpBQlV4YXhXcFFqdisycytST3V6SnhqVnJoSW56dApLNEJHblVmUzBOQSt4ZHNXUURWUnRHc0RWZEI2UmNpdkVBRFY1ZGFXUHNhYTZYQXc5S0dRSzJ4UFk0NzFyeFlxCjVHVjN5YnJscFhhRC9YZU84M1pmb2tNTkp1aDZWdGZlS0tyN0Q5WTJqUHJVUER3am13dUdkUCtjWmlhU3ArT0QKOHFQVlZ4M0NKVVlKSE5hZ2ZXOTg1bXp1NnNlOTFUbW1LSy93bXhWeXdKLzVJUUU3bXhDS244Q1ZWVjNSYkRSbwpyaDRYU201aHprVE9UQ0Frek1udTlRclVka0paZXo5MlhoZFhYMHJqN2VuOGZJVzBqQll4ZFAyZWxINW5taTJWCk1OZHBUUmNlZzJucWk0Z0ZQTTBHdTg3REt6bUsxdE1EeUwxVlEvM0s3QUFqWGgxV1pxQ2RDaUlBb2RSVmRoQ2oKejUrL3NBNWZMM0N1WDBlTTV0RTlrZTdBNkZpNnpzbGVxTFlDczAwM3h1TmtrUW9JY1NpczRoa0pLZ2QyNHNTUAo3cFVaN3g5R3FvcHVSYUtlTVdJdC8wa0NBd0VBQWFOV01GUXdEZ1lEVlIwUEFRSC9CQVFEQWdXZ01CTUdBMVVkCkpRUU1NQW9HQ0NzR0FRVUZCd01DTUF3R0ExVWRFd0VCL3dRQ01BQXdId1lEVlIwakJCZ3dGb0FVTzlERXMyY1EKVnMySEtwZk5oaVpjbi9UOWdEVXdEUVlKS29aSWh2Y05BUUVMQlFBRGdnSUJBSGUrb2xENXk5a3h2WjV0T0JIMgpwT3RVdzRqUXRHVjZiNzhHOTJZWnJld2RpcjdBTmQ1UTFkUGpVWFR4QWREalVxdjN0UXpESUVOdFIxZkU0QjJrCmV3VlJzMDdJaHBrWDVNb3BUOTFXSml1eC9QNDgwd2dkMjdRdG5RelVDd3QwZkNXYTJ1VUxwZTF3aDRJZ21pV2oKd2ZON2lOMDZSQWR2dFpuRTJURGlNaEFDc1RGQzdxeTlKaXZVbkFhd04rTVh3b2dpb0ttVEcxZm1DTlovK1JuUQpyenhNbFhRRVd0R2doUFpxd3FOS1ptV1JBRTJFUUcxekVOV3NWWUFOYjBVNXpuWmRFMmp0b3FHU1hJV09SL29wCnIrNU5UL0wweGJBTWJZRWNmeEFNejZGM0RxMkZDTllUaWdVTGV4bDlVMWE4VFJENDg3VGV0UHEzNTdTYjNpS0UKT3cxS2tCT0M4c3lLN1dJVGR3eEU0Y0lCejZxS2N5S2NYM3hxTFJ2UjhYL3FHblkzVG5sQ3hxTFl2L1FuMklIaApSUlZyL1dkeTVzeEppL0Z5aFJULzVxdCt1MUFRSmI5UVhCQWRRbzZndHNub1ZoZGoxbjJxTi95djh3KzdIRVg4CjBmeHNFaUcvRmMvbHQ5Vm84RTQwWEhkYmV3K2tMdlBoZ0dOSVlHTVlUUnVqdFJHbnA1RmNLVFdLT1FsQkVmU1AKaXRsRWJuUHdCa2xNT0dmNk1yOVFFNHNtRjR5cHFuNE5ONTJWbGF6TzAxRFJwTkNhemgwVWZ0Smd3bmxObWJ5MAphSkhkMnpySEtGbUdQYk9JUmp0YjQ1Uk5YTWJVSXR0c1p3cldiSlZ1MmJQRjdMYjlOL1ZHdlhBMzVETlpyakM0CnU5SVFkOXZLOU9qMkcyV0ZPWFE4Q29abgotLS0tLUVORCBDRVJUSUZJQ0FURS0tLS0tCg==\n    client-key-data: LS0tLS1CRUdJTiBSU0EgUFJJVkFURSBLRVktLS0tLQpNSUlKS0FJQkFBS0NBZ0VBNmxuV0EraTR3M3NKdHp2azdiYSthR1NDMEtVTUZDNWFjeGxDTTk5UUpZY0JKdURZCm1jWmg4ZUZhYnRGR3ZEOG5DcmlDa1VmU1dFQzdBMTVqcVY1WmVhSlBEQlR3VFl1cnNmL1RKOG1nMDFhd1JCN1MKZTRtb2t3dlJtNWhOb2lNWkhCRHFJZVF1OW5KZVJXRURSYmVLeHRCWUdPNWI4Mm1vVTM0eHlDME45M1BzQTB0KwpvWTkyOUFmMElRQmUzOGY1cXR4ZjVDL2M1VC9JRXhSUFNibFZ2Z1RnRnd2TnFIUXhvdklBZ1pnalZRODlRc3NUClY2SDNwVVpBQlV4YXhXcFFqdisycytST3V6SnhqVnJoSW56dEs0QkduVWZTME5BK3hkc1dRRFZSdEdzRFZkQjYKUmNpdkVBRFY1ZGFXUHNhYTZYQXc5S0dRSzJ4UFk0NzFyeFlxNUdWM3licmxwWGFEL1hlTzgzWmZva01OSnVoNgpWdGZlS0tyN0Q5WTJqUHJVUER3am13dUdkUCtjWmlhU3ArT0Q4cVBWVngzQ0pVWUpITmFnZlc5ODVtenU2c2U5CjFUbW1LSy93bXhWeXdKLzVJUUU3bXhDS244Q1ZWVjNSYkRSb3JoNFhTbTVoemtUT1RDQWt6TW51OVFyVWRrSloKZXo5MlhoZFhYMHJqN2VuOGZJVzBqQll4ZFAyZWxINW5taTJWTU5kcFRSY2VnMm5xaTRnRlBNMEd1ODdES3ptSwoxdE1EeUwxVlEvM0s3QUFqWGgxV1pxQ2RDaUlBb2RSVmRoQ2p6NSsvc0E1ZkwzQ3VYMGVNNXRFOWtlN0E2Rmk2CnpzbGVxTFlDczAwM3h1TmtrUW9JY1NpczRoa0pLZ2QyNHNTUDdwVVo3eDlHcW9wdVJhS2VNV0l0LzBrQ0F3RUEKQVFLQ0FnQm9TNVBlQ0gvVjY1ZCsxeWFDanA0OTJtR0hsclNCOU1FblVUbnYyUFlUeFhvRFFmVFR0d0RYQTNwYQpNRVFCT2ovWFd4Y3NyZUNVaXpaUGdQM3NuZ05IQ1MrUnltM0pyUnU3NjRVZlEzSVNMQlhsTXl4c2MyNjFCb0VCCjlLMjBOMWVROEl3cWlpRkdaODdCcExPdW5za2h3dzQ2QmphZzVVaFc1Q1ltbHJxTkFxZXFMYnFORDBxYXYwRnMKUUh4NHJraFVQS0JtYnRDcHJCR1FRQzByTzlMSGJ1Y0dDcWc3ekg1Y3JNUUI2T0hzbEl3b2dqVTQvbW0yd2NWegpOakI5aEZ1VzBJSVFuRTVYckZMeDNGeXVteGQ0RVM0Y0NCOXY5QVhEeTBXalRMZHdpbUdoR3RlWDRBRGRKK29KCjBFN3NZRG9JSXZoK25ycUpRTG95TGlqMEEzTVJlVjFrTnowQnFMQjhnTnhVMlM1ZzZML08wMmQ4S29idmlkL1oKQXJ5QVIyazNqUTBPMXpONlMyTU1IUXZKQUJ6bmcxYjd0OHp2Yks2UGNKYWZ4clZmL3JvQ0ZIOEhENTZUeC9WYgo5cXdXSW5Gc1YzajM1T21aaTdlMjJwSW8zcDU2NWx3dVROQ2NUdVorWHJ6OVRUSzFhUmZSV0tVcFFXemVDUXVGCnk2azVaVXVVbmwwLzBnTlZCejdIT1NZL0pxVldVRkM2UXNIWDdiWkdVczNCOWlBdTlLTWdEUEtTN1JtV21oZGMKaTdqTGp2TWJ5WFJyVlM3bXRFcS9nelYvOFdNZnk4NEh2ZDJuZ1lGeEJKVW1xdFZWVVVDOEMvdVlQbTRUL3JnTQovcElxYlRxc3ZHTFROUEV4UXhac29wNVF2SHh1QnErUm4yN3lOclZZOXZVaWw2RmRtd0tDQVFFQS9VOHNIY0U4CmpYNXc3bUpVSUFEclZlcDlNbzdKTE5EeDRMN3hJU0xGSkNSK29yeVM4NmdCTlUwQVZBUzhDdnFDL0J6WERRd1oKcEFPQWMxRkZrcGhRbmxOQm9ZRU5SZXBrbEk3eE9wNURLUGdIN0w2RStMRlBheWk4TXZTTURBOW10L2F3ZjdDdgo5c3BHQStDalpWME5XSXQxVkRwNnJLbUVrNUdrYy9wU1BVSkJWLy96S3NsbVIxb1FRbUw2YnJKcXMyMVhYeDF1CnpmODhXRDZrRzRxNW9PZDNCeW9aVmNsWXVZOXd1VkNjTXJXUmhEWnNmZ3hudGE4SWtLbVNUR00xbWlPTmZkR1MKajd4aEtjZ2dlSHlxUEZmWnBNOEhDenFQL1lDcDA1cURuQWJWM2szVklJZlJCTC9YMEIvd3RwZllhQmZDVnQ2SQpvbFhvUmJQdFA1TGxLd0tDQVFFQTdOY2NKaXQ0MGxLVWp6MmsyVzcwdWJRYTBPbGlncmNTOXBDbmMyeDdtS2RaCmx1d0ZMQ3dWRE9teVI2QWUwTjd0NWxkMGFCdlJ4S3BtMEtWNURwTXJxTUNDVStyWmorNWhidllKeWd3di9pSVEKQnZ0d2hvOWdCa2NwdDIzdXN2QURqRm52MlJWTTJJRUd1aWZ4VW84ZUNzclpmWHU2MGdEeFVicU1rYVNMVk5kMQp3TzB0aXAxWkM1d29Od21LZmh3NXQ2RWczaG5JUTdsaVkvTjU3MFVxKzBMcHkwakdjZHlYRExydWV2Nkw1TE0rCkJuY0pHV2Rua3lIRTR5cUZkZ2VIM2U0RFBXR2o0K2gxM1FKUVd1THFWVzNCUnZ4c21JUEY1R09lSnA3Q1pCanUKY1RlcWg0WlNFNGVwNGVUakhoWkNGQXk2RDM0ZU51YVI5a1R6b09FYld3S0NBUUVBMklWYlRWZkdmWi9Od2taMAphQ0xCQm1CNGdjWEJPamlqK0JyZW5CZFBjZlJyOW9qQUI5dmNwSVhjT1BVUEUwZE12Vm1kakw2Q0VFc1orZmhIClF1WkZTd0FaZ29hQUpQb1UzVk5ONlhBc01oSEpIRmxCNmg0TnA2aGJMaWNRcXFKamgrNHFzZ3NDYmk0NktNaFUKZ3FsR1ppQld1eGQ5a3FjWDl0ZXdQWjZEdTI4dDBaMnJhakJhNTdTWlgxV2hnUXVxM3hJZ2MrSUJ1NzFuQkhzTwo1YWZ2d2hUNERqeXpDVHdoUmdQUk0rWXVqYjNiMDZwOWxFVGdSVkdIUGJoa29EelJMWjhrSzU3KzZ6UDN6YklOCjUwK1FhQ0lqbkplR0N0Z1ZDbmgzTWJQS3VZeXlOT0pNd2hDMTNweHBTYkp6bkhBdy85RUhRaC9YcFFOUGxuMFUKMTVtbG53S0NBUUJ5VUNFMkN5VjEzb1gxM1RzRDk1b0hSL2JwZnJ3ZGUxK2J3cFlRRC94WDRlNUwrZjlGSXNIRwpTY1hTN0dYelNxWm8xeTFJVXFVYzEySm9zbldMbzEwZlJrdWhWV2xOSHpISDdOa3N2RlV0eENNWU82UkVUazk2CnVENWFXcVVybU0wZG9Rc3pMQ1M3R3d1MExqTThOZmU2SGM1NzBveUpjQXNKOTVDQmUzb0VxVG9jdEYyVzJmdHcKcng1NThoRDJiWWt1S0lkRXJBME5JeDFxUU1wSndvak1YYSthZnJYSm56OEkxZkRsVEpjWSs2cWtWREFBSXZqSworekdjczVsWExxdFZZdHdOZEdNMlRhMFZ6MWdaaGd5MHp4VEt2bXRyOGE1Q1hoS25jVmxDRndaL2Z1N0FHd1RpCmlFaG16Nk1Qa282eVBySlBhQUFOWDV4ejBUUUdJcUNoQW9JQkFINlhkWTFxWjdMTnpUM0V5clA2TWlROW5PZU0KR3dRSE9vK1Z2OTZsM3MyZ1o3ZzBoWEZQRThWbVlFN1ZKK1NGU2xoQ2lWdGZOdlRJREhXUVRtYWV6RjI3UGdQSwovd3NsbkhubU53dkQvcGdhKzdNRXZyaVo3dlF1Zys0Si9CcFRTQ0RBc3hMSHY2TU1FQWJyZ2tKc0tGdFBzdEVZCjhMa2twQjdZamd1OHUwRnk4MlVhbENWcGR6R0Z3VzF4QUhrRWd4Rnpxd1pKWUZodFNFK1RhaDJwLzVhOVNmekgKWWc3eTNQbkJ6dTduSllkVXQ2SFVjNzNKU3hVNUZoaFhFNjFzTUgwSGlmMVE4VHJsbCtWU0l5R2dnQXY5ZEN5NApodjBoN2hkazFYTmJhdDIvQzhDbFRPU3FONEIzUitXS3dUR2lva3ZHaGsyK0pZQkdsekwwbTFBSHBEbz0KLS0tLS1FTkQgUlNBIFBSSVZBVEUgS0VZLS0tLS0K\n    token: nkslt6str6448gqhfzjgttctcqefvenaf5eei27s0spoiz5h2gyagcknfa0wvfbzq0kv8nzja89czoagb6nndwqknyu7koyww8kv8b51dyfdgxkq77dp9wtseyyc9v99\n",
            "content_base64": null,
            "content_base64sha256": "PfGkc0VmjJ/hea+jPX+WPtrWzEDJ+4lp/05xxWie7wo=",
            "content_base64sha512": "khdt+pNqdTM3Z5jpRLMWv0LT0wyS9rju7Dy03h+KJfnMWfPAFwLzTuWEdfJG8qTrlbCn6rXXXnLWaCwGvA5sQg==",
            "content_md5": "82802ddde8a6774a5f6c38156b4d5da0",
            "content_sha1": "5724564ddd637e2f97af7e09015ae513c768cb78",
            "content_sha256": "3df1a47345668c9fe179afa33d7f963edad6cc40c9fb8969ff4e71c5689eef0a",
            "content_sha512": "92176dfa936a7533376798e944b316bf42d3d30c92f6b8eeec3cb4de1f8a25f9cc59f3c01702f34ee58475f246f2a4eb95b0a7eab5d75e72d6682c06bc0e6c42",
            "directory_permission": "0777",
            "file_permission": "0777",
            "filename": "./kubeconfig-aks.yaml",
            "id": "5724564ddd637e2f97af7e09015ae513c768cb78",
            "sensitive_content": null,
            "source": null
          },
          "sensitive_attributes": [
            [
              {
                "type": "get_attr",
                "value": "content"
              }
            ],
            [
              {
                "type": "get_attr",
                "value": "sensitive_content"
              }
            ]
          ],
          "identity_schema_version": 0,
          "dependencies": [
            "azurerm_kubernetes_cluster.aks_cluster",
            "azurerm_resource_group.azure_rg",
            "azurerm_resource_group.azure_spoke_rg",
            "azurerm_subnet.azure_aks_node_subnet",
            "azurerm_virtual_network.azure_spoke_vnet"
          ]
        }
      ]
    },
    {
      "mode": "managed",
      "type": "null_resource",
      "name": "generate_kubeconfig",
      "provider": "provider[\"registry.terraform.io/hashicorp/null\"]",
      "instances": [
        {
          "schema_version": 0,
          "attributes": {
            "id": "7893640149403687901",
            "triggers": null
          },
          "sensitive_attributes": [],
          "identity_schema_version": 0,
          "dependencies": [
            "aws_subnet.aws_eks_node_subnet",
            "aws_subnet.aws_eks_node_subnet_2",
            "aws_vpc.aws_spoke_vpc",
            "module.eks.aws_cloudwatch_log_group.this",
            "module.eks.aws_ec2_tag.cluster_primary_security_group",
            "module.eks.aws_eks_access_entry.this",
            "module.eks.aws_eks_access_policy_association.this",
            "module.eks.aws_eks_addon.before_compute",
            "module.eks.aws_eks_addon.this",
            "module.eks.aws_eks_cluster.this",
            "module.eks.aws_eks_identity_provider_config.this",
            "module.eks.aws_iam_openid_connect_provider.oidc_provider",
            "module.eks.aws_iam_policy.cluster_encryption",
            "module.eks.aws_iam_policy.cni_ipv6_policy",
            "module.eks.aws_iam_policy.custom",
            "module.eks.aws_iam_role.eks_auto",
            "module.eks.aws_iam_role.this",
            "module.eks.aws_iam_role_policy_attachment.additional",
            "module.eks.aws_iam_role_policy_attachment.cluster_encryption",
            "module.eks.aws_iam_role_policy_attachment.custom",
            "module.eks.aws_iam_role_policy_attachment.eks_auto",
            "module.eks.aws_iam_role_policy_attachment.eks_auto_additional",
            "module.eks.aws_iam_role_policy_attachment.this",
            "module.eks.aws_security_group.cluster",
            "module.eks.aws_security_group.node",
            "module.eks.aws_security_group_rule.cluster",
            "module.eks.aws_security_group_rule.node",
            "module.eks.data.aws_caller_identity.current",
            "module.eks.data.aws_eks_addon_version.this",
            "module.eks.data.aws_iam_policy_document.assume_role_policy",
            "module.eks.data.aws_iam_policy_document.cni_ipv6_policy",
            "module.eks.data.aws_iam_policy_document.custom",
            "module.eks.data.aws_iam_policy_document.node_assume_role_policy",
            "module.eks.data.aws_iam_session_context.current",
            "module.eks.data.aws_partition.current",
            "module.eks.data.tls_certificate.this",
            "module.eks.module.eks_managed_node_group.aws_autoscaling_schedule.this",
            "module.eks.module.eks_managed_node_group.aws_eks_node_group.this",
            "module.eks.module.eks_managed_node_group.aws_iam_role.this",
            "module.eks.module.eks_managed_node_group.aws_iam_role_policy.this",
            "module.eks.module.eks_managed_node_group.aws_iam_role_policy_attachment.additional",
            "module.eks.module.eks_managed_node_group.aws_iam_role_policy_attachment.this",
            "module.eks.module.eks_managed_node_group.aws_launch_template.this",
            "module.eks.module.eks_managed_node_group.aws_placement_group.this",
            "module.eks.module.eks_managed_node_group.data.aws_caller_identity.current",
            "module.eks.module.eks_managed_node_group.data.aws_ec2_instance_type.this",
            "module.eks.module.eks_managed_node_group.data.aws_ec2_instance_type_offerings.this",
            "module.eks.module.eks_managed_node_group.data.aws_iam_policy_document.assume_role_policy",
            "module.eks.module.eks_managed_node_group.data.aws_iam_policy_document.role",
            "module.eks.module.eks_managed_node_group.data.aws_partition.current",
            "module.eks.module.eks_managed_node_group.data.aws_ssm_parameter.ami",
            "module.eks.module.eks_managed_node_group.data.aws_subnets.placement_group",
            "module.eks.module.eks_managed_node_group.module.user_data.data.cloudinit_config.al2023_eks_managed_node_group",
            "module.eks.module.eks_managed_node_group.module.user_data.data.cloudinit_config.linux_eks_managed_node_group",
            "module.eks.module.eks_managed_node_group.module.user_data.null_resource.validate_cluster_service_cidr",
            "module.eks.module.fargate_profile.aws_eks_fargate_profile.this",
            "module.eks.module.fargate_profile.aws_iam_role.this",
            "module.eks.module.fargate_profile.aws_iam_role_policy.this",
            "module.eks.module.fargate_profile.aws_iam_role_policy_attachment.additional",
            "module.eks.module.fargate_profile.aws_iam_role_policy_attachment.this",
            "module.eks.module.fargate_profile.data.aws_caller_identity.current",
            "module.eks.module.fargate_profile.data.aws_iam_policy_document.assume_role_policy",
            "module.eks.module.fargate_profile.data.aws_iam_policy_document.role",
            "module.eks.module.fargate_profile.data.aws_partition.current",
            "module.eks.module.fargate_profile.data.aws_region.current",
            "module.eks.module.kms.aws_kms_alias.this",
            "module.eks.module.kms.aws_kms_external_key.this",
            "module.eks.module.kms.aws_kms_grant.this",
            "module.eks.module.kms.aws_kms_key.this",
            "module.eks.module.kms.aws_kms_replica_external_key.this",
            "module.eks.module.kms.aws_kms_replica_key.this",
            "module.eks.module.kms.data.aws_caller_identity.current",
            "module.eks.module.kms.data.aws_iam_policy_document.this",
            "module.eks.module.kms.data.aws_partition.current",
            "module.eks.module.self_managed_node_group.aws_autoscaling_group.this",
            "module.eks.module.self_managed_node_group.aws_autoscaling_schedule.this",
            "module.eks.module.self_managed_node_group.aws_eks_access_entry.this",
            "module.eks.module.self_managed_node_group.aws_iam_instance_profile.this",
            "module.eks.module.self_managed_node_group.aws_iam_role.this",
            "module.eks.module.self_managed_node_group.aws_iam_role_policy.this",
            "module.eks.module.self_managed_node_group.aws_iam_role_policy_attachment.additional",
            "module.eks.module.self_managed_node_group.aws_iam_role_policy_attachment.this",
            "module.eks.module.self_managed_node_group.aws_launch_template.this",
            "module.eks.module.self_managed_node_group.aws_placement_group.this",
            "module.eks.module.self_managed_node_group.data.aws_caller_identity.current",
            "module.eks.module.self_managed_node_group.data.aws_ec2_instance_type.this",
            "module.eks.module.self_managed_node_group.data.aws_ec2_instance_type_offerings.this",
            "module.eks.module.self_managed_node_group.data.aws_iam_policy_document.assume_role_policy",
            "module.eks.module.self_managed_node_group.data.aws_iam_policy_document.role",
            "module.eks.module.self_managed_node_group.data.aws_partition.current",
            "module.eks.module.self_managed_node_group.data.aws_ssm_parameter.ami",
            "module.eks.module.self_managed_node_group.data.aws_subnets.placement_group",
            "module.eks.module.self_managed_node_group.module.user_data.data.cloudinit_config.al2023_eks_managed_node_group",
            "module.eks.module.self_managed_node_group.module.user_data.data.cloudinit_config.linux_eks_managed_node_group",
            "module.eks.module.self_managed_node_group.module.user_data.null_resource.validate_cluster_service_cidr",
            "module.eks.time_sleep.this"
          ]
        }
      ]
    },
    {
      "mode": "managed",
      "type": "time_sleep",
      "name": "pause_before_postgres",
      "provider": "provider[\"registry.terraform.io/hashicorp/time\"]",
      "instances": [
        {
          "schema_version": 0,
          "attributes": {
            "create_duration": "5s",
            "destroy_duration": null,
            "id": "2025-07-23T23:07:15Z",
            "triggers": null
          },
          "sensitive_attributes": [],
          "identity_schema_version": 0
        }
      ]
    },
    {
      "mode": "managed",
      "type": "time_sleep",
      "name": "pause_before_redis",
      "provider": "provider[\"registry.terraform.io/hashicorp/time\"]",
      "instances": [
        {
          "schema_version": 0,
          "attributes": {
            "create_duration": "5s",
            "destroy_duration": null,
            "id": "2025-07-23T23:07:15Z",
            "triggers": null
          },
          "sensitive_attributes": [],
          "identity_schema_version": 0
        }
      ]
    },
    {
      "module": "module.aws_spoke",
      "mode": "managed",
      "type": "aviatrix_spoke_gateway",
      "name": "default",
      "provider": "provider[\"registry.terraform.io/aviatrixsystems/aviatrix\"]",
      "instances": [
        {
          "schema_version": 2,
          "attributes": {
            "account_name": "mihaiaviatrix",
            "allocate_new_eip": true,
            "approved_learned_cidrs": [],
            "availability_domain": null,
            "azure_eip_name_resource_group": null,
            "bgp_ecmp": false,
            "bgp_hold_time": 180,
            "bgp_lan_interfaces_count": 0,
            "bgp_lan_ip_list": [],
            "bgp_neighbor_status_polling_time": 5,
            "bgp_polling_time": 50,
            "cloud_instance_id": "i-0ae83263e08a1555d",
            "cloud_type": 1,
            "customer_managed_keys": null,
            "customized_spoke_vpc_routes": "",
            "delete_spot": null,
            "disable_route_propagation": false,
            "eip": "35.158.76.30",
            "enable_active_standby": false,
            "enable_active_standby_preemptive": false,
            "enable_auto_advertise_s2c_cidrs": false,
            "enable_bgp": false,
            "enable_bgp_over_lan": false,
            "enable_encrypt_volume": false,
            "enable_global_vpc": false,
            "enable_gro_gso": true,
            "enable_jumbo_frame": true,
            "enable_learned_cidrs_approval": false,
            "enable_monitor_gateway_subnets": false,
            "enable_preserve_as_path": false,
            "enable_private_oob": false,
            "enable_private_vpc_default_route": false,
            "enable_skip_public_route_table_update": false,
            "enable_spot_instance": null,
            "enable_vpc_dns_server": false,
            "fault_domain": null,
            "filtered_spoke_vpc_routes": "",
            "gw_name": "mc-aws-spoke",
            "gw_size": "t3.medium",
            "ha_availability_domain": "",
            "ha_azure_eip_name_resource_group": "",
            "ha_bgp_lan_ip_list": [],
            "ha_cloud_instance_id": "",
            "ha_eip": "",
            "ha_fault_domain": "",
            "ha_gw_name": "",
            "ha_gw_size": "",
            "ha_image_version": "",
            "ha_insane_mode_az": "",
            "ha_oob_availability_zone": "",
            "ha_oob_management_subnet": "",
            "ha_private_ip": "",
            "ha_private_mode_subnet_zone": "",
            "ha_public_ip": "",
            "ha_security_group_id": "",
            "ha_software_version": "",
            "ha_subnet": "",
            "ha_zone": "",
            "id": "mc-aws-spoke",
            "image_version": "avx-gateway-aws-g3-202504251525",
            "included_advertised_spoke_routes": "172.16.10.100/32",
            "insane_mode": false,
            "insane_mode_az": "",
            "learned_cidrs_approval_mode": "gateway",
            "local_as_number": "",
            "manage_ha_gateway": true,
            "monitor_exclude_list": [],
            "oob_availability_zone": null,
            "oob_management_subnet": null,
            "prepend_as_path": [],
            "private_ip": "10.100.0.14",
            "private_mode_lb_vpc_id": "",
            "private_mode_subnet_zone": "",
            "public_ip": "35.158.76.30",
            "rx_queue_size": "",
            "security_group_id": "sg-0a6e0fc60064cadb0",
            "single_az_ha": false,
            "single_ip_snat": false,
            "software_version": "8.0.0-1000.2432",
            "spoke_bgp_manual_advertise_cidrs": [],
            "spot_price": null,
            "subnet": "10.100.0.0/28",
            "tags": {},
            "tunnel_detection_time": 60,
            "vpc_id": "vpc-048797b2556043224",
            "vpc_reg": "eu-central-1",
            "zone": null
          },
          "sensitive_attributes": [
            [
              {
                "type": "get_attr",
                "value": "customer_managed_keys"
              }
            ]
          ],
          "identity_schema_version": 0,
          "private": "eyJzY2hlbWFfdmVyc2lvbiI6IjIifQ==",
          "dependencies": [
            "aws_route_table.spoke_rt",
            "aws_subnet.aws_spoke_gw_subnet",
            "aws_vpc.aws_spoke_vpc",
            "module.aws_spoke.aviatrix_vpc.default"
          ]
        }
      ]
    },
    {
      "module": "module.aws_spoke",
      "mode": "managed",
      "type": "aviatrix_spoke_transit_attachment",
      "name": "default",
      "provider": "provider[\"registry.terraform.io/aviatrixsystems/aviatrix\"]",
      "instances": [
        {
          "index_key": 0,
          "schema_version": 0,
          "attributes": {
            "enable_max_performance": true,
            "id": "mc-aws-spoke~avx-eu-central-1-transit",
            "route_tables": null,
            "spoke_bgp_enabled": false,
            "spoke_gw_name": "mc-aws-spoke",
            "spoke_prepend_as_path": [],
            "transit_gateway_logical_ifnames": null,
            "transit_gw_name": "avx-eu-central-1-transit",
            "transit_prepend_as_path": [],
            "tunnel_count": null
          },
          "sensitive_attributes": [],
          "identity_schema_version": 0,
          "private": "bnVsbA==",
          "dependencies": [
            "aws_internet_gateway.transit_gw",
            "aws_route_table.spoke_rt",
            "aws_route_table.transit_rt",
            "aws_subnet.aws_spoke_gw_subnet",
            "aws_subnet.aws_transit_subnet",
            "aws_vpc.aws_spoke_vpc",
            "aws_vpc.aws_transit_vpc",
            "module.aws_spoke.aviatrix_spoke_gateway.default",
            "module.aws_spoke.aviatrix_spoke_ha_gateway.additional",
            "module.aws_spoke.aviatrix_spoke_ha_gateway.hagw",
            "module.aws_spoke.aviatrix_vpc.default",
            "module.aws_transit.aviatrix_transit_gateway.default",
            "module.aws_transit.aviatrix_vpc.bgp_over_lan_vpc",
            "module.aws_transit.aviatrix_vpc.default",
            "module.aws_transit.aviatrix_vpc.lan_vpc"
          ]
        }
      ]
    },
    {
      "module": "module.aws_spoke",
      "mode": "managed",
      "type": "aviatrix_vpc",
      "name": "default",
      "provider": "provider[\"registry.terraform.io/aviatrixsystems/aviatrix\"]",
      "instances": []
    },
    {
      "module": "module.aws_transit",
      "mode": "managed",
      "type": "aviatrix_transit_gateway",
      "name": "default",
      "provider": "provider[\"registry.terraform.io/aviatrixsystems/aviatrix\"]",
      "instances": [
        {
          "schema_version": 1,
          "attributes": {
            "account_name": "mihaiaviatrix",
            "allocate_new_eip": true,
            "approved_learned_cidrs": [],
            "availability_domain": null,
            "azure_eip_name_resource_group": null,
            "bgp_ecmp": false,
            "bgp_hold_time": 180,
            "bgp_lan_interfaces": [],
            "bgp_lan_interfaces_count": 0,
            "bgp_lan_ip_list": [],
            "bgp_manual_spoke_advertise_cidrs": "",
            "bgp_neighbor_status_polling_time": 5,
            "bgp_polling_time": 50,
            "cloud_instance_id": "i-0d7e96e3f60f68166",
            "cloud_type": 1,
            "connected_transit": true,
            "customer_managed_keys": null,
            "customized_spoke_vpc_routes": "",
            "customized_transit_vpc_routes": [],
            "delete_spot": null,
            "device_id": null,
            "eip": "3.127.186.201",
            "eip_map": [],
            "enable_active_standby": false,
            "enable_active_standby_preemptive": false,
            "enable_advertise_transit_cidr": false,
            "enable_bgp_over_lan": false,
            "enable_egress_transit_firenet": false,
            "enable_encrypt_volume": false,
            "enable_firenet": false,
            "enable_gateway_load_balancer": false,
            "enable_gro_gso": true,
            "enable_hybrid_connection": false,
            "enable_jumbo_frame": true,
            "enable_learned_cidrs_approval": false,
            "enable_monitor_gateway_subnets": false,
            "enable_multi_tier_transit": false,
            "enable_preserve_as_path": false,
            "enable_private_oob": false,
            "enable_s2c_rx_balancing": false,
            "enable_segmentation": false,
            "enable_spot_instance": null,
            "enable_transit_firenet": false,
            "enable_transit_summarize_cidr_to_tgw": false,
            "enable_vpc_dns_server": false,
            "excluded_advertised_spoke_routes": "",
            "fault_domain": null,
            "filtered_spoke_vpc_routes": "",
            "gw_name": "avx-eu-central-1-transit",
            "gw_size": "t3.medium",
            "ha_availability_domain": "",
            "ha_azure_eip_name_resource_group": "",
            "ha_bgp_lan_interfaces": [],
            "ha_bgp_lan_ip_list": [],
            "ha_cloud_instance_id": "",
            "ha_device_id": null,
            "ha_eip": "",
            "ha_fault_domain": "",
            "ha_gw_name": "",
            "ha_gw_size": "",
            "ha_image_version": "",
            "ha_insane_mode_az": "",
            "ha_interfaces": [],
            "ha_lan_interface_cidr": "",
            "ha_management_egress_ip_prefix_list": null,
            "ha_oob_availability_zone": "",
            "ha_oob_management_subnet": "",
            "ha_private_ip": "",
            "ha_private_mode_subnet_zone": "",
            "ha_public_ip": "",
            "ha_security_group_id": "",
            "ha_software_version": "",
            "ha_subnet": "",
            "ha_zone": "",
            "id": "avx-eu-central-1-transit",
            "image_version": "avx-gateway-aws-g3-202504251525",
            "insane_mode": false,
            "insane_mode_az": "",
            "interface_mapping": [],
            "interfaces": [],
            "lan_interface_cidr": "",
            "lan_private_subnet": null,
            "lan_vpc_id": null,
            "learned_cidrs_approval_mode": "gateway",
            "local_as_number": "",
            "management_egress_ip_prefix_list": null,
            "monitor_exclude_list": [],
            "oob_availability_zone": null,
            "oob_management_subnet": null,
            "peer_backup_logical_ifname": null,
            "peer_connection_type": null,
            "prepend_as_path": [],
            "private_ip": "192.168.10.6",
            "private_mode_lb_vpc_id": "",
            "private_mode_subnet_zone": "",
            "public_ip": "3.127.186.201",
            "rx_queue_size": "",
            "security_group_id": "sg-06ba36a08c014c93c",
            "single_az_ha": false,
            "single_ip_snat": false,
            "software_version": "8.0.0-1000.2432",
            "spot_price": null,
            "subnet": "192.168.10.0/28",
            "tags": {},
            "tunnel_detection_time": 60,
            "vpc_id": "vpc-0824a489e5813427c",
            "vpc_reg": "eu-central-1",
            "zone": null,
            "ztp_file_download_path": null
          },
          "sensitive_attributes": [
            [
              {
                "type": "get_attr",
                "value": "customer_managed_keys"
              }
            ]
          ],
          "identity_schema_version": 0,
          "private": "eyJzY2hlbWFfdmVyc2lvbiI6IjEifQ==",
          "dependencies": [
            "aws_internet_gateway.transit_gw",
            "aws_route_table.transit_rt",
            "aws_subnet.aws_transit_subnet",
            "aws_vpc.aws_transit_vpc",
            "module.aws_transit.aviatrix_vpc.bgp_over_lan_vpc",
            "module.aws_transit.aviatrix_vpc.default",
            "module.aws_transit.aviatrix_vpc.lan_vpc"
          ]
        }
      ]
    },
    {
      "module": "module.aws_transit",
      "mode": "managed",
      "type": "aviatrix_vpc",
      "name": "bgp_over_lan_vpc",
      "provider": "provider[\"registry.terraform.io/aviatrixsystems/aviatrix\"]",
      "instances": []
    },
    {
      "module": "module.aws_transit",
      "mode": "managed",
      "type": "aviatrix_vpc",
      "name": "default",
      "provider": "provider[\"registry.terraform.io/aviatrixsystems/aviatrix\"]",
      "instances": []
    },
    {
      "module": "module.aws_transit",
      "mode": "managed",
      "type": "aviatrix_vpc",
      "name": "lan_vpc",
      "provider": "provider[\"registry.terraform.io/aviatrixsystems/aviatrix\"]",
      "instances": []
    },
    {
      "module": "module.azure_spoke",
      "mode": "managed",
      "type": "aviatrix_spoke_gateway",
      "name": "default",
      "provider": "provider[\"registry.terraform.io/aviatrixsystems/aviatrix\"]",
      "instances": [
        {
          "schema_version": 2,
          "attributes": {
            "account_name": "azureaviatrix",
            "allocate_new_eip": true,
            "approved_learned_cidrs": [],
            "availability_domain": null,
            "azure_eip_name_resource_group": null,
            "bgp_ecmp": false,
            "bgp_hold_time": 180,
            "bgp_lan_interfaces_count": 0,
            "bgp_lan_ip_list": [],
            "bgp_neighbor_status_polling_time": 5,
            "bgp_polling_time": 50,
            "cloud_instance_id": "av-gw-mc-azure-spoke",
            "cloud_type": 8,
            "customer_managed_keys": null,
            "customized_spoke_vpc_routes": "",
            "delete_spot": null,
            "disable_route_propagation": false,
            "eip": "132.220.245.208",
            "enable_active_standby": false,
            "enable_active_standby_preemptive": false,
            "enable_auto_advertise_s2c_cidrs": false,
            "enable_bgp": false,
            "enable_bgp_over_lan": false,
            "enable_encrypt_volume": false,
            "enable_global_vpc": false,
            "enable_gro_gso": true,
            "enable_jumbo_frame": true,
            "enable_learned_cidrs_approval": false,
            "enable_monitor_gateway_subnets": false,
            "enable_preserve_as_path": false,
            "enable_private_oob": false,
            "enable_private_vpc_default_route": false,
            "enable_skip_public_route_table_update": false,
            "enable_spot_instance": null,
            "enable_vpc_dns_server": false,
            "fault_domain": null,
            "filtered_spoke_vpc_routes": "",
            "gw_name": "mc-azure-spoke",
            "gw_size": "Standard_B1ms",
            "ha_availability_domain": "",
            "ha_azure_eip_name_resource_group": "",
            "ha_bgp_lan_ip_list": [],
            "ha_cloud_instance_id": "",
            "ha_eip": "",
            "ha_fault_domain": "",
            "ha_gw_name": "",
            "ha_gw_size": "",
            "ha_image_version": "",
            "ha_insane_mode_az": "",
            "ha_oob_availability_zone": "",
            "ha_oob_management_subnet": "",
            "ha_private_ip": "",
            "ha_private_mode_subnet_zone": "",
            "ha_public_ip": "",
            "ha_security_group_id": "",
            "ha_software_version": "",
            "ha_subnet": "",
            "ha_zone": "",
            "id": "mc-azure-spoke",
            "image_version": "aviatrix-gateway-g3:20250425.1525.0",
            "included_advertised_spoke_routes": "172.20.20.101/32,172.20.20.100/32",
            "insane_mode": false,
            "insane_mode_az": "",
            "learned_cidrs_approval_mode": "gateway",
            "local_as_number": "",
            "manage_ha_gateway": true,
            "monitor_exclude_list": [],
            "oob_availability_zone": null,
            "oob_management_subnet": null,
            "prepend_as_path": [],
            "private_ip": "10.100.0.4",
            "private_mode_lb_vpc_id": "",
            "private_mode_subnet_zone": "",
            "public_ip": "132.220.245.208",
            "rx_queue_size": "",
            "security_group_id": "",
            "single_az_ha": false,
            "single_ip_snat": false,
            "software_version": "8.0.0-1000.2432",
            "spoke_bgp_manual_advertise_cidrs": [],
            "spot_price": null,
            "subnet": "10.100.0.0/28",
            "tags": {},
            "tunnel_detection_time": 60,
            "vpc_id": "azure-spoke-vnet:aviatrix-spoke-rg:5c708a1e-d89a-4d39-ac2f-422feec860f3",
            "vpc_reg": "West Europe",
            "zone": "az-1"
          },
          "sensitive_attributes": [
            [
              {
                "type": "get_attr",
                "value": "customer_managed_keys"
              }
            ]
          ],
          "identity_schema_version": 0,
          "private": "eyJzY2hlbWFfdmVyc2lvbiI6IjIifQ==",
          "dependencies": [
            "azurerm_resource_group.azure_spoke_rg",
            "azurerm_subnet.azure_aks_node_subnet",
            "azurerm_subnet.azure_internal_lb_subnet",
            "azurerm_subnet.azure_spoke_gw_subnet",
            "azurerm_virtual_network.azure_spoke_vnet",
            "module.azure_spoke.aviatrix_vpc.default"
          ]
        }
      ]
    },
    {
      "module": "module.azure_spoke",
      "mode": "managed",
      "type": "aviatrix_spoke_transit_attachment",
      "name": "default",
      "provider": "provider[\"registry.terraform.io/aviatrixsystems/aviatrix\"]",
      "instances": [
        {
          "index_key": 0,
          "status": "tainted",
          "schema_version": 0,
          "attributes": {
            "enable_max_performance": true,
            "id": "mc-azure-spoke~avx-west-europe-transit",
            "route_tables": null,
            "spoke_bgp_enabled": false,
            "spoke_gw_name": "mc-azure-spoke",
            "spoke_prepend_as_path": [],
            "transit_gateway_logical_ifnames": null,
            "transit_gw_name": "avx-west-europe-transit",
            "transit_prepend_as_path": [],
            "tunnel_count": null
          },
          "sensitive_attributes": [],
          "identity_schema_version": 0,
          "private": "bnVsbA==",
          "dependencies": [
            "azurerm_resource_group.azure_rg",
            "azurerm_resource_group.azure_spoke_rg",
            "azurerm_subnet.azure_aks_node_subnet",
            "azurerm_subnet.azure_internal_lb_subnet",
            "azurerm_subnet.azure_spoke_gw_subnet",
            "azurerm_subnet.azure_transit_subnet",
            "azurerm_virtual_network.azure_spoke_vnet",
            "azurerm_virtual_network.azure_transit_vnet",
            "module.azure_spoke.aviatrix_spoke_gateway.default",
            "module.azure_spoke.aviatrix_spoke_ha_gateway.additional",
            "module.azure_spoke.aviatrix_spoke_ha_gateway.hagw",
            "module.azure_spoke.aviatrix_vpc.default",
            "module.azure_transit.aviatrix_transit_gateway.default",
            "module.azure_transit.aviatrix_vpc.bgp_over_lan_vpc",
            "module.azure_transit.aviatrix_vpc.default",
            "module.azure_transit.aviatrix_vpc.lan_vpc"
          ]
        }
      ]
    },
    {
      "module": "module.azure_spoke",
      "mode": "managed",
      "type": "aviatrix_vpc",
      "name": "default",
      "provider": "provider[\"registry.terraform.io/aviatrixsystems/aviatrix\"]",
      "instances": []
    },
    {
      "module": "module.azure_transit",
      "mode": "managed",
      "type": "aviatrix_transit_gateway",
      "name": "default",
      "provider": "provider[\"registry.terraform.io/aviatrixsystems/aviatrix\"]",
      "instances": [
        {
          "schema_version": 1,
          "attributes": {
            "account_name": "azureaviatrix",
            "allocate_new_eip": true,
            "approved_learned_cidrs": [],
            "availability_domain": null,
            "azure_eip_name_resource_group": null,
            "bgp_ecmp": false,
            "bgp_hold_time": 180,
            "bgp_lan_interfaces": [],
            "bgp_lan_interfaces_count": 0,
            "bgp_lan_ip_list": [],
            "bgp_manual_spoke_advertise_cidrs": "",
            "bgp_neighbor_status_polling_time": 5,
            "bgp_polling_time": 50,
            "cloud_instance_id": "av-gw-avx-west-europe-transit",
            "cloud_type": 8,
            "connected_transit": true,
            "customer_managed_keys": null,
            "customized_spoke_vpc_routes": "",
            "customized_transit_vpc_routes": [],
            "delete_spot": null,
            "device_id": null,
            "eip": "20.238.234.63",
            "eip_map": [],
            "enable_active_standby": false,
            "enable_active_standby_preemptive": false,
            "enable_advertise_transit_cidr": false,
            "enable_bgp_over_lan": false,
            "enable_egress_transit_firenet": false,
            "enable_encrypt_volume": false,
            "enable_firenet": false,
            "enable_gateway_load_balancer": false,
            "enable_gro_gso": true,
            "enable_hybrid_connection": false,
            "enable_jumbo_frame": true,
            "enable_learned_cidrs_approval": false,
            "enable_monitor_gateway_subnets": false,
            "enable_multi_tier_transit": false,
            "enable_preserve_as_path": false,
            "enable_private_oob": false,
            "enable_s2c_rx_balancing": false,
            "enable_segmentation": false,
            "enable_spot_instance": null,
            "enable_transit_firenet": false,
            "enable_transit_summarize_cidr_to_tgw": false,
            "enable_vpc_dns_server": false,
            "excluded_advertised_spoke_routes": "",
            "fault_domain": null,
            "filtered_spoke_vpc_routes": "",
            "gw_name": "avx-west-europe-transit",
            "gw_size": "Standard_B1ms",
            "ha_availability_domain": "",
            "ha_azure_eip_name_resource_group": "",
            "ha_bgp_lan_interfaces": [],
            "ha_bgp_lan_ip_list": [],
            "ha_cloud_instance_id": "",
            "ha_device_id": null,
            "ha_eip": "",
            "ha_fault_domain": "",
            "ha_gw_name": "",
            "ha_gw_size": "",
            "ha_image_version": "",
            "ha_insane_mode_az": "",
            "ha_interfaces": [],
            "ha_lan_interface_cidr": "",
            "ha_management_egress_ip_prefix_list": null,
            "ha_oob_availability_zone": "",
            "ha_oob_management_subnet": "",
            "ha_private_ip": "",
            "ha_private_mode_subnet_zone": "",
            "ha_public_ip": "",
            "ha_security_group_id": "",
            "ha_software_version": "",
            "ha_subnet": "",
            "ha_zone": "",
            "id": "avx-west-europe-transit",
            "image_version": "aviatrix-gateway-g3:20250425.1525.0",
            "insane_mode": false,
            "insane_mode_az": "",
            "interface_mapping": [],
            "interfaces": [],
            "lan_interface_cidr": "",
            "lan_private_subnet": null,
            "lan_vpc_id": null,
            "learned_cidrs_approval_mode": "gateway",
            "local_as_number": "",
            "management_egress_ip_prefix_list": null,
            "monitor_exclude_list": [],
            "oob_availability_zone": null,
            "oob_management_subnet": null,
            "peer_backup_logical_ifname": null,
            "peer_connection_type": null,
            "prepend_as_path": [],
            "private_ip": "192.168.20.4",
            "private_mode_lb_vpc_id": "",
            "private_mode_subnet_zone": "",
            "public_ip": "20.238.234.63",
            "rx_queue_size": "",
            "security_group_id": "",
            "single_az_ha": false,
            "single_ip_snat": false,
            "software_version": "8.0.0-1000.2432",
            "spot_price": null,
            "subnet": "192.168.20.0/28",
            "tags": {},
            "tunnel_detection_time": 60,
            "vpc_id": "azure-transit-vnet:aviatrix-transit-rg:777152ff-de86-42c7-ba5e-a94e64dfd857",
            "vpc_reg": "West Europe",
            "zone": "az-1",
            "ztp_file_download_path": null
          },
          "sensitive_attributes": [
            [
              {
                "type": "get_attr",
                "value": "customer_managed_keys"
              }
            ]
          ],
          "identity_schema_version": 0,
          "private": "eyJzY2hlbWFfdmVyc2lvbiI6IjEifQ==",
          "dependencies": [
            "azurerm_resource_group.azure_rg",
            "azurerm_subnet.azure_transit_subnet",
            "azurerm_virtual_network.azure_transit_vnet",
            "module.azure_transit.aviatrix_vpc.bgp_over_lan_vpc",
            "module.azure_transit.aviatrix_vpc.default",
            "module.azure_transit.aviatrix_vpc.lan_vpc"
          ]
        }
      ]
    },
    {
      "module": "module.azure_transit",
      "mode": "managed",
      "type": "aviatrix_vpc",
      "name": "bgp_over_lan_vpc",
      "provider": "provider[\"registry.terraform.io/aviatrixsystems/aviatrix\"]",
      "instances": []
    },
    {
      "module": "module.azure_transit",
      "mode": "managed",
      "type": "aviatrix_vpc",
      "name": "default",
      "provider": "provider[\"registry.terraform.io/aviatrixsystems/aviatrix\"]",
      "instances": []
    },
    {
      "module": "module.azure_transit",
      "mode": "managed",
      "type": "aviatrix_vpc",
      "name": "lan_vpc",
      "provider": "provider[\"registry.terraform.io/aviatrixsystems/aviatrix\"]",
      "instances": []
    },
    {
      "module": "module.eks",
      "mode": "data",
      "type": "aws_caller_identity",
      "name": "current",
      "provider": "provider[\"registry.terraform.io/hashicorp/aws\"]",
      "instances": [
        {
          "index_key": 0,
          "schema_version": 0,
          "attributes": {
            "account_id": "234572319512",
            "arn": "arn:aws:iam::234572319512:root",
            "id": "234572319512",
            "user_id": "234572319512"
          },
          "sensitive_attributes": [],
          "identity_schema_version": 0
        }
      ]
    },
    {
      "module": "module.eks",
      "mode": "data",
      "type": "aws_eks_addon_version",
      "name": "this",
      "provider": "provider[\"registry.terraform.io/hashicorp/aws\"]",
      "instances": []
    },
    {
      "module": "module.eks",
      "mode": "data",
      "type": "aws_iam_policy_document",
      "name": "assume_role_policy",
      "provider": "provider[\"registry.terraform.io/hashicorp/aws\"]",
      "instances": [
        {
          "index_key": 0,
          "schema_version": 0,
          "attributes": {
            "id": "2830595799",
            "json": "{\n  \"Version\": \"2012-10-17\",\n  \"Statement\": [\n    {\n      \"Sid\": \"EKSClusterAssumeRole\",\n      \"Effect\": \"Allow\",\n      \"Action\": [\n        \"sts:TagSession\",\n        \"sts:AssumeRole\"\n      ],\n      \"Principal\": {\n        \"Service\": \"eks.amazonaws.com\"\n      }\n    }\n  ]\n}",
            "minified_json": "{\"Version\":\"2012-10-17\",\"Statement\":[{\"Sid\":\"EKSClusterAssumeRole\",\"Effect\":\"Allow\",\"Action\":[\"sts:TagSession\",\"sts:AssumeRole\"],\"Principal\":{\"Service\":\"eks.amazonaws.com\"}}]}",
            "override_json": null,
            "override_policy_documents": null,
            "policy_id": null,
            "source_json": null,
            "source_policy_documents": null,
            "statement": [
              {
                "actions": [
                  "sts:AssumeRole",
                  "sts:TagSession"
                ],
                "condition": [],
                "effect": "Allow",
                "not_actions": [],
                "not_principals": [],
                "not_resources": [],
                "principals": [
                  {
                    "identifiers": [
                      "eks.amazonaws.com"
                    ],
                    "type": "Service"
                  }
                ],
                "resources": [],
                "sid": "EKSClusterAssumeRole"
              }
            ],
            "version": "2012-10-17"
          },
          "sensitive_attributes": [],
          "identity_schema_version": 0
        }
      ]
    },
    {
      "module": "module.eks",
      "mode": "data",
      "type": "aws_iam_policy_document",
      "name": "cni_ipv6_policy",
      "provider": "provider[\"registry.terraform.io/hashicorp/aws\"]",
      "instances": []
    },
    {
      "module": "module.eks",
      "mode": "data",
      "type": "aws_iam_policy_document",
      "name": "custom",
      "provider": "provider[\"registry.terraform.io/hashicorp/aws\"]",
      "instances": [
        {
          "index_key": 0,
          "schema_version": 0,
          "attributes": {
            "id": "513122117",
            "json": "{\n  \"Version\": \"2012-10-17\",\n  \"Statement\": [\n    {\n      \"Sid\": \"Compute\",\n      \"Effect\": \"Allow\",\n      \"Action\": [\n        \"ec2:RunInstances\",\n        \"ec2:CreateLaunchTemplate\",\n        \"ec2:CreateFleet\"\n      ],\n      \"Resource\": \"*\",\n      \"Condition\": {\n        \"StringEquals\": {\n          \"aws:RequestTag/eks:eks-cluster-name\": \"${aws:PrincipalTag/eks:eks-cluster-name}\"\n        },\n        \"StringLike\": {\n          \"aws:RequestTag/eks:kubernetes-node-class-name\": \"*\",\n          \"aws:RequestTag/eks:kubernetes-node-pool-name\": \"*\"\n        }\n      }\n    },\n    {\n      \"Sid\": \"Storage\",\n      \"Effect\": \"Allow\",\n      \"Action\": [\n        \"ec2:CreateVolume\",\n        \"ec2:CreateSnapshot\"\n      ],\n      \"Resource\": [\n        \"arn:aws:ec2:*:*:volume/*\",\n        \"arn:aws:ec2:*:*:snapshot/*\"\n      ],\n      \"Condition\": {\n        \"StringEquals\": {\n          \"aws:RequestTag/eks:eks-cluster-name\": \"${aws:PrincipalTag/eks:eks-cluster-name}\"\n        }\n      }\n    },\n    {\n      \"Sid\": \"Networking\",\n      \"Effect\": \"Allow\",\n      \"Action\": \"ec2:CreateNetworkInterface\",\n      \"Resource\": \"*\",\n      \"Condition\": {\n        \"StringEquals\": {\n          \"aws:RequestTag/eks:eks-cluster-name\": \"${aws:PrincipalTag/eks:eks-cluster-name}\",\n          \"aws:RequestTag/eks:kubernetes-cni-node-name\": \"*\"\n        }\n      }\n    },\n    {\n      \"Sid\": \"LoadBalancer\",\n      \"Effect\": \"Allow\",\n      \"Action\": [\n        \"elasticloadbalancing:CreateTargetGroup\",\n        \"elasticloadbalancing:CreateRule\",\n        \"elasticloadbalancing:CreateLoadBalancer\",\n        \"elasticloadbalancing:CreateListener\",\n        \"ec2:CreateSecurityGroup\"\n      ],\n      \"Resource\": \"*\",\n      \"Condition\": {\n        \"StringEquals\": {\n          \"aws:RequestTag/eks:eks-cluster-name\": \"${aws:PrincipalTag/eks:eks-cluster-name}\"\n        }\n      }\n    },\n    {\n      \"Sid\": \"ShieldProtection\",\n      \"Effect\": \"Allow\",\n      \"Action\": \"shield:CreateProtection\",\n      \"Resource\": \"*\",\n      \"Condition\": {\n        \"StringEquals\": {\n          \"aws:RequestTag/eks:eks-cluster-name\": \"${aws:PrincipalTag/eks:eks-cluster-name}\"\n        }\n      }\n    },\n    {\n      \"Sid\": \"ShieldTagResource\",\n      \"Effect\": \"Allow\",\n      \"Action\": \"shield:TagResource\",\n      \"Resource\": \"arn:aws:shield::*:protection/*\",\n      \"Condition\": {\n        \"StringEquals\": {\n          \"aws:RequestTag/eks:eks-cluster-name\": \"${aws:PrincipalTag/eks:eks-cluster-name}\"\n        }\n      }\n    }\n  ]\n}",
            "minified_json": "{\"Version\":\"2012-10-17\",\"Statement\":[{\"Sid\":\"Compute\",\"Effect\":\"Allow\",\"Action\":[\"ec2:RunInstances\",\"ec2:CreateLaunchTemplate\",\"ec2:CreateFleet\"],\"Resource\":\"*\",\"Condition\":{\"StringEquals\":{\"aws:RequestTag/eks:eks-cluster-name\":\"${aws:PrincipalTag/eks:eks-cluster-name}\"},\"StringLike\":{\"aws:RequestTag/eks:kubernetes-node-class-name\":\"*\",\"aws:RequestTag/eks:kubernetes-node-pool-name\":\"*\"}}},{\"Sid\":\"Storage\",\"Effect\":\"Allow\",\"Action\":[\"ec2:CreateVolume\",\"ec2:CreateSnapshot\"],\"Resource\":[\"arn:aws:ec2:*:*:volume/*\",\"arn:aws:ec2:*:*:snapshot/*\"],\"Condition\":{\"StringEquals\":{\"aws:RequestTag/eks:eks-cluster-name\":\"${aws:PrincipalTag/eks:eks-cluster-name}\"}}},{\"Sid\":\"Networking\",\"Effect\":\"Allow\",\"Action\":\"ec2:CreateNetworkInterface\",\"Resource\":\"*\",\"Condition\":{\"StringEquals\":{\"aws:RequestTag/eks:eks-cluster-name\":\"${aws:PrincipalTag/eks:eks-cluster-name}\",\"aws:RequestTag/eks:kubernetes-cni-node-name\":\"*\"}}},{\"Sid\":\"LoadBalancer\",\"Effect\":\"Allow\",\"Action\":[\"elasticloadbalancing:CreateTargetGroup\",\"elasticloadbalancing:CreateRule\",\"elasticloadbalancing:CreateLoadBalancer\",\"elasticloadbalancing:CreateListener\",\"ec2:CreateSecurityGroup\"],\"Resource\":\"*\",\"Condition\":{\"StringEquals\":{\"aws:RequestTag/eks:eks-cluster-name\":\"${aws:PrincipalTag/eks:eks-cluster-name}\"}}},{\"Sid\":\"ShieldProtection\",\"Effect\":\"Allow\",\"Action\":\"shield:CreateProtection\",\"Resource\":\"*\",\"Condition\":{\"StringEquals\":{\"aws:RequestTag/eks:eks-cluster-name\":\"${aws:PrincipalTag/eks:eks-cluster-name}\"}}},{\"Sid\":\"ShieldTagResource\",\"Effect\":\"Allow\",\"Action\":\"shield:TagResource\",\"Resource\":\"arn:aws:shield::*:protection/*\",\"Condition\":{\"StringEquals\":{\"aws:RequestTag/eks:eks-cluster-name\":\"${aws:PrincipalTag/eks:eks-cluster-name}\"}}}]}",
            "override_json": null,
            "override_policy_documents": null,
            "policy_id": null,
            "source_json": null,
            "source_policy_documents": null,
            "statement": [
              {
                "actions": [
                  "ec2:CreateFleet",
                  "ec2:CreateLaunchTemplate",
                  "ec2:RunInstances"
                ],
                "condition": [
                  {
                    "test": "StringEquals",
                    "values": [
                      "${aws:PrincipalTag/eks:eks-cluster-name}"
                    ],
                    "variable": "aws:RequestTag/eks:eks-cluster-name"
                  },
                  {
                    "test": "StringLike",
                    "values": [
                      "*"
                    ],
                    "variable": "aws:RequestTag/eks:kubernetes-node-class-name"
                  },
                  {
                    "test": "StringLike",
                    "values": [
                      "*"
                    ],
                    "variable": "aws:RequestTag/eks:kubernetes-node-pool-name"
                  }
                ],
                "effect": "Allow",
                "not_actions": [],
                "not_principals": [],
                "not_resources": [],
                "principals": [],
                "resources": [
                  "*"
                ],
                "sid": "Compute"
              },
              {
                "actions": [
                  "ec2:CreateSnapshot",
                  "ec2:CreateVolume"
                ],
                "condition": [
                  {
                    "test": "StringEquals",
                    "values": [
                      "${aws:PrincipalTag/eks:eks-cluster-name}"
                    ],
                    "variable": "aws:RequestTag/eks:eks-cluster-name"
                  }
                ],
                "effect": "Allow",
                "not_actions": [],
                "not_principals": [],
                "not_resources": [],
                "principals": [],
                "resources": [
                  "arn:aws:ec2:*:*:snapshot/*",
                  "arn:aws:ec2:*:*:volume/*"
                ],
                "sid": "Storage"
              },
              {
                "actions": [
                  "ec2:CreateNetworkInterface"
                ],
                "condition": [
                  {
                    "test": "StringEquals",
                    "values": [
                      "${aws:PrincipalTag/eks:eks-cluster-name}"
                    ],
                    "variable": "aws:RequestTag/eks:eks-cluster-name"
                  },
                  {
                    "test": "StringEquals",
                    "values": [
                      "*"
                    ],
                    "variable": "aws:RequestTag/eks:kubernetes-cni-node-name"
                  }
                ],
                "effect": "Allow",
                "not_actions": [],
                "not_principals": [],
                "not_resources": [],
                "principals": [],
                "resources": [
                  "*"
                ],
                "sid": "Networking"
              },
              {
                "actions": [
                  "ec2:CreateSecurityGroup",
                  "elasticloadbalancing:CreateListener",
                  "elasticloadbalancing:CreateLoadBalancer",
                  "elasticloadbalancing:CreateRule",
                  "elasticloadbalancing:CreateTargetGroup"
                ],
                "condition": [
                  {
                    "test": "StringEquals",
                    "values": [
                      "${aws:PrincipalTag/eks:eks-cluster-name}"
                    ],
                    "variable": "aws:RequestTag/eks:eks-cluster-name"
                  }
                ],
                "effect": "Allow",
                "not_actions": [],
                "not_principals": [],
                "not_resources": [],
                "principals": [],
                "resources": [
                  "*"
                ],
                "sid": "LoadBalancer"
              },
              {
                "actions": [
                  "shield:CreateProtection"
                ],
                "condition": [
                  {
                    "test": "StringEquals",
                    "values": [
                      "${aws:PrincipalTag/eks:eks-cluster-name}"
                    ],
                    "variable": "aws:RequestTag/eks:eks-cluster-name"
                  }
                ],
                "effect": "Allow",
                "not_actions": [],
                "not_principals": [],
                "not_resources": [],
                "principals": [],
                "resources": [
                  "*"
                ],
                "sid": "ShieldProtection"
              },
              {
                "actions": [
                  "shield:TagResource"
                ],
                "condition": [
                  {
                    "test": "StringEquals",
                    "values": [
                      "${aws:PrincipalTag/eks:eks-cluster-name}"
                    ],
                    "variable": "aws:RequestTag/eks:eks-cluster-name"
                  }
                ],
                "effect": "Allow",
                "not_actions": [],
                "not_principals": [],
                "not_resources": [],
                "principals": [],
                "resources": [
                  "arn:aws:shield::*:protection/*"
                ],
                "sid": "ShieldTagResource"
              }
            ],
            "version": "2012-10-17"
          },
          "sensitive_attributes": [],
          "identity_schema_version": 0
        }
      ]
    },
    {
      "module": "module.eks",
      "mode": "data",
      "type": "aws_iam_policy_document",
      "name": "node_assume_role_policy",
      "provider": "provider[\"registry.terraform.io/hashicorp/aws\"]",
      "instances": []
    },
    {
      "module": "module.eks",
      "mode": "data",
      "type": "aws_iam_session_context",
      "name": "current",
      "provider": "provider[\"registry.terraform.io/hashicorp/aws\"]",
      "instances": [
        {
          "index_key": 0,
          "schema_version": 0,
          "attributes": {
            "arn": "arn:aws:iam::234572319512:root",
            "id": "arn:aws:iam::234572319512:root",
            "issuer_arn": "arn:aws:iam::234572319512:root",
            "issuer_id": "",
            "issuer_name": "",
            "session_name": ""
          },
          "sensitive_attributes": [],
          "identity_schema_version": 0
        }
      ]
    },
    {
      "module": "module.eks",
      "mode": "data",
      "type": "aws_partition",
      "name": "current",
      "provider": "provider[\"registry.terraform.io/hashicorp/aws\"]",
      "instances": [
        {
          "index_key": 0,
          "schema_version": 0,
          "attributes": {
            "dns_suffix": "amazonaws.com",
            "id": "aws",
            "partition": "aws",
            "reverse_dns_prefix": "com.amazonaws"
          },
          "sensitive_attributes": [],
          "identity_schema_version": 0
        }
      ]
    },
    {
      "module": "module.eks",
      "mode": "data",
      "type": "tls_certificate",
      "name": "this",
      "provider": "provider[\"registry.terraform.io/hashicorp/tls\"]",
      "instances": [
        {
          "index_key": 0,
          "schema_version": 0,
          "attributes": {
            "certificates": [
              {
                "cert_pem": "-----BEGIN CERTIFICATE-----\nMIIEkjCCA3qgAwIBAgITBn+USionzfP6wq4rAfkI7rnExjANBgkqhkiG9w0BAQsF\nADCBmDELMAkGA1UEBhMCVVMxEDAOBgNVBAgTB0FyaXpvbmExEzARBgNVBAcTClNj\nb3R0c2RhbGUxJTAjBgNVBAoTHFN0YXJmaWVsZCBUZWNobm9sb2dpZXMsIEluYy4x\nOzA5BgNVBAMTMlN0YXJmaWVsZCBTZXJ2aWNlcyBSb290IENlcnRpZmljYXRlIEF1\ndGhvcml0eSAtIEcyMB4XDTE1MDUyNTEyMDAwMFoXDTM3MTIzMTAxMDAwMFowOTEL\nMAkGA1UEBhMCVVMxDzANBgNVBAoTBkFtYXpvbjEZMBcGA1UEAxMQQW1hem9uIFJv\nb3QgQ0EgMTCCASIwDQYJKoZIhvcNAQEBBQADggEPADCCAQoCggEBALJ4gHHKeNXj\nca9HgFB0fW7Y14h29Jlo91ghYPl0hAEvrAIthtOgQ3pOsqTQNroBvo3bSMgHFzZM\n9O6II8c+6zf1tRn4SWiw3te5djgdYZ6k/oI2peVKVuRF4fn9tBb6dNqcmzU5L/qw\nIFAGbHrQgLKm+a/sRxmPUDgH3KKHOVj4utWp+UhnMJbulHheb4mjUcAwhmahRWa6\nVOujw5H5SNz/0egwLX0tdHA114gk957EWW67c4cX8jJGKLhD+rcdqsq08p8kDi1L\n93FcXmn/6pUCyziKrlA4b9v7LWIbxcceVOF34GfID5yHI9Y/QCB/IIDEgEw+OyQm\njgSubJrIqg0CAwEAAaOCATEwggEtMA8GA1UdEwEB/wQFMAMBAf8wDgYDVR0PAQH/\nBAQDAgGGMB0GA1UdDgQWBBSEGMyFNOy8DJSULghZnMeyEE4KCDAfBgNVHSMEGDAW\ngBScXwDfqgHXMCs4iKK4bUqc8hGRgzB4BggrBgEFBQcBAQRsMGowLgYIKwYBBQUH\nMAGGImh0dHA6Ly9vY3NwLnJvb3RnMi5hbWF6b250cnVzdC5jb20wOAYIKwYBBQUH\nMAKGLGh0dHA6Ly9jcnQucm9vdGcyLmFtYXpvbnRydXN0LmNvbS9yb290ZzIuY2Vy\nMD0GA1UdHwQ2MDQwMqAwoC6GLGh0dHA6Ly9jcmwucm9vdGcyLmFtYXpvbnRydXN0\nLmNvbS9yb290ZzIuY3JsMBEGA1UdIAQKMAgwBgYEVR0gADANBgkqhkiG9w0BAQsF\nAAOCAQEAYjdCXLwQtT6LLOkMm2xF4gcAevnFWAu5CIw+7bMlPLVvUOTNNWqnkzSW\nMiGpSESrnO09tKpzbeR/FoCJbM8oAxiDR3mjEH4wW6w7sGDgd9QIpuEdfF7Au/ma\neyKdpwAJfqxGF4PcnCZXmTA5YpaP7dreqsXMGz7KQ2hsVxa81Q4gLv7/wmpdLqBK\nbRRYh5TmOTFffHPLkIhqhBGWJ6bt2YFGpn6jcgAKUj6DiAdjd4lpFw85hdKrCEVN\n0FE6/V1dN2RMfjCyVSRCnTawXZwXgWHxyvkQAiSr6w10kY17RSlQOYiypok1JR4U\nakcjMS9cmvqtmg5iUaQqqcT5NJ0hGA==\n-----END CERTIFICATE-----\n",
                "is_ca": true,
                "issuer": "CN=Starfield Services Root Certificate Authority - G2,O=Starfield Technologies\\, Inc.,L=Scottsdale,ST=Arizona,C=US",
                "not_after": "2037-12-31T01:00:00Z",
                "not_before": "2015-05-25T12:00:00Z",
                "public_key_algorithm": "RSA",
                "serial_number": "144918191876577076464031512351042010504348870",
                "sha1_fingerprint": "06b25927c42a721631c1efd9431e648fa62e1e39",
                "signature_algorithm": "SHA256-RSA",
                "subject": "CN=Amazon Root CA 1,O=Amazon,C=US",
                "version": 3
              },
              {
                "cert_pem": "-----BEGIN CERTIFICATE-----\nMIIEXjCCA0agAwIBAgITB3MSTNQG0mfAmRzdKZqfODF5hTANBgkqhkiG9w0BAQsF\nADA5MQswCQYDVQQGEwJVUzEPMA0GA1UEChMGQW1hem9uMRkwFwYDVQQDExBBbWF6\nb24gUm9vdCBDQSAxMB4XDTIyMDgyMzIyMjYwNFoXDTMwMDgyMzIyMjYwNFowPDEL\nMAkGA1UEBhMCVVMxDzANBgNVBAoTBkFtYXpvbjEcMBoGA1UEAxMTQW1hem9uIFJT\nQSAyMDQ4IE0wMzCCASIwDQYJKoZIhvcNAQEBBQADggEPADCCAQoCggEBALd/pVko\n8vuM475Tf45HV3BbCl/B9Jy89G1CRkFjcPY06WA9lS+7dWbUA7GtWUKoksr69hKM\nwcMsNpxlw7b3jeXFgxB09/nmalcAWtnLzF+LaDKEA5DQmvKzuh1nfIfqEiKCQSmX\nXh09Xs+dO7cm5qbaL2hhNJCSAejciwcvOFgFNgEMR42wm6KIFHsQW28jhA+1u/M0\np6fVwReuEgZfLfdx82Px0LJck3lST3EB/JfbdsdOzzzg5YkY1dfuqf8y5fUeZ7Cz\nWXbTjujwX/TovmeWKA36VLCz75azW6tDNuDn66FOpADZZ9omVaF6BqNJiLMVl6P3\n/c0OiUMC6Z5OfKcCAwEAAaOCAVowggFWMBIGA1UdEwEB/wQIMAYBAf8CAQAwDgYD\nVR0PAQH/BAQDAgGGMB0GA1UdJQQWMBQGCCsGAQUFBwMBBggrBgEFBQcDAjAdBgNV\nHQ4EFgQUVdkYX9IczAHhWLS+q9lVQgHXLgIwHwYDVR0jBBgwFoAUhBjMhTTsvAyU\nlC4IWZzHshBOCggwewYIKwYBBQUHAQEEbzBtMC8GCCsGAQUFBzABhiNodHRwOi8v\nb2NzcC5yb290Y2ExLmFtYXpvbnRydXN0LmNvbTA6BggrBgEFBQcwAoYuaHR0cDov\nL2NydC5yb290Y2ExLmFtYXpvbnRydXN0LmNvbS9yb290Y2ExLmNlcjA/BgNVHR8E\nODA2MDSgMqAwhi5odHRwOi8vY3JsLnJvb3RjYTEuYW1hem9udHJ1c3QuY29tL3Jv\nb3RjYTEuY3JsMBMGA1UdIAQMMAowCAYGZ4EMAQIBMA0GCSqGSIb3DQEBCwUAA4IB\nAQAGjeWm2cC+3z2MzSCnte46/7JZvj3iQZDY7EvODNdZF41n71Lrk9kbfNwerK0d\nVNzW36Wefr7j7ZSwBVg50W5ay65jNSN74TTQV1yt4WnSbVvN6KlMs1hiyOZdoHKs\nKDV2UGNxbdoBYCQNa2GYF8FQIWLugNp35aSOpMy6cFlymFQomIrnOQHwK1nvVY4q\nxDSJMU/gNJz17D8ArPN3ngnyZ2TwepJ0uBINz3G5te2rdFUF4i4Y3Bb7FUlHDYm4\nu8aIRGpk2ZpfXmxaoxnbIBZRvGLPSUuPwnwoUOMsJ8jirI5vs2dvchPb7MtI1rle\ni02f2ivH2vxkjDLltSpe2fiC\n-----END CERTIFICATE-----\n",
                "is_ca": true,
                "issuer": "CN=Amazon Root CA 1,O=Amazon,C=US",
                "not_after": "2030-08-23T22:26:04Z",
                "not_before": "2022-08-23T22:26:04Z",
                "public_key_algorithm": "RSA",
                "serial_number": "166129356476704345391986644047206454194698629",
                "sha1_fingerprint": "d9fe0a65fa00cabf61f5120d373a8135e1461f15",
                "signature_algorithm": "SHA256-RSA",
                "subject": "CN=Amazon RSA 2048 M03,O=Amazon,C=US",
                "version": 3
              },
              {
                "cert_pem": "-----BEGIN CERTIFICATE-----\nMIIF6zCCBNOgAwIBAgIQC4hEi7pJ3+PGBwfnYdVdtjANBgkqhkiG9w0BAQsFADA8\nMQswCQYDVQQGEwJVUzEPMA0GA1UEChMGQW1hem9uMRwwGgYDVQQDExNBbWF6b24g\nUlNBIDIwNDggTTAzMB4XDTI1MDIyNjAwMDAwMFoXDTI2MDMyODIzNTk1OVowKzEp\nMCcGA1UEAwwgKi5la3MuZXUtY2VudHJhbC0xLmFtYXpvbmF3cy5jb20wggEiMA0G\nCSqGSIb3DQEBAQUAA4IBDwAwggEKAoIBAQC8puZUGMtG9NupSlPRt3lJH/6LUZkA\nna0255m0jGkEEEasY5c3Y9y/5wn11wU1h9QNNOC9KoOhHRsIr4ElOp5fQl1aEZmx\nd29ecm27kLwomsvBvYiNBT1fPVvcLJ63h0jYpe2id0XBlBKPmgA2gmFrmejgwhvn\n5P+jETAB4Matc9OreyTIi1Ka/B79rw5Xl+ktuPfjGkf5rIrAEij58j8Th3hxC1JC\np4ItbIUXB4D9+xu/WGkkBf09oMW2Gtn1BA3K6gPBD+4x7kYkSCIaHPYNybXu2VaD\nVzAIMNLQDqV6ZstzwT5EosGka1MlUDqglgauT7uO7J471DLBCU37Oy1zAgMBAAGj\nggL4MIIC9DAfBgNVHSMEGDAWgBRV2Rhf0hzMAeFYtL6r2VVCAdcuAjAdBgNVHQ4E\nFgQU3e7kV+q/ZIOdeba4p0AY4fLWbDEwKwYDVR0RBCQwIoIgKi5la3MuZXUtY2Vu\ndHJhbC0xLmFtYXpvbmF3cy5jb20wEwYDVR0gBAwwCjAIBgZngQwBAgEwDgYDVR0P\nAQH/BAQDAgWgMB0GA1UdJQQWMBQGCCsGAQUFBwMBBggrBgEFBQcDAjA7BgNVHR8E\nNDAyMDCgLqAshipodHRwOi8vY3JsLnIybTAzLmFtYXpvbnRydXN0LmNvbS9yMm0w\nMy5jcmwwdQYIKwYBBQUHAQEEaTBnMC0GCCsGAQUFBzABhiFodHRwOi8vb2NzcC5y\nMm0wMy5hbWF6b250cnVzdC5jb20wNgYIKwYBBQUHMAKGKmh0dHA6Ly9jcnQucjJt\nMDMuYW1hem9udHJ1c3QuY29tL3IybTAzLmNlcjAMBgNVHRMBAf8EAjAAMIIBfQYK\nKwYBBAHWeQIEAgSCAW0EggFpAWcAdgCWl2S/VViXrfdDh2g3CEJ36fA61fak8zZu\nRqQ/D8qpxgAAAZU/pyUOAAAEAwBHMEUCIQCNGYIB9FphlXfLsCVhQa/nNyVA/OdF\nRAGBY1lYwOesgQIgSxIRDYVexFOcPgi5z+hd4vJ0msxgtzn1r8r0GuIgb+UAdgBk\nEcRspBLsp4kcogIuALyrTygH1B41J6vq/tUDyX3N8AAAAZU/pyUSAAAEAwBHMEUC\nICjGzP3jERdiAZx7Y/+lBeGcMETjSt4wPuxC+VwI7b0lAiEAqM0tpbUmGJ9na6SZ\nWOyoCOPCI+kdhNnAw/Q/Sz5tMs4AdQBJnJtp3h187Pw23s2HZKa4W68Kh4AZ0VVS\n++nrKd34wwAAAZU/pyUoAAAEAwBGMEQCIHxndNIoIP6XqwGW2Rbxv/u6Yf92X/Ri\nDTsMsAB0en88AiB0S+seC5AF4ZbNRgblgu6rqYc1oPH8VDEgP4ji6M4NFzANBgkq\nhkiG9w0BAQsFAAOCAQEAVIDr+wgnND9P7BO6f8X6bcNZ6GoCp+Rsj47shArfCRgF\np50/8kK5KeMVnXKeEy0LJ/9D3/oHWV2TGLa9lsoCwG06hwUpXXtG3lW1HEGUOgiM\nCCsPxK8/MX8fseEfBwu+Yy/2JYRYwrybKe/aTs1DSs60tOQO5qQj1nvT1f2sMnSC\nAwIYWSGmkCzftcwPDcdVcGU3wS6tDBLVQIZwUPbfA52m7WullmKGbrDjGn5Cy7iW\nelyfkmEJcEAYW4ctx/jrV49P7tq+14HAVZqbnrd0s0wUKnq0kKMztNN96Ce9TNS2\nEKPavd8oe0ZM/cBQR1tVjNi5R1af9reYYUHKYSv01g==\n-----END CERTIFICATE-----\n",
                "is_ca": false,
                "issuer": "CN=Amazon RSA 2048 M03,O=Amazon,C=US",
                "not_after": "2026-03-28T23:59:59Z",
                "not_before": "2025-02-26T00:00:00Z",
                "public_key_algorithm": "RSA",
                "serial_number": "15329050600615969656761797089774886326",
                "sha1_fingerprint": "c3c07e30211ff224dc6db2086d7bbaa42929a81e",
                "signature_algorithm": "SHA256-RSA",
                "subject": "CN=*.eks.eu-central-1.amazonaws.com",
                "version": 3
              }
            ],
            "content": null,
            "id": "efc5619605e4300447be4c860675ff76c35033c7",
            "url": "https://oidc.eks.eu-central-1.amazonaws.com/id/13581D9AFB7F1F9D6B5B6241F5F48605",
            "verify_chain": true
          },
          "sensitive_attributes": [],
          "identity_schema_version": 0
        }
      ]
    },
    {
      "module": "module.eks",
      "mode": "managed",
      "type": "aws_cloudwatch_log_group",
      "name": "this",
      "provider": "provider[\"registry.terraform.io/hashicorp/aws\"]",
      "instances": [
        {
          "index_key": 0,
          "schema_version": 0,
          "attributes": {
            "arn": "arn:aws:logs:eu-central-1:234572319512:log-group:/aws/eks/eks-cluster/cluster",
            "id": "/aws/eks/eks-cluster/cluster",
            "kms_key_id": "",
            "log_group_class": "STANDARD",
            "name": "/aws/eks/eks-cluster/cluster",
            "name_prefix": "",
            "retention_in_days": 90,
            "skip_destroy": false,
            "tags": {
              "Name": "/aws/eks/eks-cluster/cluster"
            },
            "tags_all": {
              "Name": "/aws/eks/eks-cluster/cluster"
            }
          },
          "sensitive_attributes": [],
          "identity_schema_version": 0,
          "private": "bnVsbA==",
          "create_before_destroy": true
        }
      ]
    },
    {
      "module": "module.eks",
      "mode": "managed",
      "type": "aws_ec2_tag",
      "name": "cluster_primary_security_group",
      "provider": "provider[\"registry.terraform.io/hashicorp/aws\"]",
      "instances": []
    },
    {
      "module": "module.eks",
      "mode": "managed",
      "type": "aws_eks_access_entry",
      "name": "this",
      "provider": "provider[\"registry.terraform.io/hashicorp/aws\"]",
      "instances": [
        {
          "index_key": "cluster_creator",
          "schema_version": 0,
          "attributes": {
            "access_entry_arn": "arn:aws:eks:eu-central-1:234572319512:access-entry/eks-cluster/root/234572319512//0ccc0a12-3b65-7b5e-a0ba-6b4035cbc23b",
            "cluster_name": "eks-cluster",
            "created_at": "2025-07-16T16:49:50Z",
            "id": "eks-cluster:arn:aws:iam::234572319512:root",
            "kubernetes_groups": [],
            "modified_at": "2025-07-16T16:49:50Z",
            "principal_arn": "arn:aws:iam::234572319512:root",
            "tags": {},
            "tags_all": {},
            "timeouts": null,
            "type": "STANDARD",
            "user_name": "arn:aws:iam::234572319512:root"
          },
          "sensitive_attributes": [],
          "identity_schema_version": 0,
          "private": "eyJlMmJmYjczMC1lY2FhLTExZTYtOGY4OC0zNDM2M2JjN2M0YzAiOnsiY3JlYXRlIjo2MDAwMDAwMDAwMDAsImRlbGV0ZSI6NjAwMDAwMDAwMDAwfX0=",
          "dependencies": [
            "aws_subnet.aws_eks_node_subnet",
            "aws_subnet.aws_eks_node_subnet_2",
            "aws_vpc.aws_spoke_vpc",
            "module.eks.aws_cloudwatch_log_group.this",
            "module.eks.aws_eks_cluster.this",
            "module.eks.aws_iam_policy.cni_ipv6_policy",
            "module.eks.aws_iam_role.eks_auto",
            "module.eks.aws_iam_role.this",
            "module.eks.aws_iam_role_policy_attachment.this",
            "module.eks.aws_security_group.cluster",
            "module.eks.aws_security_group.node",
            "module.eks.aws_security_group_rule.cluster",
            "module.eks.aws_security_group_rule.node",
            "module.eks.data.aws_caller_identity.current",
            "module.eks.data.aws_iam_policy_document.assume_role_policy",
            "module.eks.data.aws_iam_policy_document.cni_ipv6_policy",
            "module.eks.data.aws_iam_policy_document.node_assume_role_policy",
            "module.eks.data.aws_iam_session_context.current",
            "module.eks.data.aws_partition.current",
            "module.eks.module.kms.aws_kms_external_key.this",
            "module.eks.module.kms.aws_kms_key.this",
            "module.eks.module.kms.aws_kms_replica_external_key.this",
            "module.eks.module.kms.aws_kms_replica_key.this",
            "module.eks.module.kms.data.aws_caller_identity.current",
            "module.eks.module.kms.data.aws_iam_policy_document.this",
            "module.eks.module.kms.data.aws_partition.current"
          ]
        }
      ]
    },
    {
      "module": "module.eks",
      "mode": "managed",
      "type": "aws_eks_access_policy_association",
      "name": "this",
      "provider": "provider[\"registry.terraform.io/hashicorp/aws\"]",
      "instances": [
        {
          "index_key": "cluster_creator_admin",
          "schema_version": 0,
          "attributes": {
            "access_scope": [
              {
                "namespaces": [],
                "type": "cluster"
              }
            ],
            "associated_at": "2025-07-16 16:49:51.654 +0000 UTC",
            "cluster_name": "eks-cluster",
            "id": "eks-cluster#arn:aws:iam::234572319512:root#arn:aws:eks::aws:cluster-access-policy/AmazonEKSClusterAdminPolicy",
            "modified_at": "2025-07-16 16:49:51.654 +0000 UTC",
            "policy_arn": "arn:aws:eks::aws:cluster-access-policy/AmazonEKSClusterAdminPolicy",
            "principal_arn": "arn:aws:iam::234572319512:root",
            "timeouts": null
          },
          "sensitive_attributes": [],
          "identity_schema_version": 0,
          "private": "eyJlMmJmYjczMC1lY2FhLTExZTYtOGY4OC0zNDM2M2JjN2M0YzAiOnsiY3JlYXRlIjo2MDAwMDAwMDAwMDAsImRlbGV0ZSI6NjAwMDAwMDAwMDAwfX0=",
          "dependencies": [
            "aws_subnet.aws_eks_node_subnet",
            "aws_subnet.aws_eks_node_subnet_2",
            "aws_vpc.aws_spoke_vpc",
            "module.eks.aws_cloudwatch_log_group.this",
            "module.eks.aws_eks_access_entry.this",
            "module.eks.aws_eks_cluster.this",
            "module.eks.aws_iam_policy.cni_ipv6_policy",
            "module.eks.aws_iam_role.eks_auto",
            "module.eks.aws_iam_role.this",
            "module.eks.aws_iam_role_policy_attachment.this",
            "module.eks.aws_security_group.cluster",
            "module.eks.aws_security_group.node",
            "module.eks.aws_security_group_rule.cluster",
            "module.eks.aws_security_group_rule.node",
            "module.eks.data.aws_caller_identity.current",
            "module.eks.data.aws_iam_policy_document.assume_role_policy",
            "module.eks.data.aws_iam_policy_document.cni_ipv6_policy",
            "module.eks.data.aws_iam_policy_document.node_assume_role_policy",
            "module.eks.data.aws_iam_session_context.current",
            "module.eks.data.aws_partition.current",
            "module.eks.module.kms.aws_kms_external_key.this",
            "module.eks.module.kms.aws_kms_key.this",
            "module.eks.module.kms.aws_kms_replica_external_key.this",
            "module.eks.module.kms.aws_kms_replica_key.this",
            "module.eks.module.kms.data.aws_caller_identity.current",
            "module.eks.module.kms.data.aws_iam_policy_document.this",
            "module.eks.module.kms.data.aws_partition.current"
          ]
        }
      ]
    },
    {
      "module": "module.eks",
      "mode": "managed",
      "type": "aws_eks_addon",
      "name": "before_compute",
      "provider": "provider[\"registry.terraform.io/hashicorp/aws\"]",
      "instances": []
    },
    {
      "module": "module.eks",
      "mode": "managed",
      "type": "aws_eks_addon",
      "name": "this",
      "provider": "provider[\"registry.terraform.io/hashicorp/aws\"]",
      "instances": []
    },
    {
      "module": "module.eks",
      "mode": "managed",
      "type": "aws_eks_cluster",
      "name": "this",
      "provider": "provider[\"registry.terraform.io/hashicorp/aws\"]",
      "instances": [
        {
          "index_key": 0,
          "schema_version": 1,
          "attributes": {
            "access_config": [
              {
                "authentication_mode": "API_AND_CONFIG_MAP",
                "bootstrap_cluster_creator_admin_permissions": false
              }
            ],
            "arn": "arn:aws:eks:eu-central-1:234572319512:cluster/eks-cluster",
            "bootstrap_self_managed_addons": true,
            "certificate_authority": [
              {
                "data": "LS0tLS1CRUdJTiBDRVJUSUZJQ0FURS0tLS0tCk1JSURCVENDQWUyZ0F3SUJBZ0lJUit4N0RBRHIxMWd3RFFZSktvWklodmNOQVFFTEJRQXdGVEVUTUJFR0ExVUUKQXhNS2EzVmlaWEp1WlhSbGN6QWVGdzB5TlRBM01UWXhOalF3TXpKYUZ3MHpOVEEzTVRReE5qUTFNekphTUJVeApFekFSQmdOVkJBTVRDbXQxWW1WeWJtVjBaWE13Z2dFaU1BMEdDU3FHU0liM0RRRUJBUVVBQTRJQkR3QXdnZ0VLCkFvSUJBUURjN1A4THhLMXBWTDR6Kzc1YTN0U0pXbERDUE5kWUtabzdtZDdoZzA1dWJ5eHhpc29od0t0cXQ3T20Ka2M4WWhzWHlJYTZKZktGMVVKSzdyOGczaU5yMXpiaWdDTGRUZFl4RmRKOUtYWVpYYXNicW9wK1FJblpldTk4Nwp3RHcvblErRUFkYnpvQWJNS1hLZlc5YTlrYytZYXQwMFhiT1FoRm43SHBZS0k4TWJSS2wzMHdvZjRHd1EzOFAzClI1cUNoTWl4R2hZSHp1QjYzMUI4bmlWWW5LY3o4T2VDRnd1N3NERjlpUjZWeDJheE0zNGdqcHBZWVlKVThER3MKc3IvSEM1NWZqcldFVzhYei85MVhLZmkxdmJQc3hjcHV3MTR0S0tVZGJQNW9sbUdJTDdMVGN3TlJqVXdGZlg4NAphSkdRY0VHVU1YS2tjSlREWVcwaFZOdUgzSy9YQWdNQkFBR2pXVEJYTUE0R0ExVWREd0VCL3dRRUF3SUNwREFQCkJnTlZIUk1CQWY4RUJUQURBUUgvTUIwR0ExVWREZ1FXQkJTK29RVm9hSUZIYnlTZXJzYTd1Nzl1RU54WTNEQVYKQmdOVkhSRUVEakFNZ2dwcmRXSmxjbTVsZEdWek1BMEdDU3FHU0liM0RRRUJDd1VBQTRJQkFRQTJJb2lGdnBFcwpva2M2VEZ2UmdQczBwYS9tRVoxRnRqOUtqdnBWcmhXMmlHNVdBTlJWVmZaUm1oMFpTakw1L09KbmM0QmR0aDBQCk9zUTZTSmpGaXpQWkI3UnlTOUNDSHBoWmRENXBrSDhoVFFGdTlJYUJrcE9xNjY0Q3JNLzBYU1ZabEJDQzJSM2QKcVhVNk1JSEhjL3RKb2JiNW92MTlXdjl5TXdsWEk4TjJmUGFHK3h3TEFERnpIV3F4emRkZ1pjTkxYNGIyZjh0eQoxQ3F0ZlF6cDBrQ2o3OTBnTU5TVjRPVzhTMFRobXRNa1V0S2ozOWVTekxHWnhBdkh0V0w5UGR3REMwVHhJOGVyCkhGN3N6VElMMlg0Q2o5QUF1S3kxbGhtMnZiQmNvUFIvQ0IvL1c0MEtucnU4V2tJb1cwMUpQblV3dDN5dkt5M3oKUEp4QjFKWWJJMExxCi0tLS0tRU5EIENFUlRJRklDQVRFLS0tLS0K"
              }
            ],
            "cluster_id": null,
            "compute_config": [],
            "created_at": "2025-07-16T16:41:05Z",
            "enabled_cluster_log_types": [
              "api",
              "audit",
              "authenticator"
            ],
            "encryption_config": [
              {
                "provider": [
                  {
                    "key_arn": "arn:aws:kms:eu-central-1:234572319512:key/76d0d74d-e632-4db4-a070-5642f4fefe5c"
                  }
                ],
                "resources": [
                  "secrets"
                ]
              }
            ],
            "endpoint": "https://13581D9AFB7F1F9D6B5B6241F5F48605.gr7.eu-central-1.eks.amazonaws.com",
            "force_update_version": null,
            "id": "eks-cluster",
            "identity": [
              {
                "oidc": [
                  {
                    "issuer": "https://oidc.eks.eu-central-1.amazonaws.com/id/13581D9AFB7F1F9D6B5B6241F5F48605"
                  }
                ]
              }
            ],
            "kubernetes_network_config": [
              {
                "elastic_load_balancing": [
                  {
                    "enabled": false
                  }
                ],
                "ip_family": "ipv4",
                "service_ipv4_cidr": "172.20.0.0/16",
                "service_ipv6_cidr": ""
              }
            ],
            "name": "eks-cluster",
            "outpost_config": [],
            "platform_version": "eks.6",
            "remote_network_config": [],
            "role_arn": "arn:aws:iam::234572319512:role/eks-cluster-cluster-20250716164038307400000004",
            "status": "ACTIVE",
            "storage_config": [],
            "tags": {
              "terraform-aws-modules": "eks"
            },
            "tags_all": {
              "terraform-aws-modules": "eks"
            },
            "timeouts": {
              "create": null,
              "delete": null,
              "update": null
            },
            "upgrade_policy": [
              {
                "support_type": "EXTENDED"
              }
            ],
            "version": "1.33",
            "vpc_config": [
              {
                "cluster_security_group_id": "sg-0d9c9a1d748adbf4d",
                "endpoint_private_access": true,
                "endpoint_public_access": true,
                "public_access_cidrs": [
                  "0.0.0.0/0"
                ],
                "security_group_ids": [
                  "sg-0f56857f71f646f3d"
                ],
                "subnet_ids": [
                  "subnet-03df964b34a33f302",
                  "subnet-046a1911d7ae22512"
                ],
                "vpc_id": "vpc-048797b2556043224"
              }
            ],
            "zonal_shift_config": []
          },
          "sensitive_attributes": [],
          "identity_schema_version": 0,
          "private": "eyJlMmJmYjczMC1lY2FhLTExZTYtOGY4OC0zNDM2M2JjN2M0YzAiOnsiY3JlYXRlIjoxODAwMDAwMDAwMDAwLCJkZWxldGUiOjkwMDAwMDAwMDAwMCwidXBkYXRlIjozNjAwMDAwMDAwMDAwfSwic2NoZW1hX3ZlcnNpb24iOiIxIn0=",
          "dependencies": [
            "aws_subnet.aws_eks_node_subnet",
            "aws_subnet.aws_eks_node_subnet_2",
            "aws_vpc.aws_spoke_vpc",
            "module.eks.aws_cloudwatch_log_group.this",
            "module.eks.aws_iam_policy.cni_ipv6_policy",
            "module.eks.aws_iam_role.eks_auto",
            "module.eks.aws_iam_role.this",
            "module.eks.aws_iam_role_policy_attachment.this",
            "module.eks.aws_security_group.cluster",
            "module.eks.aws_security_group.node",
            "module.eks.aws_security_group_rule.cluster",
            "module.eks.aws_security_group_rule.node",
            "module.eks.data.aws_caller_identity.current",
            "module.eks.data.aws_iam_policy_document.assume_role_policy",
            "module.eks.data.aws_iam_policy_document.cni_ipv6_policy",
            "module.eks.data.aws_iam_policy_document.node_assume_role_policy",
            "module.eks.data.aws_iam_session_context.current",
            "module.eks.data.aws_partition.current",
            "module.eks.module.kms.aws_kms_external_key.this",
            "module.eks.module.kms.aws_kms_key.this",
            "module.eks.module.kms.aws_kms_replica_external_key.this",
            "module.eks.module.kms.aws_kms_replica_key.this",
            "module.eks.module.kms.data.aws_caller_identity.current",
            "module.eks.module.kms.data.aws_iam_policy_document.this",
            "module.eks.module.kms.data.aws_partition.current"
          ],
          "create_before_destroy": true
        }
      ]
    },
    {
      "module": "module.eks",
      "mode": "managed",
      "type": "aws_eks_identity_provider_config",
      "name": "this",
      "provider": "provider[\"registry.terraform.io/hashicorp/aws\"]",
      "instances": []
    },
    {
      "module": "module.eks",
      "mode": "managed",
      "type": "aws_iam_openid_connect_provider",
      "name": "oidc_provider",
      "provider": "provider[\"registry.terraform.io/hashicorp/aws\"]",
      "instances": [
        {
          "index_key": 0,
          "schema_version": 0,
          "attributes": {
            "arn": "arn:aws:iam::234572319512:oidc-provider/oidc.eks.eu-central-1.amazonaws.com/id/13581D9AFB7F1F9D6B5B6241F5F48605",
            "client_id_list": [
              "sts.amazonaws.com"
            ],
            "id": "arn:aws:iam::234572319512:oidc-provider/oidc.eks.eu-central-1.amazonaws.com/id/13581D9AFB7F1F9D6B5B6241F5F48605",
            "tags": {
              "Name": "eks-cluster-eks-irsa"
            },
            "tags_all": {
              "Name": "eks-cluster-eks-irsa"
            },
            "thumbprint_list": [
              "06b25927c42a721631c1efd9431e648fa62e1e39"
            ],
            "url": "oidc.eks.eu-central-1.amazonaws.com/id/13581D9AFB7F1F9D6B5B6241F5F48605"
          },
          "sensitive_attributes": [],
          "identity_schema_version": 0,
          "private": "bnVsbA==",
          "dependencies": [
            "aws_subnet.aws_eks_node_subnet",
            "aws_subnet.aws_eks_node_subnet_2",
            "aws_vpc.aws_spoke_vpc",
            "module.eks.aws_cloudwatch_log_group.this",
            "module.eks.aws_eks_cluster.this",
            "module.eks.aws_iam_policy.cni_ipv6_policy",
            "module.eks.aws_iam_role.eks_auto",
            "module.eks.aws_iam_role.this",
            "module.eks.aws_iam_role_policy_attachment.this",
            "module.eks.aws_security_group.cluster",
            "module.eks.aws_security_group.node",
            "module.eks.aws_security_group_rule.cluster",
            "module.eks.aws_security_group_rule.node",
            "module.eks.data.aws_caller_identity.current",
            "module.eks.data.aws_iam_policy_document.assume_role_policy",
            "module.eks.data.aws_iam_policy_document.cni_ipv6_policy",
            "module.eks.data.aws_iam_policy_document.node_assume_role_policy",
            "module.eks.data.aws_iam_session_context.current",
            "module.eks.data.aws_partition.current",
            "module.eks.data.tls_certificate.this",
            "module.eks.module.kms.aws_kms_external_key.this",
            "module.eks.module.kms.aws_kms_key.this",
            "module.eks.module.kms.aws_kms_replica_external_key.this",
            "module.eks.module.kms.aws_kms_replica_key.this",
            "module.eks.module.kms.data.aws_caller_identity.current",
            "module.eks.module.kms.data.aws_iam_policy_document.this",
            "module.eks.module.kms.data.aws_partition.current"
          ]
        }
      ]
    },
    {
      "module": "module.eks",
      "mode": "managed",
      "type": "aws_iam_policy",
      "name": "cluster_encryption",
      "provider": "provider[\"registry.terraform.io/hashicorp/aws\"]",
      "instances": [
        {
          "index_key": 0,
          "schema_version": 0,
          "attributes": {
            "arn": "arn:aws:iam::234572319512:policy/eks-cluster-cluster-ClusterEncryption20250716164102887200000008",
            "attachment_count": 1,
            "description": "Cluster encryption policy to allow cluster role to utilize CMK provided",
            "id": "arn:aws:iam::234572319512:policy/eks-cluster-cluster-ClusterEncryption20250716164102887200000008",
            "name": "eks-cluster-cluster-ClusterEncryption20250716164102887200000008",
            "name_prefix": "eks-cluster-cluster-ClusterEncryption",
            "path": "/",
            "policy": "{\"Statement\":[{\"Action\":[\"kms:Encrypt\",\"kms:Decrypt\",\"kms:ListGrants\",\"kms:DescribeKey\"],\"Effect\":\"Allow\",\"Resource\":\"arn:aws:kms:eu-central-1:234572319512:key/76d0d74d-e632-4db4-a070-5642f4fefe5c\"}],\"Version\":\"2012-10-17\"}",
            "policy_id": "ANPATNHMZRMMHQLK2PYXB",
            "tags": {},
            "tags_all": {}
          },
          "sensitive_attributes": [],
          "identity_schema_version": 0,
          "private": "bnVsbA==",
          "dependencies": [
            "module.eks.aws_iam_role.this",
            "module.eks.data.aws_caller_identity.current",
            "module.eks.data.aws_iam_policy_document.assume_role_policy",
            "module.eks.data.aws_iam_session_context.current",
            "module.eks.module.kms.aws_kms_external_key.this",
            "module.eks.module.kms.aws_kms_key.this",
            "module.eks.module.kms.aws_kms_replica_external_key.this",
            "module.eks.module.kms.aws_kms_replica_key.this",
            "module.eks.module.kms.data.aws_caller_identity.current",
            "module.eks.module.kms.data.aws_iam_policy_document.this",
            "module.eks.module.kms.data.aws_partition.current"
          ]
        }
      ]
    },
    {
      "module": "module.eks",
      "mode": "managed",
      "type": "aws_iam_policy",
      "name": "cni_ipv6_policy",
      "provider": "provider[\"registry.terraform.io/hashicorp/aws\"]",
      "instances": []
    },
    {
      "module": "module.eks",
      "mode": "managed",
      "type": "aws_iam_policy",
      "name": "custom",
      "provider": "provider[\"registry.terraform.io/hashicorp/aws\"]",
      "instances": [
        {
          "index_key": 0,
          "schema_version": 0,
          "attributes": {
            "arn": "arn:aws:iam::234572319512:policy/eks-cluster-cluster-20250716164038306100000003",
            "attachment_count": 1,
            "description": "",
            "id": "arn:aws:iam::234572319512:policy/eks-cluster-cluster-20250716164038306100000003",
            "name": "eks-cluster-cluster-20250716164038306100000003",
            "name_prefix": "eks-cluster-cluster-",
            "path": "/",
            "policy": "{\"Statement\":[{\"Action\":[\"ec2:RunInstances\",\"ec2:CreateLaunchTemplate\",\"ec2:CreateFleet\"],\"Condition\":{\"StringEquals\":{\"aws:RequestTag/eks:eks-cluster-name\":\"${aws:PrincipalTag/eks:eks-cluster-name}\"},\"StringLike\":{\"aws:RequestTag/eks:kubernetes-node-class-name\":\"*\",\"aws:RequestTag/eks:kubernetes-node-pool-name\":\"*\"}},\"Effect\":\"Allow\",\"Resource\":\"*\",\"Sid\":\"Compute\"},{\"Action\":[\"ec2:CreateVolume\",\"ec2:CreateSnapshot\"],\"Condition\":{\"StringEquals\":{\"aws:RequestTag/eks:eks-cluster-name\":\"${aws:PrincipalTag/eks:eks-cluster-name}\"}},\"Effect\":\"Allow\",\"Resource\":[\"arn:aws:ec2:*:*:volume/*\",\"arn:aws:ec2:*:*:snapshot/*\"],\"Sid\":\"Storage\"},{\"Action\":\"ec2:CreateNetworkInterface\",\"Condition\":{\"StringEquals\":{\"aws:RequestTag/eks:eks-cluster-name\":\"${aws:PrincipalTag/eks:eks-cluster-name}\",\"aws:RequestTag/eks:kubernetes-cni-node-name\":\"*\"}},\"Effect\":\"Allow\",\"Resource\":\"*\",\"Sid\":\"Networking\"},{\"Action\":[\"elasticloadbalancing:CreateTargetGroup\",\"elasticloadbalancing:CreateRule\",\"elasticloadbalancing:CreateLoadBalancer\",\"elasticloadbalancing:CreateListener\",\"ec2:CreateSecurityGroup\"],\"Condition\":{\"StringEquals\":{\"aws:RequestTag/eks:eks-cluster-name\":\"${aws:PrincipalTag/eks:eks-cluster-name}\"}},\"Effect\":\"Allow\",\"Resource\":\"*\",\"Sid\":\"LoadBalancer\"},{\"Action\":\"shield:CreateProtection\",\"Condition\":{\"StringEquals\":{\"aws:RequestTag/eks:eks-cluster-name\":\"${aws:PrincipalTag/eks:eks-cluster-name}\"}},\"Effect\":\"Allow\",\"Resource\":\"*\",\"Sid\":\"ShieldProtection\"},{\"Action\":\"shield:TagResource\",\"Condition\":{\"StringEquals\":{\"aws:RequestTag/eks:eks-cluster-name\":\"${aws:PrincipalTag/eks:eks-cluster-name}\"}},\"Effect\":\"Allow\",\"Resource\":\"arn:aws:shield::*:protection/*\",\"Sid\":\"ShieldTagResource\"}],\"Version\":\"2012-10-17\"}",
            "policy_id": "ANPATNHMZRMMG3XH4O4I4",
            "tags": {},
            "tags_all": {}
          },
          "sensitive_attributes": [],
          "identity_schema_version": 0,
          "private": "bnVsbA==",
          "dependencies": [
            "module.eks.data.aws_iam_policy_document.custom",
            "module.eks.data.aws_partition.current"
          ]
        }
      ]
    },
    {
      "module": "module.eks",
      "mode": "managed",
      "type": "aws_iam_role",
      "name": "eks_auto",
      "provider": "provider[\"registry.terraform.io/hashicorp/aws\"]",
      "instances": []
    },
    {
      "module": "module.eks",
      "mode": "managed",
      "type": "aws_iam_role",
      "name": "this",
      "provider": "provider[\"registry.terraform.io/hashicorp/aws\"]",
      "instances": [
        {
          "index_key": 0,
          "schema_version": 0,
          "attributes": {
            "arn": "arn:aws:iam::234572319512:role/eks-cluster-cluster-20250716164038307400000004",
            "assume_role_policy": "{\"Statement\":[{\"Action\":[\"sts:TagSession\",\"sts:AssumeRole\"],\"Effect\":\"Allow\",\"Principal\":{\"Service\":\"eks.amazonaws.com\"},\"Sid\":\"EKSClusterAssumeRole\"}],\"Version\":\"2012-10-17\"}",
            "create_date": "2025-07-16T16:40:39Z",
            "description": "",
            "force_detach_policies": true,
            "id": "eks-cluster-cluster-20250716164038307400000004",
            "inline_policy": [],
            "managed_policy_arns": [
              "arn:aws:iam::234572319512:policy/eks-cluster-cluster-20250716164038306100000003",
              "arn:aws:iam::234572319512:policy/eks-cluster-cluster-ClusterEncryption20250716164102887200000008",
              "arn:aws:iam::aws:policy/AmazonEKSClusterPolicy",
              "arn:aws:iam::aws:policy/AmazonEKSVPCResourceController"
            ],
            "max_session_duration": 3600,
            "name": "eks-cluster-cluster-20250716164038307400000004",
            "name_prefix": "eks-cluster-cluster-",
            "path": "/",
            "permissions_boundary": "",
            "tags": {},
            "tags_all": {},
            "unique_id": "AROATNHMZRMMCINJNRP56"
          },
          "sensitive_attributes": [],
          "identity_schema_version": 0,
          "private": "bnVsbA==",
          "dependencies": [
            "module.eks.data.aws_iam_policy_document.assume_role_policy"
          ],
          "create_before_destroy": true
        }
      ]
    },
    {
      "module": "module.eks",
      "mode": "managed",
      "type": "aws_iam_role_policy_attachment",
      "name": "additional",
      "provider": "provider[\"registry.terraform.io/hashicorp/aws\"]",
      "instances": []
    },
    {
      "module": "module.eks",
      "mode": "managed",
      "type": "aws_iam_role_policy_attachment",
      "name": "cluster_encryption",
      "provider": "provider[\"registry.terraform.io/hashicorp/aws\"]",
      "instances": [
        {
          "index_key": 0,
          "schema_version": 0,
          "attributes": {
            "id": "eks-cluster-cluster-20250716164038307400000004-20250716164104037100000009",
            "policy_arn": "arn:aws:iam::234572319512:policy/eks-cluster-cluster-ClusterEncryption20250716164102887200000008",
            "role": "eks-cluster-cluster-20250716164038307400000004"
          },
          "sensitive_attributes": [],
          "identity_schema_version": 0,
          "private": "bnVsbA==",
          "dependencies": [
            "module.eks.aws_iam_policy.cluster_encryption",
            "module.eks.aws_iam_role.this",
            "module.eks.data.aws_caller_identity.current",
            "module.eks.data.aws_iam_policy_document.assume_role_policy",
            "module.eks.data.aws_iam_session_context.current",
            "module.eks.module.kms.aws_kms_external_key.this",
            "module.eks.module.kms.aws_kms_key.this",
            "module.eks.module.kms.aws_kms_replica_external_key.this",
            "module.eks.module.kms.aws_kms_replica_key.this",
            "module.eks.module.kms.data.aws_caller_identity.current",
            "module.eks.module.kms.data.aws_iam_policy_document.this",
            "module.eks.module.kms.data.aws_partition.current"
          ]
        }
      ]
    },
    {
      "module": "module.eks",
      "mode": "managed",
      "type": "aws_iam_role_policy_attachment",
      "name": "custom",
      "provider": "provider[\"registry.terraform.io/hashicorp/aws\"]",
      "instances": [
        {
          "index_key": 0,
          "schema_version": 0,
          "attributes": {
            "id": "eks-cluster-cluster-20250716164038307400000004-20250716164040521300000006",
            "policy_arn": "arn:aws:iam::234572319512:policy/eks-cluster-cluster-20250716164038306100000003",
            "role": "eks-cluster-cluster-20250716164038307400000004"
          },
          "sensitive_attributes": [],
          "identity_schema_version": 0,
          "private": "bnVsbA==",
          "dependencies": [
            "module.eks.aws_iam_policy.custom",
            "module.eks.aws_iam_role.this",
            "module.eks.data.aws_iam_policy_document.assume_role_policy",
            "module.eks.data.aws_iam_policy_document.custom",
            "module.eks.data.aws_partition.current"
          ]
        }
      ]
    },
    {
      "module": "module.eks",
      "mode": "managed",
      "type": "aws_iam_role_policy_attachment",
      "name": "eks_auto",
      "provider": "provider[\"registry.terraform.io/hashicorp/aws\"]",
      "instances": []
    },
    {
      "module": "module.eks",
      "mode": "managed",
      "type": "aws_iam_role_policy_attachment",
      "name": "eks_auto_additional",
      "provider": "provider[\"registry.terraform.io/hashicorp/aws\"]",
      "instances": []
    },
    {
      "module": "module.eks",
      "mode": "managed",
      "type": "aws_iam_role_policy_attachment",
      "name": "this",
      "provider": "provider[\"registry.terraform.io/hashicorp/aws\"]",
      "instances": [
        {
          "index_key": "AmazonEKSClusterPolicy",
          "schema_version": 0,
          "attributes": {
            "id": "eks-cluster-cluster-20250716164038307400000004-20250716164040486700000005",
            "policy_arn": "arn:aws:iam::aws:policy/AmazonEKSClusterPolicy",
            "role": "eks-cluster-cluster-20250716164038307400000004"
          },
          "sensitive_attributes": [],
          "identity_schema_version": 0,
          "private": "bnVsbA==",
          "dependencies": [
            "module.eks.aws_iam_role.this",
            "module.eks.data.aws_iam_policy_document.assume_role_policy",
            "module.eks.data.aws_partition.current"
          ],
          "create_before_destroy": true
        },
        {
          "index_key": "AmazonEKSVPCResourceController",
          "schema_version": 0,
          "attributes": {
            "id": "eks-cluster-cluster-20250716164038307400000004-20250716164040776400000007",
            "policy_arn": "arn:aws:iam::aws:policy/AmazonEKSVPCResourceController",
            "role": "eks-cluster-cluster-20250716164038307400000004"
          },
          "sensitive_attributes": [],
          "identity_schema_version": 0,
          "private": "bnVsbA==",
          "dependencies": [
            "module.eks.aws_iam_role.this",
            "module.eks.data.aws_iam_policy_document.assume_role_policy",
            "module.eks.data.aws_partition.current"
          ],
          "create_before_destroy": true
        }
      ]
    },
    {
      "module": "module.eks",
      "mode": "managed",
      "type": "aws_security_group",
      "name": "cluster",
      "provider": "provider[\"registry.terraform.io/hashicorp/aws\"]",
      "instances": [
        {
          "index_key": 0,
          "schema_version": 1,
          "attributes": {
            "arn": "arn:aws:ec2:eu-central-1:234572319512:security-group/sg-0f56857f71f646f3d",
            "description": "EKS cluster security group",
            "egress": [],
            "id": "sg-0f56857f71f646f3d",
            "ingress": [
              {
                "cidr_blocks": [],
                "description": "Node groups to cluster API",
                "from_port": 443,
                "ipv6_cidr_blocks": [],
                "prefix_list_ids": [],
                "protocol": "tcp",
                "security_groups": [
                  "sg-088d797c0a198ff6b"
                ],
                "self": false,
                "to_port": 443
              }
            ],
            "name": "eks-cluster-cluster-20250716164038305700000002",
            "name_prefix": "eks-cluster-cluster-",
            "owner_id": "234572319512",
            "revoke_rules_on_delete": false,
            "tags": {
              "Name": "eks-cluster-cluster"
            },
            "tags_all": {
              "Name": "eks-cluster-cluster"
            },
            "timeouts": null,
            "vpc_id": "vpc-048797b2556043224"
          },
          "sensitive_attributes": [],
          "identity_schema_version": 0,
          "private": "eyJlMmJmYjczMC1lY2FhLTExZTYtOGY4OC0zNDM2M2JjN2M0YzAiOnsiY3JlYXRlIjo2MDAwMDAwMDAwMDAsImRlbGV0ZSI6OTAwMDAwMDAwMDAwfSwic2NoZW1hX3ZlcnNpb24iOiIxIn0=",
          "dependencies": [
            "aws_vpc.aws_spoke_vpc"
          ],
          "create_before_destroy": true
        }
      ]
    },
    {
      "module": "module.eks",
      "mode": "managed",
      "type": "aws_security_group",
      "name": "node",
      "provider": "provider[\"registry.terraform.io/hashicorp/aws\"]",
      "instances": [
        {
          "index_key": 0,
          "schema_version": 1,
          "attributes": {
            "arn": "arn:aws:ec2:eu-central-1:234572319512:security-group/sg-088d797c0a198ff6b",
            "description": "EKS node shared security group",
            "egress": [
              {
                "cidr_blocks": [
                  "0.0.0.0/0"
                ],
                "description": "Allow all egress",
                "from_port": 0,
                "ipv6_cidr_blocks": [],
                "prefix_list_ids": [],
                "protocol": "-1",
                "security_groups": [],
                "self": false,
                "to_port": 0
              }
            ],
            "id": "sg-088d797c0a198ff6b",
            "ingress": [
              {
                "cidr_blocks": [
                  "0.0.0.0/0"
                ],
                "description": "kubernetes.io/rule/nlb/client=a72bc28251f894238b2febac0d61e3ce",
                "from_port": 30202,
                "ipv6_cidr_blocks": [],
                "prefix_list_ids": [],
                "protocol": "tcp",
                "security_groups": [],
                "self": false,
                "to_port": 30202
              },
              {
                "cidr_blocks": [
                  "0.0.0.0/0"
                ],
                "description": "kubernetes.io/rule/nlb/mtu",
                "from_port": 3,
                "ipv6_cidr_blocks": [],
                "prefix_list_ids": [],
                "protocol": "icmp",
                "security_groups": [],
                "self": false,
                "to_port": 4
              },
              {
                "cidr_blocks": [
                  "10.100.9.0/24",
                  "10.100.1.0/24"
                ],
                "description": "kubernetes.io/rule/nlb/health=a72bc28251f894238b2febac0d61e3ce",
                "from_port": 30472,
                "ipv6_cidr_blocks": [],
                "prefix_list_ids": [],
                "protocol": "tcp",
                "security_groups": [],
                "self": false,
                "to_port": 30472
              },
              {
                "cidr_blocks": [],
                "description": "Cluster API to node 4443/tcp webhook",
                "from_port": 4443,
                "ipv6_cidr_blocks": [],
                "prefix_list_ids": [],
                "protocol": "tcp",
                "security_groups": [
                  "sg-0f56857f71f646f3d"
                ],
                "self": false,
                "to_port": 4443
              },
              {
                "cidr_blocks": [],
                "description": "Cluster API to node 6443/tcp webhook",
                "from_port": 6443,
                "ipv6_cidr_blocks": [],
                "prefix_list_ids": [],
                "protocol": "tcp",
                "security_groups": [
                  "sg-0f56857f71f646f3d"
                ],
                "self": false,
                "to_port": 6443
              },
              {
                "cidr_blocks": [],
                "description": "Cluster API to node 8443/tcp webhook",
                "from_port": 8443,
                "ipv6_cidr_blocks": [],
                "prefix_list_ids": [],
                "protocol": "tcp",
                "security_groups": [
                  "sg-0f56857f71f646f3d"
                ],
                "self": false,
                "to_port": 8443
              },
              {
                "cidr_blocks": [],
                "description": "Cluster API to node 9443/tcp webhook",
                "from_port": 9443,
                "ipv6_cidr_blocks": [],
                "prefix_list_ids": [],
                "protocol": "tcp",
                "security_groups": [
                  "sg-0f56857f71f646f3d"
                ],
                "self": false,
                "to_port": 9443
              },
              {
                "cidr_blocks": [],
                "description": "Cluster API to node groups",
                "from_port": 443,
                "ipv6_cidr_blocks": [],
                "prefix_list_ids": [],
                "protocol": "tcp",
                "security_groups": [
                  "sg-0f56857f71f646f3d"
                ],
                "self": false,
                "to_port": 443
              },
              {
                "cidr_blocks": [],
                "description": "Cluster API to node kubelets",
                "from_port": 10250,
                "ipv6_cidr_blocks": [],
                "prefix_list_ids": [],
                "protocol": "tcp",
                "security_groups": [
                  "sg-0f56857f71f646f3d"
                ],
                "self": false,
                "to_port": 10250
              },
              {
                "cidr_blocks": [],
                "description": "Node to node CoreDNS UDP",
                "from_port": 53,
                "ipv6_cidr_blocks": [],
                "prefix_list_ids": [],
                "protocol": "udp",
                "security_groups": [],
                "self": true,
                "to_port": 53
              },
              {
                "cidr_blocks": [],
                "description": "Node to node CoreDNS",
                "from_port": 53,
                "ipv6_cidr_blocks": [],
                "prefix_list_ids": [],
                "protocol": "tcp",
                "security_groups": [],
                "self": true,
                "to_port": 53
              },
              {
                "cidr_blocks": [],
                "description": "Node to node ingress on ephemeral ports",
                "from_port": 1025,
                "ipv6_cidr_blocks": [],
                "prefix_list_ids": [],
                "protocol": "tcp",
                "security_groups": [],
                "self": true,
                "to_port": 65535
              }
            ],
            "name": "eks-cluster-node-20250716164038305600000001",
            "name_prefix": "eks-cluster-node-",
            "owner_id": "234572319512",
            "revoke_rules_on_delete": false,
            "tags": {
              "Name": "eks-cluster-node",
              "kubernetes.io/cluster/eks-cluster": "owned"
            },
            "tags_all": {
              "Name": "eks-cluster-node",
              "kubernetes.io/cluster/eks-cluster": "owned"
            },
            "timeouts": null,
            "vpc_id": "vpc-048797b2556043224"
          },
          "sensitive_attributes": [],
          "identity_schema_version": 0,
          "private": "eyJlMmJmYjczMC1lY2FhLTExZTYtOGY4OC0zNDM2M2JjN2M0YzAiOnsiY3JlYXRlIjo2MDAwMDAwMDAwMDAsImRlbGV0ZSI6OTAwMDAwMDAwMDAwfSwic2NoZW1hX3ZlcnNpb24iOiIxIn0=",
          "dependencies": [
            "aws_vpc.aws_spoke_vpc"
          ],
          "create_before_destroy": true
        }
      ]
    },
    {
      "module": "module.eks",
      "mode": "managed",
      "type": "aws_security_group_rule",
      "name": "cluster",
      "provider": "provider[\"registry.terraform.io/hashicorp/aws\"]",
      "instances": [
        {
          "index_key": "ingress_nodes_443",
          "schema_version": 2,
          "attributes": {
            "cidr_blocks": null,
            "description": "Node groups to cluster API",
            "from_port": 443,
            "id": "sgrule-4143746440",
            "ipv6_cidr_blocks": null,
            "prefix_list_ids": null,
            "protocol": "tcp",
            "security_group_id": "sg-0f56857f71f646f3d",
            "security_group_rule_id": "sgr-0c63b4544c7cd8d02",
            "self": false,
            "source_security_group_id": "sg-088d797c0a198ff6b",
            "timeouts": null,
            "to_port": 443,
            "type": "ingress"
          },
          "sensitive_attributes": [],
          "identity_schema_version": 0,
          "private": "eyJlMmJmYjczMC1lY2FhLTExZTYtOGY4OC0zNDM2M2JjN2M0YzAiOnsiY3JlYXRlIjozMDAwMDAwMDAwMDB9LCJzY2hlbWFfdmVyc2lvbiI6IjIifQ==",
          "dependencies": [
            "aws_vpc.aws_spoke_vpc",
            "module.eks.aws_security_group.cluster",
            "module.eks.aws_security_group.node"
          ],
          "create_before_destroy": true
        }
      ]
    },
    {
      "module": "module.eks",
      "mode": "managed",
      "type": "aws_security_group_rule",
      "name": "node",
      "provider": "provider[\"registry.terraform.io/hashicorp/aws\"]",
      "instances": [
        {
          "index_key": "egress_all",
          "schema_version": 2,
          "attributes": {
            "cidr_blocks": [
              "0.0.0.0/0"
            ],
            "description": "Allow all egress",
            "from_port": 0,
            "id": "sgrule-2796425799",
            "ipv6_cidr_blocks": null,
            "prefix_list_ids": [],
            "protocol": "-1",
            "security_group_id": "sg-088d797c0a198ff6b",
            "security_group_rule_id": "sgr-0d09cee3d196729b1",
            "self": false,
            "source_security_group_id": null,
            "timeouts": null,
            "to_port": 0,
            "type": "egress"
          },
          "sensitive_attributes": [],
          "identity_schema_version": 0,
          "private": "eyJlMmJmYjczMC1lY2FhLTExZTYtOGY4OC0zNDM2M2JjN2M0YzAiOnsiY3JlYXRlIjozMDAwMDAwMDAwMDB9LCJzY2hlbWFfdmVyc2lvbiI6IjIifQ==",
          "dependencies": [
            "aws_vpc.aws_spoke_vpc",
            "module.eks.aws_security_group.cluster",
            "module.eks.aws_security_group.node"
          ],
          "create_before_destroy": true
        },
        {
          "index_key": "ingress_cluster_443",
          "schema_version": 2,
          "attributes": {
            "cidr_blocks": null,
            "description": "Cluster API to node groups",
            "from_port": 443,
            "id": "sgrule-449695397",
            "ipv6_cidr_blocks": null,
            "prefix_list_ids": [],
            "protocol": "tcp",
            "security_group_id": "sg-088d797c0a198ff6b",
            "security_group_rule_id": "sgr-07074c2591b2dcedc",
            "self": false,
            "source_security_group_id": "sg-0f56857f71f646f3d",
            "timeouts": null,
            "to_port": 443,
            "type": "ingress"
          },
          "sensitive_attributes": [],
          "identity_schema_version": 0,
          "private": "eyJlMmJmYjczMC1lY2FhLTExZTYtOGY4OC0zNDM2M2JjN2M0YzAiOnsiY3JlYXRlIjozMDAwMDAwMDAwMDB9LCJzY2hlbWFfdmVyc2lvbiI6IjIifQ==",
          "dependencies": [
            "aws_vpc.aws_spoke_vpc",
            "module.eks.aws_security_group.cluster",
            "module.eks.aws_security_group.node"
          ],
          "create_before_destroy": true
        },
        {
          "index_key": "ingress_cluster_4443_webhook",
          "schema_version": 2,
          "attributes": {
            "cidr_blocks": null,
            "description": "Cluster API to node 4443/tcp webhook",
            "from_port": 4443,
            "id": "sgrule-3181952067",
            "ipv6_cidr_blocks": null,
            "prefix_list_ids": [],
            "protocol": "tcp",
            "security_group_id": "sg-088d797c0a198ff6b",
            "security_group_rule_id": "sgr-00b866e4429929718",
            "self": false,
            "source_security_group_id": "sg-0f56857f71f646f3d",
            "timeouts": null,
            "to_port": 4443,
            "type": "ingress"
          },
          "sensitive_attributes": [],
          "identity_schema_version": 0,
          "private": "eyJlMmJmYjczMC1lY2FhLTExZTYtOGY4OC0zNDM2M2JjN2M0YzAiOnsiY3JlYXRlIjozMDAwMDAwMDAwMDB9LCJzY2hlbWFfdmVyc2lvbiI6IjIifQ==",
          "dependencies": [
            "aws_vpc.aws_spoke_vpc",
            "module.eks.aws_security_group.cluster",
            "module.eks.aws_security_group.node"
          ],
          "create_before_destroy": true
        },
        {
          "index_key": "ingress_cluster_6443_webhook",
          "schema_version": 2,
          "attributes": {
            "cidr_blocks": null,
            "description": "Cluster API to node 6443/tcp webhook",
            "from_port": 6443,
            "id": "sgrule-1961548757",
            "ipv6_cidr_blocks": null,
            "prefix_list_ids": [],
            "protocol": "tcp",
            "security_group_id": "sg-088d797c0a198ff6b",
            "security_group_rule_id": "sgr-078241e7dcf4d0081",
            "self": false,
            "source_security_group_id": "sg-0f56857f71f646f3d",
            "timeouts": null,
            "to_port": 6443,
            "type": "ingress"
          },
          "sensitive_attributes": [],
          "identity_schema_version": 0,
          "private": "eyJlMmJmYjczMC1lY2FhLTExZTYtOGY4OC0zNDM2M2JjN2M0YzAiOnsiY3JlYXRlIjozMDAwMDAwMDAwMDB9LCJzY2hlbWFfdmVyc2lvbiI6IjIifQ==",
          "dependencies": [
            "aws_vpc.aws_spoke_vpc",
            "module.eks.aws_security_group.cluster",
            "module.eks.aws_security_group.node"
          ],
          "create_before_destroy": true
        },
        {
          "index_key": "ingress_cluster_8443_webhook",
          "schema_version": 2,
          "attributes": {
            "cidr_blocks": null,
            "description": "Cluster API to node 8443/tcp webhook",
            "from_port": 8443,
            "id": "sgrule-1740040180",
            "ipv6_cidr_blocks": null,
            "prefix_list_ids": [],
            "protocol": "tcp",
            "security_group_id": "sg-088d797c0a198ff6b",
            "security_group_rule_id": "sgr-0a91057320a1e3d01",
            "self": false,
            "source_security_group_id": "sg-0f56857f71f646f3d",
            "timeouts": null,
            "to_port": 8443,
            "type": "ingress"
          },
          "sensitive_attributes": [],
          "identity_schema_version": 0,
          "private": "eyJlMmJmYjczMC1lY2FhLTExZTYtOGY4OC0zNDM2M2JjN2M0YzAiOnsiY3JlYXRlIjozMDAwMDAwMDAwMDB9LCJzY2hlbWFfdmVyc2lvbiI6IjIifQ==",
          "dependencies": [
            "aws_vpc.aws_spoke_vpc",
            "module.eks.aws_security_group.cluster",
            "module.eks.aws_security_group.node"
          ],
          "create_before_destroy": true
        },
        {
          "index_key": "ingress_cluster_9443_webhook",
          "schema_version": 2,
          "attributes": {
            "cidr_blocks": null,
            "description": "Cluster API to node 9443/tcp webhook",
            "from_port": 9443,
            "id": "sgrule-51893311",
            "ipv6_cidr_blocks": null,
            "prefix_list_ids": [],
            "protocol": "tcp",
            "security_group_id": "sg-088d797c0a198ff6b",
            "security_group_rule_id": "sgr-0dd5ef57b695ac32e",
            "self": false,
            "source_security_group_id": "sg-0f56857f71f646f3d",
            "timeouts": null,
            "to_port": 9443,
            "type": "ingress"
          },
          "sensitive_attributes": [],
          "identity_schema_version": 0,
          "private": "eyJlMmJmYjczMC1lY2FhLTExZTYtOGY4OC0zNDM2M2JjN2M0YzAiOnsiY3JlYXRlIjozMDAwMDAwMDAwMDB9LCJzY2hlbWFfdmVyc2lvbiI6IjIifQ==",
          "dependencies": [
            "aws_vpc.aws_spoke_vpc",
            "module.eks.aws_security_group.cluster",
            "module.eks.aws_security_group.node"
          ],
          "create_before_destroy": true
        },
        {
          "index_key": "ingress_cluster_kubelet",
          "schema_version": 2,
          "attributes": {
            "cidr_blocks": null,
            "description": "Cluster API to node kubelets",
            "from_port": 10250,
            "id": "sgrule-2967570642",
            "ipv6_cidr_blocks": null,
            "prefix_list_ids": [],
            "protocol": "tcp",
            "security_group_id": "sg-088d797c0a198ff6b",
            "security_group_rule_id": "sgr-010464652a5850c93",
            "self": false,
            "source_security_group_id": "sg-0f56857f71f646f3d",
            "timeouts": null,
            "to_port": 10250,
            "type": "ingress"
          },
          "sensitive_attributes": [],
          "identity_schema_version": 0,
          "private": "eyJlMmJmYjczMC1lY2FhLTExZTYtOGY4OC0zNDM2M2JjN2M0YzAiOnsiY3JlYXRlIjozMDAwMDAwMDAwMDB9LCJzY2hlbWFfdmVyc2lvbiI6IjIifQ==",
          "dependencies": [
            "aws_vpc.aws_spoke_vpc",
            "module.eks.aws_security_group.cluster",
            "module.eks.aws_security_group.node"
          ],
          "create_before_destroy": true
        },
        {
          "index_key": "ingress_nodes_ephemeral",
          "schema_version": 2,
          "attributes": {
            "cidr_blocks": null,
            "description": "Node to node ingress on ephemeral ports",
            "from_port": 1025,
            "id": "sgrule-2114500589",
            "ipv6_cidr_blocks": null,
            "prefix_list_ids": [],
            "protocol": "tcp",
            "security_group_id": "sg-088d797c0a198ff6b",
            "security_group_rule_id": "sgr-05fd647984f149476",
            "self": true,
            "source_security_group_id": null,
            "timeouts": null,
            "to_port": 65535,
            "type": "ingress"
          },
          "sensitive_attributes": [],
          "identity_schema_version": 0,
          "private": "eyJlMmJmYjczMC1lY2FhLTExZTYtOGY4OC0zNDM2M2JjN2M0YzAiOnsiY3JlYXRlIjozMDAwMDAwMDAwMDB9LCJzY2hlbWFfdmVyc2lvbiI6IjIifQ==",
          "dependencies": [
            "aws_vpc.aws_spoke_vpc",
            "module.eks.aws_security_group.cluster",
            "module.eks.aws_security_group.node"
          ],
          "create_before_destroy": true
        },
        {
          "index_key": "ingress_self_coredns_tcp",
          "schema_version": 2,
          "attributes": {
            "cidr_blocks": null,
            "description": "Node to node CoreDNS",
            "from_port": 53,
            "id": "sgrule-727558194",
            "ipv6_cidr_blocks": null,
            "prefix_list_ids": [],
            "protocol": "tcp",
            "security_group_id": "sg-088d797c0a198ff6b",
            "security_group_rule_id": "sgr-0b4edf920318a0a60",
            "self": true,
            "source_security_group_id": null,
            "timeouts": null,
            "to_port": 53,
            "type": "ingress"
          },
          "sensitive_attributes": [],
          "identity_schema_version": 0,
          "private": "eyJlMmJmYjczMC1lY2FhLTExZTYtOGY4OC0zNDM2M2JjN2M0YzAiOnsiY3JlYXRlIjozMDAwMDAwMDAwMDB9LCJzY2hlbWFfdmVyc2lvbiI6IjIifQ==",
          "dependencies": [
            "aws_vpc.aws_spoke_vpc",
            "module.eks.aws_security_group.cluster",
            "module.eks.aws_security_group.node"
          ],
          "create_before_destroy": true
        },
        {
          "index_key": "ingress_self_coredns_udp",
          "schema_version": 2,
          "attributes": {
            "cidr_blocks": null,
            "description": "Node to node CoreDNS UDP",
            "from_port": 53,
            "id": "sgrule-2399275997",
            "ipv6_cidr_blocks": null,
            "prefix_list_ids": [],
            "protocol": "udp",
            "security_group_id": "sg-088d797c0a198ff6b",
            "security_group_rule_id": "sgr-02eb051773e2ef649",
            "self": true,
            "source_security_group_id": null,
            "timeouts": null,
            "to_port": 53,
            "type": "ingress"
          },
          "sensitive_attributes": [],
          "identity_schema_version": 0,
          "private": "eyJlMmJmYjczMC1lY2FhLTExZTYtOGY4OC0zNDM2M2JjN2M0YzAiOnsiY3JlYXRlIjozMDAwMDAwMDAwMDB9LCJzY2hlbWFfdmVyc2lvbiI6IjIifQ==",
          "dependencies": [
            "aws_vpc.aws_spoke_vpc",
            "module.eks.aws_security_group.cluster",
            "module.eks.aws_security_group.node"
          ],
          "create_before_destroy": true
        }
      ]
    },
    {
      "module": "module.eks",
      "mode": "managed",
      "type": "time_sleep",
      "name": "this",
      "provider": "provider[\"registry.terraform.io/hashicorp/time\"]",
      "instances": [
        {
          "index_key": 0,
          "schema_version": 0,
          "attributes": {
            "create_duration": "30s",
            "destroy_duration": null,
            "id": "2025-07-16T16:50:20Z",
            "triggers": {
              "cluster_certificate_authority_data": "LS0tLS1CRUdJTiBDRVJUSUZJQ0FURS0tLS0tCk1JSURCVENDQWUyZ0F3SUJBZ0lJUit4N0RBRHIxMWd3RFFZSktvWklodmNOQVFFTEJRQXdGVEVUTUJFR0ExVUUKQXhNS2EzVmlaWEp1WlhSbGN6QWVGdzB5TlRBM01UWXhOalF3TXpKYUZ3MHpOVEEzTVRReE5qUTFNekphTUJVeApFekFSQmdOVkJBTVRDbXQxWW1WeWJtVjBaWE13Z2dFaU1BMEdDU3FHU0liM0RRRUJBUVVBQTRJQkR3QXdnZ0VLCkFvSUJBUURjN1A4THhLMXBWTDR6Kzc1YTN0U0pXbERDUE5kWUtabzdtZDdoZzA1dWJ5eHhpc29od0t0cXQ3T20Ka2M4WWhzWHlJYTZKZktGMVVKSzdyOGczaU5yMXpiaWdDTGRUZFl4RmRKOUtYWVpYYXNicW9wK1FJblpldTk4Nwp3RHcvblErRUFkYnpvQWJNS1hLZlc5YTlrYytZYXQwMFhiT1FoRm43SHBZS0k4TWJSS2wzMHdvZjRHd1EzOFAzClI1cUNoTWl4R2hZSHp1QjYzMUI4bmlWWW5LY3o4T2VDRnd1N3NERjlpUjZWeDJheE0zNGdqcHBZWVlKVThER3MKc3IvSEM1NWZqcldFVzhYei85MVhLZmkxdmJQc3hjcHV3MTR0S0tVZGJQNW9sbUdJTDdMVGN3TlJqVXdGZlg4NAphSkdRY0VHVU1YS2tjSlREWVcwaFZOdUgzSy9YQWdNQkFBR2pXVEJYTUE0R0ExVWREd0VCL3dRRUF3SUNwREFQCkJnTlZIUk1CQWY4RUJUQURBUUgvTUIwR0ExVWREZ1FXQkJTK29RVm9hSUZIYnlTZXJzYTd1Nzl1RU54WTNEQVYKQmdOVkhSRUVEakFNZ2dwcmRXSmxjbTVsZEdWek1BMEdDU3FHU0liM0RRRUJDd1VBQTRJQkFRQTJJb2lGdnBFcwpva2M2VEZ2UmdQczBwYS9tRVoxRnRqOUtqdnBWcmhXMmlHNVdBTlJWVmZaUm1oMFpTakw1L09KbmM0QmR0aDBQCk9zUTZTSmpGaXpQWkI3UnlTOUNDSHBoWmRENXBrSDhoVFFGdTlJYUJrcE9xNjY0Q3JNLzBYU1ZabEJDQzJSM2QKcVhVNk1JSEhjL3RKb2JiNW92MTlXdjl5TXdsWEk4TjJmUGFHK3h3TEFERnpIV3F4emRkZ1pjTkxYNGIyZjh0eQoxQ3F0ZlF6cDBrQ2o3OTBnTU5TVjRPVzhTMFRobXRNa1V0S2ozOWVTekxHWnhBdkh0V0w5UGR3REMwVHhJOGVyCkhGN3N6VElMMlg0Q2o5QUF1S3kxbGhtMnZiQmNvUFIvQ0IvL1c0MEtucnU4V2tJb1cwMUpQblV3dDN5dkt5M3oKUEp4QjFKWWJJMExxCi0tLS0tRU5EIENFUlRJRklDQVRFLS0tLS0K",
              "cluster_endpoint": "https://13581D9AFB7F1F9D6B5B6241F5F48605.gr7.eu-central-1.eks.amazonaws.com",
              "cluster_name": "eks-cluster",
              "cluster_service_cidr": "172.20.0.0/16",
              "cluster_version": "1.33"
            }
          },
          "sensitive_attributes": [],
          "identity_schema_version": 0,
          "dependencies": [
            "aws_subnet.aws_eks_node_subnet",
            "aws_subnet.aws_eks_node_subnet_2",
            "aws_vpc.aws_spoke_vpc",
            "module.eks.aws_cloudwatch_log_group.this",
            "module.eks.aws_eks_cluster.this",
            "module.eks.aws_iam_policy.cni_ipv6_policy",
            "module.eks.aws_iam_role.eks_auto",
            "module.eks.aws_iam_role.this",
            "module.eks.aws_iam_role_policy_attachment.this",
            "module.eks.aws_security_group.cluster",
            "module.eks.aws_security_group.node",
            "module.eks.aws_security_group_rule.cluster",
            "module.eks.aws_security_group_rule.node",
            "module.eks.data.aws_caller_identity.current",
            "module.eks.data.aws_iam_policy_document.assume_role_policy",
            "module.eks.data.aws_iam_policy_document.cni_ipv6_policy",
            "module.eks.data.aws_iam_policy_document.node_assume_role_policy",
            "module.eks.data.aws_iam_session_context.current",
            "module.eks.data.aws_partition.current",
            "module.eks.module.kms.aws_kms_external_key.this",
            "module.eks.module.kms.aws_kms_key.this",
            "module.eks.module.kms.aws_kms_replica_external_key.this",
            "module.eks.module.kms.aws_kms_replica_key.this",
            "module.eks.module.kms.data.aws_caller_identity.current",
            "module.eks.module.kms.data.aws_iam_policy_document.this",
            "module.eks.module.kms.data.aws_partition.current"
          ],
          "create_before_destroy": true
        }
      ]
    },
    {
      "module": "module.eks.module.eks_managed_node_group[\"default\"]",
      "mode": "data",
      "type": "aws_caller_identity",
      "name": "current",
      "provider": "provider[\"registry.terraform.io/hashicorp/aws\"]",
      "instances": [
        {
          "schema_version": 0,
          "attributes": {
            "account_id": "234572319512",
            "arn": "arn:aws:iam::234572319512:root",
            "id": "234572319512",
            "user_id": "234572319512"
          },
          "sensitive_attributes": [],
          "identity_schema_version": 0
        }
      ]
    },
    {
      "module": "module.eks.module.eks_managed_node_group[\"default\"]",
      "mode": "data",
      "type": "aws_ec2_instance_type",
      "name": "this",
      "provider": "provider[\"registry.terraform.io/hashicorp/aws\"]",
      "instances": []
    },
    {
      "module": "module.eks.module.eks_managed_node_group[\"default\"]",
      "mode": "data",
      "type": "aws_ec2_instance_type_offerings",
      "name": "this",
      "provider": "provider[\"registry.terraform.io/hashicorp/aws\"]",
      "instances": []
    },
    {
      "module": "module.eks.module.eks_managed_node_group[\"default\"]",
      "mode": "data",
      "type": "aws_iam_policy_document",
      "name": "assume_role_policy",
      "provider": "provider[\"registry.terraform.io/hashicorp/aws\"]",
      "instances": [
        {
          "index_key": 0,
          "schema_version": 0,
          "attributes": {
            "id": "2560088296",
            "json": "{\n  \"Version\": \"2012-10-17\",\n  \"Statement\": [\n    {\n      \"Sid\": \"EKSNodeAssumeRole\",\n      \"Effect\": \"Allow\",\n      \"Action\": \"sts:AssumeRole\",\n      \"Principal\": {\n        \"Service\": \"ec2.amazonaws.com\"\n      }\n    }\n  ]\n}",
            "minified_json": "{\"Version\":\"2012-10-17\",\"Statement\":[{\"Sid\":\"EKSNodeAssumeRole\",\"Effect\":\"Allow\",\"Action\":\"sts:AssumeRole\",\"Principal\":{\"Service\":\"ec2.amazonaws.com\"}}]}",
            "override_json": null,
            "override_policy_documents": null,
            "policy_id": null,
            "source_json": null,
            "source_policy_documents": null,
            "statement": [
              {
                "actions": [
                  "sts:AssumeRole"
                ],
                "condition": [],
                "effect": "Allow",
                "not_actions": [],
                "not_principals": [],
                "not_resources": [],
                "principals": [
                  {
                    "identifiers": [
                      "ec2.amazonaws.com"
                    ],
                    "type": "Service"
                  }
                ],
                "resources": [],
                "sid": "EKSNodeAssumeRole"
              }
            ],
            "version": "2012-10-17"
          },
          "sensitive_attributes": [],
          "identity_schema_version": 0
        }
      ]
    },
    {
      "module": "module.eks.module.eks_managed_node_group[\"default\"]",
      "mode": "data",
      "type": "aws_iam_policy_document",
      "name": "role",
      "provider": "provider[\"registry.terraform.io/hashicorp/aws\"]",
      "instances": []
    },
    {
      "module": "module.eks.module.eks_managed_node_group[\"default\"]",
      "mode": "data",
      "type": "aws_partition",
      "name": "current",
      "provider": "provider[\"registry.terraform.io/hashicorp/aws\"]",
      "instances": [
        {
          "schema_version": 0,
          "attributes": {
            "dns_suffix": "amazonaws.com",
            "id": "aws",
            "partition": "aws",
            "reverse_dns_prefix": "com.amazonaws"
          },
          "sensitive_attributes": [],
          "identity_schema_version": 0
        }
      ]
    },
    {
      "module": "module.eks.module.eks_managed_node_group[\"default\"]",
      "mode": "data",
      "type": "aws_ssm_parameter",
      "name": "ami",
      "provider": "provider[\"registry.terraform.io/hashicorp/aws\"]",
      "instances": []
    },
    {
      "module": "module.eks.module.eks_managed_node_group[\"default\"]",
      "mode": "data",
      "type": "aws_subnets",
      "name": "placement_group",
      "provider": "provider[\"registry.terraform.io/hashicorp/aws\"]",
      "instances": []
    },
    {
      "module": "module.eks.module.eks_managed_node_group[\"default\"]",
      "mode": "managed",
      "type": "aws_autoscaling_schedule",
      "name": "this",
      "provider": "provider[\"registry.terraform.io/hashicorp/aws\"]",
      "instances": []
    },
    {
      "module": "module.eks.module.eks_managed_node_group[\"default\"]",
      "mode": "managed",
      "type": "aws_eks_node_group",
      "name": "this",
      "provider": "provider[\"registry.terraform.io/hashicorp/aws\"]",
      "instances": [
        {
          "index_key": 0,
          "schema_version": 0,
          "attributes": {
            "ami_type": "AL2023_x86_64_STANDARD",
            "arn": "arn:aws:eks:eu-central-1:234572319512:nodegroup/eks-cluster/default-20250724134707020500000001/2ecc1e58-0663-d23d-2e98-353ce44c06c1",
            "capacity_type": "ON_DEMAND",
            "cluster_name": "eks-cluster",
            "disk_size": 0,
            "force_update_version": null,
            "id": "eks-cluster:default-20250724134707020500000001",
            "instance_types": [
              "m5.large"
            ],
            "labels": {},
            "launch_template": [
              {
                "id": "lt-05a254dd8c87b3747",
                "name": "default-20250723063623400200000005",
                "version": "1"
              }
            ],
            "node_group_name": "default-20250724134707020500000001",
            "node_group_name_prefix": "default-",
            "node_repair_config": [],
            "node_role_arn": "arn:aws:iam::234572319512:role/default-eks-node-group-20250723063621415000000001",
            "release_version": "1.33.0-20250715",
            "remote_access": [],
            "resources": [
              {
                "autoscaling_groups": [
                  {
                    "name": "eks-default-20250724134707020500000001-2ecc1e58-0663-d23d-2e98-353ce44c06c1"
                  }
                ],
                "remote_access_security_group_id": ""
              }
            ],
            "scaling_config": [
              {
                "desired_size": 2,
                "max_size": 4,
                "min_size": 1
              }
            ],
            "status": "ACTIVE",
            "subnet_ids": [
              "subnet-03df964b34a33f302",
              "subnet-046a1911d7ae22512"
            ],
            "tags": {
              "Name": "default"
            },
            "tags_all": {
              "Name": "default"
            },
            "taint": [],
            "timeouts": {
              "create": null,
              "delete": null,
              "update": null
            },
            "update_config": [
              {
                "max_unavailable": 0,
                "max_unavailable_percentage": 33
              }
            ],
            "version": "1.33"
          },
          "sensitive_attributes": [],
          "identity_schema_version": 0,
          "private": "eyJlMmJmYjczMC1lY2FhLTExZTYtOGY4OC0zNDM2M2JjN2M0YzAiOnsiY3JlYXRlIjozNjAwMDAwMDAwMDAwLCJkZWxldGUiOjM2MDAwMDAwMDAwMDAsInVwZGF0ZSI6MzYwMDAwMDAwMDAwMH19",
          "dependencies": [
            "aws_subnet.aws_eks_node_subnet",
            "aws_subnet.aws_eks_node_subnet_2",
            "aws_vpc.aws_spoke_vpc",
            "module.eks.aws_cloudwatch_log_group.this",
            "module.eks.aws_eks_cluster.this",
            "module.eks.aws_iam_policy.cni_ipv6_policy",
            "module.eks.aws_iam_role.eks_auto",
            "module.eks.aws_iam_role.this",
            "module.eks.aws_iam_role_policy_attachment.this",
            "module.eks.aws_security_group.cluster",
            "module.eks.aws_security_group.node",
            "module.eks.aws_security_group_rule.cluster",
            "module.eks.aws_security_group_rule.node",
            "module.eks.data.aws_caller_identity.current",
            "module.eks.data.aws_iam_policy_document.assume_role_policy",
            "module.eks.data.aws_iam_policy_document.cni_ipv6_policy",
            "module.eks.data.aws_iam_policy_document.node_assume_role_policy",
            "module.eks.data.aws_iam_session_context.current",
            "module.eks.data.aws_partition.current",
            "module.eks.module.eks_managed_node_group.aws_iam_role.this",
            "module.eks.module.eks_managed_node_group.aws_iam_role_policy_attachment.additional",
            "module.eks.module.eks_managed_node_group.aws_iam_role_policy_attachment.this",
            "module.eks.module.eks_managed_node_group.aws_launch_template.this",
            "module.eks.module.eks_managed_node_group.aws_placement_group.this",
            "module.eks.module.eks_managed_node_group.data.aws_caller_identity.current",
            "module.eks.module.eks_managed_node_group.data.aws_ec2_instance_type.this",
            "module.eks.module.eks_managed_node_group.data.aws_ec2_instance_type_offerings.this",
            "module.eks.module.eks_managed_node_group.data.aws_iam_policy_document.assume_role_policy",
            "module.eks.module.eks_managed_node_group.data.aws_partition.current",
            "module.eks.module.eks_managed_node_group.data.aws_ssm_parameter.ami",
            "module.eks.module.eks_managed_node_group.data.aws_subnets.placement_group",
            "module.eks.module.eks_managed_node_group.module.user_data.data.cloudinit_config.al2023_eks_managed_node_group",
            "module.eks.module.eks_managed_node_group.module.user_data.data.cloudinit_config.linux_eks_managed_node_group",
            "module.eks.module.kms.aws_kms_external_key.this",
            "module.eks.module.kms.aws_kms_key.this",
            "module.eks.module.kms.aws_kms_replica_external_key.this",
            "module.eks.module.kms.aws_kms_replica_key.this",
            "module.eks.module.kms.data.aws_caller_identity.current",
            "module.eks.module.kms.data.aws_iam_policy_document.this",
            "module.eks.module.kms.data.aws_partition.current",
            "module.eks.time_sleep.this"
          ],
          "create_before_destroy": true
        }
      ]
    },
    {
      "module": "module.eks.module.eks_managed_node_group[\"default\"]",
      "mode": "managed",
      "type": "aws_iam_role",
      "name": "this",
      "provider": "provider[\"registry.terraform.io/hashicorp/aws\"]",
      "instances": [
        {
          "index_key": 0,
          "schema_version": 0,
          "attributes": {
            "arn": "arn:aws:iam::234572319512:role/default-eks-node-group-20250723063621415000000001",
            "assume_role_policy": "{\"Statement\":[{\"Action\":\"sts:AssumeRole\",\"Effect\":\"Allow\",\"Principal\":{\"Service\":\"ec2.amazonaws.com\"},\"Sid\":\"EKSNodeAssumeRole\"}],\"Version\":\"2012-10-17\"}",
            "create_date": "2025-07-23T06:36:21Z",
            "description": "EKS managed node group IAM role",
            "force_detach_policies": true,
            "id": "default-eks-node-group-20250723063621415000000001",
            "inline_policy": [],
            "managed_policy_arns": [
              "arn:aws:iam::aws:policy/AmazonEC2ContainerRegistryReadOnly",
              "arn:aws:iam::aws:policy/AmazonEKSWorkerNodePolicy",
              "arn:aws:iam::aws:policy/AmazonEKS_CNI_Policy"
            ],
            "max_session_duration": 3600,
            "name": "default-eks-node-group-20250723063621415000000001",
            "name_prefix": "default-eks-node-group-",
            "path": "/",
            "permissions_boundary": "",
            "tags": {},
            "tags_all": {},
            "unique_id": "AROATNHMZRMMKAXCPRJS3"
          },
          "sensitive_attributes": [],
          "identity_schema_version": 0,
          "private": "bnVsbA==",
          "dependencies": [
            "module.eks.module.eks_managed_node_group.data.aws_iam_policy_document.assume_role_policy"
          ],
          "create_before_destroy": true
        }
      ]
    },
    {
      "module": "module.eks.module.eks_managed_node_group[\"default\"]",
      "mode": "managed",
      "type": "aws_iam_role_policy",
      "name": "this",
      "provider": "provider[\"registry.terraform.io/hashicorp/aws\"]",
      "instances": []
    },
    {
      "module": "module.eks.module.eks_managed_node_group[\"default\"]",
      "mode": "managed",
      "type": "aws_iam_role_policy_attachment",
      "name": "additional",
      "provider": "provider[\"registry.terraform.io/hashicorp/aws\"]",
      "instances": []
    },
    {
      "module": "module.eks.module.eks_managed_node_group[\"default\"]",
      "mode": "managed",
      "type": "aws_iam_role_policy_attachment",
      "name": "this",
      "provider": "provider[\"registry.terraform.io/hashicorp/aws\"]",
      "instances": [
        {
          "index_key": "AmazonEC2ContainerRegistryReadOnly",
          "schema_version": 0,
          "attributes": {
            "id": "default-eks-node-group-20250723063621415000000001-20250723063623208400000004",
            "policy_arn": "arn:aws:iam::aws:policy/AmazonEC2ContainerRegistryReadOnly",
            "role": "default-eks-node-group-20250723063621415000000001"
          },
          "sensitive_attributes": [],
          "identity_schema_version": 0,
          "private": "bnVsbA==",
          "dependencies": [
            "module.eks.module.eks_managed_node_group.aws_iam_role.this",
            "module.eks.module.eks_managed_node_group.data.aws_caller_identity.current",
            "module.eks.module.eks_managed_node_group.data.aws_iam_policy_document.assume_role_policy",
            "module.eks.module.eks_managed_node_group.data.aws_partition.current"
          ],
          "create_before_destroy": true
        },
        {
          "index_key": "AmazonEKSWorkerNodePolicy",
          "schema_version": 0,
          "attributes": {
            "id": "default-eks-node-group-20250723063621415000000001-20250723063622799100000002",
            "policy_arn": "arn:aws:iam::aws:policy/AmazonEKSWorkerNodePolicy",
            "role": "default-eks-node-group-20250723063621415000000001"
          },
          "sensitive_attributes": [],
          "identity_schema_version": 0,
          "private": "bnVsbA==",
          "dependencies": [
            "module.eks.module.eks_managed_node_group.aws_iam_role.this",
            "module.eks.module.eks_managed_node_group.data.aws_caller_identity.current",
            "module.eks.module.eks_managed_node_group.data.aws_iam_policy_document.assume_role_policy",
            "module.eks.module.eks_managed_node_group.data.aws_partition.current"
          ],
          "create_before_destroy": true
        },
        {
          "index_key": "AmazonEKS_CNI_Policy",
          "schema_version": 0,
          "attributes": {
            "id": "default-eks-node-group-20250723063621415000000001-20250723063622995900000003",
            "policy_arn": "arn:aws:iam::aws:policy/AmazonEKS_CNI_Policy",
            "role": "default-eks-node-group-20250723063621415000000001"
          },
          "sensitive_attributes": [],
          "identity_schema_version": 0,
          "private": "bnVsbA==",
          "dependencies": [
            "module.eks.module.eks_managed_node_group.aws_iam_role.this",
            "module.eks.module.eks_managed_node_group.data.aws_caller_identity.current",
            "module.eks.module.eks_managed_node_group.data.aws_iam_policy_document.assume_role_policy",
            "module.eks.module.eks_managed_node_group.data.aws_partition.current"
          ],
          "create_before_destroy": true
        }
      ]
    },
    {
      "module": "module.eks.module.eks_managed_node_group[\"default\"]",
      "mode": "managed",
      "type": "aws_launch_template",
      "name": "this",
      "provider": "provider[\"registry.terraform.io/hashicorp/aws\"]",
      "instances": [
        {
          "index_key": 0,
          "schema_version": 0,
          "attributes": {
            "arn": "arn:aws:ec2:eu-central-1:234572319512:launch-template/lt-05a254dd8c87b3747",
            "block_device_mappings": [],
            "capacity_reservation_specification": [],
            "cpu_options": [],
            "credit_specification": [],
            "default_version": 1,
            "description": "Custom launch template for default EKS managed node group",
            "disable_api_stop": false,
            "disable_api_termination": false,
            "ebs_optimized": "",
            "elastic_gpu_specifications": [],
            "elastic_inference_accelerator": [],
            "enclave_options": [],
            "hibernation_options": [],
            "iam_instance_profile": [],
            "id": "lt-05a254dd8c87b3747",
            "image_id": "",
            "instance_initiated_shutdown_behavior": "",
            "instance_market_options": [],
            "instance_requirements": [],
            "instance_type": "",
            "kernel_id": "",
            "key_name": "",
            "latest_version": 1,
            "license_specification": [],
            "maintenance_options": [],
            "metadata_options": [
              {
                "http_endpoint": "enabled",
                "http_protocol_ipv6": "",
                "http_put_response_hop_limit": 2,
                "http_tokens": "required",
                "instance_metadata_tags": ""
              }
            ],
            "monitoring": [
              {
                "enabled": true
              }
            ],
            "name": "default-20250723063623400200000005",
            "name_prefix": "default-",
            "network_interfaces": [],
            "placement": [],
            "private_dns_name_options": [],
            "ram_disk_id": "",
            "security_group_names": [],
            "tag_specifications": [
              {
                "resource_type": "instance",
                "tags": {
                  "Name": "default"
                }
              },
              {
                "resource_type": "network-interface",
                "tags": {
                  "Name": "default"
                }
              },
              {
                "resource_type": "volume",
                "tags": {
                  "Name": "default"
                }
              }
            ],
            "tags": {},
            "tags_all": {},
            "update_default_version": true,
            "user_data": "",
            "vpc_security_group_ids": [
              "sg-088d797c0a198ff6b"
            ]
          },
          "sensitive_attributes": [],
          "identity_schema_version": 0,
          "private": "bnVsbA==",
          "dependencies": [
            "aws_subnet.aws_eks_node_subnet",
            "aws_subnet.aws_eks_node_subnet_2",
            "aws_vpc.aws_spoke_vpc",
            "module.eks.aws_cloudwatch_log_group.this",
            "module.eks.aws_eks_cluster.this",
            "module.eks.aws_iam_policy.cni_ipv6_policy",
            "module.eks.aws_iam_role.eks_auto",
            "module.eks.aws_iam_role.this",
            "module.eks.aws_iam_role_policy_attachment.this",
            "module.eks.aws_security_group.cluster",
            "module.eks.aws_security_group.node",
            "module.eks.aws_security_group_rule.cluster",
            "module.eks.aws_security_group_rule.node",
            "module.eks.data.aws_caller_identity.current",
            "module.eks.data.aws_iam_policy_document.assume_role_policy",
            "module.eks.data.aws_iam_policy_document.cni_ipv6_policy",
            "module.eks.data.aws_iam_policy_document.node_assume_role_policy",
            "module.eks.data.aws_iam_session_context.current",
            "module.eks.data.aws_partition.current",
            "module.eks.module.eks_managed_node_group.aws_iam_role.this",
            "module.eks.module.eks_managed_node_group.aws_iam_role_policy_attachment.additional",
            "module.eks.module.eks_managed_node_group.aws_iam_role_policy_attachment.this",
            "module.eks.module.eks_managed_node_group.aws_placement_group.this",
            "module.eks.module.eks_managed_node_group.data.aws_caller_identity.current",
            "module.eks.module.eks_managed_node_group.data.aws_ec2_instance_type.this",
            "module.eks.module.eks_managed_node_group.data.aws_iam_policy_document.assume_role_policy",
            "module.eks.module.eks_managed_node_group.data.aws_partition.current",
            "module.eks.module.eks_managed_node_group.module.user_data.data.cloudinit_config.al2023_eks_managed_node_group",
            "module.eks.module.eks_managed_node_group.module.user_data.data.cloudinit_config.linux_eks_managed_node_group",
            "module.eks.module.kms.aws_kms_external_key.this",
            "module.eks.module.kms.aws_kms_key.this",
            "module.eks.module.kms.aws_kms_replica_external_key.this",
            "module.eks.module.kms.aws_kms_replica_key.this",
            "module.eks.module.kms.data.aws_caller_identity.current",
            "module.eks.module.kms.data.aws_iam_policy_document.this",
            "module.eks.module.kms.data.aws_partition.current",
            "module.eks.time_sleep.this"
          ],
          "create_before_destroy": true
        }
      ]
    },
    {
      "module": "module.eks.module.eks_managed_node_group[\"default\"]",
      "mode": "managed",
      "type": "aws_placement_group",
      "name": "this",
      "provider": "provider[\"registry.terraform.io/hashicorp/aws\"]",
      "instances": []
    },
    {
      "module": "module.eks.module.eks_managed_node_group[\"default\"].module.user_data",
      "mode": "data",
      "type": "cloudinit_config",
      "name": "al2023_eks_managed_node_group",
      "provider": "provider[\"registry.terraform.io/hashicorp/cloudinit\"]",
      "instances": []
    },
    {
      "module": "module.eks.module.eks_managed_node_group[\"default\"].module.user_data",
      "mode": "data",
      "type": "cloudinit_config",
      "name": "linux_eks_managed_node_group",
      "provider": "provider[\"registry.terraform.io/hashicorp/cloudinit\"]",
      "instances": []
    },
    {
      "module": "module.eks.module.eks_managed_node_group[\"default\"].module.user_data",
      "mode": "managed",
      "type": "null_resource",
      "name": "validate_cluster_service_cidr",
      "provider": "provider[\"registry.terraform.io/hashicorp/null\"]",
      "instances": [
        {
          "schema_version": 0,
          "attributes": {
            "id": "1637711481118403702",
            "triggers": null
          },
          "sensitive_attributes": [],
          "identity_schema_version": 0,
          "dependencies": [
            "aws_subnet.aws_eks_node_subnet",
            "aws_subnet.aws_eks_node_subnet_2",
            "aws_vpc.aws_spoke_vpc",
            "module.eks.aws_cloudwatch_log_group.this",
            "module.eks.aws_eks_cluster.this",
            "module.eks.aws_iam_policy.cni_ipv6_policy",
            "module.eks.aws_iam_role.eks_auto",
            "module.eks.aws_iam_role.this",
            "module.eks.aws_iam_role_policy_attachment.this",
            "module.eks.aws_security_group.cluster",
            "module.eks.aws_security_group.node",
            "module.eks.aws_security_group_rule.cluster",
            "module.eks.aws_security_group_rule.node",
            "module.eks.data.aws_caller_identity.current",
            "module.eks.data.aws_iam_policy_document.assume_role_policy",
            "module.eks.data.aws_iam_policy_document.cni_ipv6_policy",
            "module.eks.data.aws_iam_policy_document.node_assume_role_policy",
            "module.eks.data.aws_iam_session_context.current",
            "module.eks.data.aws_partition.current",
            "module.eks.module.kms.aws_kms_external_key.this",
            "module.eks.module.kms.aws_kms_key.this",
            "module.eks.module.kms.aws_kms_replica_external_key.this",
            "module.eks.module.kms.aws_kms_replica_key.this",
            "module.eks.module.kms.data.aws_caller_identity.current",
            "module.eks.module.kms.data.aws_iam_policy_document.this",
            "module.eks.module.kms.data.aws_partition.current",
            "module.eks.time_sleep.this"
          ]
        }
      ]
    },
    {
      "module": "module.eks.module.kms",
      "mode": "data",
      "type": "aws_caller_identity",
      "name": "current",
      "provider": "provider[\"registry.terraform.io/hashicorp/aws\"]",
      "instances": [
        {
          "index_key": 0,
          "schema_version": 0,
          "attributes": {
            "account_id": "234572319512",
            "arn": "arn:aws:iam::234572319512:root",
            "id": "234572319512",
            "user_id": "234572319512"
          },
          "sensitive_attributes": [],
          "identity_schema_version": 0
        }
      ]
    },
    {
      "module": "module.eks.module.kms",
      "mode": "data",
      "type": "aws_iam_policy_document",
      "name": "this",
      "provider": "provider[\"registry.terraform.io/hashicorp/aws\"]",
      "instances": [
        {
          "index_key": 0,
          "schema_version": 0,
          "attributes": {
            "id": "1818407230",
            "json": "{\n  \"Version\": \"2012-10-17\",\n  \"Statement\": [\n    {\n      \"Sid\": \"Default\",\n      \"Effect\": \"Allow\",\n      \"Action\": \"kms:*\",\n      \"Resource\": \"*\",\n      \"Principal\": {\n        \"AWS\": \"arn:aws:iam::234572319512:root\"\n      }\n    },\n    {\n      \"Sid\": \"KeyAdministration\",\n      \"Effect\": \"Allow\",\n      \"Action\": [\n        \"kms:Update*\",\n        \"kms:UntagResource\",\n        \"kms:TagResource\",\n        \"kms:ScheduleKeyDeletion\",\n        \"kms:Revoke*\",\n        \"kms:ReplicateKey\",\n        \"kms:Put*\",\n        \"kms:List*\",\n        \"kms:ImportKeyMaterial\",\n        \"kms:Get*\",\n        \"kms:Enable*\",\n        \"kms:Disable*\",\n        \"kms:Describe*\",\n        \"kms:Delete*\",\n        \"kms:Create*\",\n        \"kms:CancelKeyDeletion\"\n      ],\n      \"Resource\": \"*\",\n      \"Principal\": {\n        \"AWS\": \"arn:aws:iam::234572319512:root\"\n      }\n    },\n    {\n      \"Sid\": \"KeyUsage\",\n      \"Effect\": \"Allow\",\n      \"Action\": [\n        \"kms:ReEncrypt*\",\n        \"kms:GenerateDataKey*\",\n        \"kms:Encrypt\",\n        \"kms:DescribeKey\",\n        \"kms:Decrypt\"\n      ],\n      \"Resource\": \"*\",\n      \"Principal\": {\n        \"AWS\": \"arn:aws:iam::234572319512:role/eks-cluster-cluster-20250716164038307400000004\"\n      }\n    }\n  ]\n}",
            "minified_json": "{\"Version\":\"2012-10-17\",\"Statement\":[{\"Sid\":\"Default\",\"Effect\":\"Allow\",\"Action\":\"kms:*\",\"Resource\":\"*\",\"Principal\":{\"AWS\":\"arn:aws:iam::234572319512:root\"}},{\"Sid\":\"KeyAdministration\",\"Effect\":\"Allow\",\"Action\":[\"kms:Update*\",\"kms:UntagResource\",\"kms:TagResource\",\"kms:ScheduleKeyDeletion\",\"kms:Revoke*\",\"kms:ReplicateKey\",\"kms:Put*\",\"kms:List*\",\"kms:ImportKeyMaterial\",\"kms:Get*\",\"kms:Enable*\",\"kms:Disable*\",\"kms:Describe*\",\"kms:Delete*\",\"kms:Create*\",\"kms:CancelKeyDeletion\"],\"Resource\":\"*\",\"Principal\":{\"AWS\":\"arn:aws:iam::234572319512:root\"}},{\"Sid\":\"KeyUsage\",\"Effect\":\"Allow\",\"Action\":[\"kms:ReEncrypt*\",\"kms:GenerateDataKey*\",\"kms:Encrypt\",\"kms:DescribeKey\",\"kms:Decrypt\"],\"Resource\":\"*\",\"Principal\":{\"AWS\":\"arn:aws:iam::234572319512:role/eks-cluster-cluster-20250716164038307400000004\"}}]}",
            "override_json": null,
            "override_policy_documents": null,
            "policy_id": null,
            "source_json": null,
            "source_policy_documents": null,
            "statement": [
              {
                "actions": [
                  "kms:*"
                ],
                "condition": [],
                "effect": "Allow",
                "not_actions": [],
                "not_principals": [],
                "not_resources": [],
                "principals": [
                  {
                    "identifiers": [
                      "arn:aws:iam::234572319512:root"
                    ],
                    "type": "AWS"
                  }
                ],
                "resources": [
                  "*"
                ],
                "sid": "Default"
              },
              {
                "actions": [
                  "kms:CancelKeyDeletion",
                  "kms:Create*",
                  "kms:Delete*",
                  "kms:Describe*",
                  "kms:Disable*",
                  "kms:Enable*",
                  "kms:Get*",
                  "kms:ImportKeyMaterial",
                  "kms:List*",
                  "kms:Put*",
                  "kms:ReplicateKey",
                  "kms:Revoke*",
                  "kms:ScheduleKeyDeletion",
                  "kms:TagResource",
                  "kms:UntagResource",
                  "kms:Update*"
                ],
                "condition": [],
                "effect": "Allow",
                "not_actions": [],
                "not_principals": [],
                "not_resources": [],
                "principals": [
                  {
                    "identifiers": [
                      "arn:aws:iam::234572319512:root"
                    ],
                    "type": "AWS"
                  }
                ],
                "resources": [
                  "*"
                ],
                "sid": "KeyAdministration"
              },
              {
                "actions": [
                  "kms:Decrypt",
                  "kms:DescribeKey",
                  "kms:Encrypt",
                  "kms:GenerateDataKey*",
                  "kms:ReEncrypt*"
                ],
                "condition": [],
                "effect": "Allow",
                "not_actions": [],
                "not_principals": [],
                "not_resources": [],
                "principals": [
                  {
                    "identifiers": [
                      "arn:aws:iam::234572319512:role/eks-cluster-cluster-20250716164038307400000004"
                    ],
                    "type": "AWS"
                  }
                ],
                "resources": [
                  "*"
                ],
                "sid": "KeyUsage"
              }
            ],
            "version": "2012-10-17"
          },
          "sensitive_attributes": [],
          "identity_schema_version": 0
        }
      ]
    },
    {
      "module": "module.eks.module.kms",
      "mode": "data",
      "type": "aws_partition",
      "name": "current",
      "provider": "provider[\"registry.terraform.io/hashicorp/aws\"]",
      "instances": [
        {
          "index_key": 0,
          "schema_version": 0,
          "attributes": {
            "dns_suffix": "amazonaws.com",
            "id": "aws",
            "partition": "aws",
            "reverse_dns_prefix": "com.amazonaws"
          },
          "sensitive_attributes": [],
          "identity_schema_version": 0
        }
      ]
    },
    {
      "module": "module.eks.module.kms",
      "mode": "managed",
      "type": "aws_kms_alias",
      "name": "this",
      "provider": "provider[\"registry.terraform.io/hashicorp/aws\"]",
      "instances": [
        {
          "index_key": "cluster",
          "schema_version": 0,
          "attributes": {
            "arn": "arn:aws:kms:eu-central-1:234572319512:alias/eks/eks-cluster",
            "id": "alias/eks/eks-cluster",
            "name": "alias/eks/eks-cluster",
            "name_prefix": "",
            "target_key_arn": "arn:aws:kms:eu-central-1:234572319512:key/76d0d74d-e632-4db4-a070-5642f4fefe5c",
            "target_key_id": "76d0d74d-e632-4db4-a070-5642f4fefe5c"
          },
          "sensitive_attributes": [],
          "identity_schema_version": 0,
          "private": "bnVsbA==",
          "dependencies": [
            "module.eks.aws_iam_role.this",
            "module.eks.data.aws_caller_identity.current",
            "module.eks.data.aws_iam_policy_document.assume_role_policy",
            "module.eks.data.aws_iam_session_context.current",
            "module.eks.module.kms.aws_kms_external_key.this",
            "module.eks.module.kms.aws_kms_key.this",
            "module.eks.module.kms.aws_kms_replica_external_key.this",
            "module.eks.module.kms.aws_kms_replica_key.this",
            "module.eks.module.kms.data.aws_caller_identity.current",
            "module.eks.module.kms.data.aws_iam_policy_document.this",
            "module.eks.module.kms.data.aws_partition.current"
          ]
        }
      ]
    },
    {
      "module": "module.eks.module.kms",
      "mode": "managed",
      "type": "aws_kms_external_key",
      "name": "this",
      "provider": "provider[\"registry.terraform.io/hashicorp/aws\"]",
      "instances": []
    },
    {
      "module": "module.eks.module.kms",
      "mode": "managed",
      "type": "aws_kms_grant",
      "name": "this",
      "provider": "provider[\"registry.terraform.io/hashicorp/aws\"]",
      "instances": []
    },
    {
      "module": "module.eks.module.kms",
      "mode": "managed",
      "type": "aws_kms_key",
      "name": "this",
      "provider": "provider[\"registry.terraform.io/hashicorp/aws\"]",
      "instances": [
        {
          "index_key": 0,
          "schema_version": 0,
          "attributes": {
            "arn": "arn:aws:kms:eu-central-1:234572319512:key/76d0d74d-e632-4db4-a070-5642f4fefe5c",
            "bypass_policy_lockout_safety_check": false,
            "custom_key_store_id": "",
            "customer_master_key_spec": "SYMMETRIC_DEFAULT",
            "deletion_window_in_days": null,
            "description": "eks-cluster cluster encryption key",
            "enable_key_rotation": true,
            "id": "76d0d74d-e632-4db4-a070-5642f4fefe5c",
            "is_enabled": true,
            "key_id": "76d0d74d-e632-4db4-a070-5642f4fefe5c",
            "key_usage": "ENCRYPT_DECRYPT",
            "multi_region": false,
            "policy": "{\"Statement\":[{\"Action\":\"kms:*\",\"Effect\":\"Allow\",\"Principal\":{\"AWS\":\"arn:aws:iam::234572319512:root\"},\"Resource\":\"*\",\"Sid\":\"Default\"},{\"Action\":[\"kms:Update*\",\"kms:UntagResource\",\"kms:TagResource\",\"kms:ScheduleKeyDeletion\",\"kms:Revoke*\",\"kms:ReplicateKey\",\"kms:Put*\",\"kms:List*\",\"kms:ImportKeyMaterial\",\"kms:Get*\",\"kms:Enable*\",\"kms:Disable*\",\"kms:Describe*\",\"kms:Delete*\",\"kms:Create*\",\"kms:CancelKeyDeletion\"],\"Effect\":\"Allow\",\"Principal\":{\"AWS\":\"arn:aws:iam::234572319512:root\"},\"Resource\":\"*\",\"Sid\":\"KeyAdministration\"},{\"Action\":[\"kms:ReEncrypt*\",\"kms:GenerateDataKey*\",\"kms:Encrypt\",\"kms:DescribeKey\",\"kms:Decrypt\"],\"Effect\":\"Allow\",\"Principal\":{\"AWS\":\"arn:aws:iam::234572319512:role/eks-cluster-cluster-20250716164038307400000004\"},\"Resource\":\"*\",\"Sid\":\"KeyUsage\"}],\"Version\":\"2012-10-17\"}",
            "rotation_period_in_days": 365,
            "tags": {
              "terraform-aws-modules": "eks"
            },
            "tags_all": {
              "terraform-aws-modules": "eks"
            },
            "timeouts": null,
            "xks_key_id": ""
          },
          "sensitive_attributes": [],
          "identity_schema_version": 0,
          "private": "eyJlMmJmYjczMC1lY2FhLTExZTYtOGY4OC0zNDM2M2JjN2M0YzAiOnsiY3JlYXRlIjoxMjAwMDAwMDAwMDB9fQ==",
          "dependencies": [
            "module.eks.aws_iam_role.this",
            "module.eks.data.aws_caller_identity.current",
            "module.eks.data.aws_iam_policy_document.assume_role_policy",
            "module.eks.data.aws_iam_session_context.current",
            "module.eks.module.kms.data.aws_caller_identity.current",
            "module.eks.module.kms.data.aws_iam_policy_document.this",
            "module.eks.module.kms.data.aws_partition.current"
          ],
          "create_before_destroy": true
        }
      ]
    },
    {
      "module": "module.eks.module.kms",
      "mode": "managed",
      "type": "aws_kms_replica_external_key",
      "name": "this",
      "provider": "provider[\"registry.terraform.io/hashicorp/aws\"]",
      "instances": []
    },
    {
      "module": "module.eks.module.kms",
      "mode": "managed",
      "type": "aws_kms_replica_key",
      "name": "this",
      "provider": "provider[\"registry.terraform.io/hashicorp/aws\"]",
      "instances": []
    }
  ],
  "check_results": [
    {
      "object_kind": "var",
      "config_addr": "module.azure_transit.var.cidr",
      "status": "pass",
      "objects": [
        {
          "object_addr": "module.azure_transit.var.cidr",
          "status": "pass"
        }
      ]
    },
    {
      "object_kind": "var",
      "config_addr": "module.azure_transit.var.ha_cidr",
      "status": "pass",
      "objects": [
        {
          "object_addr": "module.azure_transit.var.ha_cidr",
          "status": "pass"
        }
      ]
    },
    {
      "object_kind": "var",
      "config_addr": "module.aws_spoke.var.name",
      "status": "pass",
      "objects": [
        {
          "object_addr": "module.aws_spoke.var.name",
          "status": "pass"
        }
      ]
    },
    {
      "object_kind": "var",
      "config_addr": "module.azure_spoke.var.hagw_subnet",
      "status": "pass",
      "objects": [
        {
          "object_addr": "module.azure_spoke.var.hagw_subnet",
          "status": "pass"
        }
      ]
    },
    {
      "object_kind": "var",
      "config_addr": "module.aws_transit.var.name",
      "status": "pass",
      "objects": [
        {
          "object_addr": "module.aws_transit.var.name",
          "status": "pass"
        }
      ]
    },
    {
      "object_kind": "resource",
      "config_addr": "module.eks.module.eks_managed_node_group.module.user_data.null_resource.validate_cluster_service_cidr",
      "status": "pass",
      "objects": [
        {
          "object_addr": "module.eks.module.eks_managed_node_group[\"default\"].module.user_data.null_resource.validate_cluster_service_cidr",
          "status": "pass"
        }
      ]
    },
    {
      "object_kind": "var",
      "config_addr": "module.aws_spoke.var.gw_name",
      "status": "pass",
      "objects": [
        {
          "object_addr": "module.aws_spoke.var.gw_name",
          "status": "pass"
        }
      ]
    },
    {
      "object_kind": "var",
      "config_addr": "module.azure_spoke.var.tunnel_detection_time",
      "status": "pass",
      "objects": [
        {
          "object_addr": "module.azure_spoke.var.tunnel_detection_time",
          "status": "pass"
        }
      ]
    },
    {
      "object_kind": "var",
      "config_addr": "module.aws_transit.var.ha_cidr",
      "status": "pass",
      "objects": [
        {
          "object_addr": "module.aws_transit.var.ha_cidr",
          "status": "pass"
        }
      ]
    },
    {
      "object_kind": "var",
      "config_addr": "module.azure_spoke.var.network_domain",
      "status": "pass",
      "objects": [
        {
          "object_addr": "module.azure_spoke.var.network_domain",
          "status": "pass"
        }
      ]
    },
    {
      "object_kind": "var",
      "config_addr": "module.aws_spoke.var.gw_subnet",
      "status": "pass",
      "objects": [
        {
          "object_addr": "module.aws_spoke.var.gw_subnet",
          "status": "pass"
        }
      ]
    },
    {
      "object_kind": "var",
      "config_addr": "module.azure_transit.var.hagw_subnet",
      "status": "pass",
      "objects": [
        {
          "object_addr": "module.azure_transit.var.hagw_subnet",
          "status": "pass"
        }
      ]
    },
    {
      "object_kind": "var",
      "config_addr": "module.azure_transit.var.cloud",
      "status": "pass",
      "objects": [
        {
          "object_addr": "module.azure_transit.var.cloud",
          "status": "pass"
        }
      ]
    },
    {
      "object_kind": "var",
      "config_addr": "module.azure_transit.var.tunnel_detection_time",
      "status": "pass",
      "objects": [
        {
          "object_addr": "module.azure_transit.var.tunnel_detection_time",
          "status": "pass"
        }
      ]
    },
    {
      "object_kind": "var",
      "config_addr": "module.azure_spoke.var.eip",
      "status": "pass",
      "objects": [
        {
          "object_addr": "module.azure_spoke.var.eip",
          "status": "pass"
        }
      ]
    },
    {
      "object_kind": "var",
      "config_addr": "module.aws_spoke.var.rx_queue_size",
      "status": "pass",
      "objects": [
        {
          "object_addr": "module.aws_spoke.var.rx_queue_size",
          "status": "pass"
        }
      ]
    },
    {
      "object_kind": "var",
      "config_addr": "module.azure_spoke.var.name",
      "status": "pass",
      "objects": [
        {
          "object_addr": "module.azure_spoke.var.name",
          "status": "pass"
        }
      ]
    },
    {
      "object_kind": "var",
      "config_addr": "module.azure_spoke.var.cloud",
      "status": "pass",
      "objects": [
        {
          "object_addr": "module.azure_spoke.var.cloud",
          "status": "pass"
        }
      ]
    },
    {
      "object_kind": "var",
      "config_addr": "module.aws_transit.var.hagw_subnet",
      "status": "pass",
      "objects": [
        {
          "object_addr": "module.aws_transit.var.hagw_subnet",
          "status": "pass"
        }
      ]
    },
    {
      "object_kind": "var",
      "config_addr": "module.aws_spoke.var.bgp_hold_time",
      "status": "pass",
      "objects": [
        {
          "object_addr": "module.aws_spoke.var.bgp_hold_time",
          "status": "pass"
        }
      ]
    },
    {
      "object_kind": "var",
      "config_addr": "module.azure_transit.var.gw_subnet",
      "status": "pass",
      "objects": [
        {
          "object_addr": "module.azure_transit.var.gw_subnet",
          "status": "pass"
        }
      ]
    },
    {
      "object_kind": "var",
      "config_addr": "module.azure_spoke.var.approved_learned_cidrs",
      "status": "pass",
      "objects": [
        {
          "object_addr": "module.azure_spoke.var.approved_learned_cidrs",
          "status": "pass"
        }
      ]
    },
    {
      "object_kind": "var",
      "config_addr": "module.aws_spoke.var.learned_cidrs_approval_mode",
      "status": "pass",
      "objects": [
        {
          "object_addr": "module.aws_spoke.var.learned_cidrs_approval_mode",
          "status": "pass"
        }
      ]
    },
    {
      "object_kind": "var",
      "config_addr": "module.aws_spoke.var.cidr",
      "status": "pass",
      "objects": [
        {
          "object_addr": "module.aws_spoke.var.cidr",
          "status": "pass"
        }
      ]
    },
    {
      "object_kind": "var",
      "config_addr": "module.azure_spoke.var.cidr",
      "status": "pass",
      "objects": [
        {
          "object_addr": "module.azure_spoke.var.cidr",
          "status": "pass"
        }
      ]
    },
    {
      "object_kind": "var",
      "config_addr": "module.azure_spoke.var.gw_name",
      "status": "pass",
      "objects": [
        {
          "object_addr": "module.azure_spoke.var.gw_name",
          "status": "pass"
        }
      ]
    },
    {
      "object_kind": "var",
      "config_addr": "module.aws_spoke.var.cloud",
      "status": "pass",
      "objects": [
        {
          "object_addr": "module.aws_spoke.var.cloud",
          "status": "pass"
        }
      ]
    },
    {
      "object_kind": "var",
      "config_addr": "module.azure_transit.var.rx_queue_size",
      "status": "pass",
      "objects": [
        {
          "object_addr": "module.azure_transit.var.rx_queue_size",
          "status": "pass"
        }
      ]
    },
    {
      "object_kind": "var",
      "config_addr": "module.aws_transit.var.gw_name",
      "status": "pass",
      "objects": [
        {
          "object_addr": "module.aws_transit.var.gw_name",
          "status": "pass"
        }
      ]
    },
    {
      "object_kind": "var",
      "config_addr": "module.azure_spoke.var.filtered_spoke_vpc_routes",
      "status": "pass",
      "objects": [
        {
          "object_addr": "module.azure_spoke.var.filtered_spoke_vpc_routes",
          "status": "pass"
        }
      ]
    },
    {
      "object_kind": "var",
      "config_addr": "module.aws_spoke.var.filtered_spoke_vpc_routes",
      "status": "pass",
      "objects": [
        {
          "object_addr": "module.aws_spoke.var.filtered_spoke_vpc_routes",
          "status": "pass"
        }
      ]
    },
    {
      "object_kind": "var",
      "config_addr": "module.aws_spoke.var.additional_group_mode_subnets",
      "status": "pass",
      "objects": [
        {
          "object_addr": "module.aws_spoke.var.additional_group_mode_subnets",
          "status": "pass"
        }
      ]
    },
    {
      "object_kind": "var",
      "config_addr": "module.aws_transit.var.lan_cidr",
      "status": "pass",
      "objects": [
        {
          "object_addr": "module.aws_transit.var.lan_cidr",
          "status": "pass"
        }
      ]
    },
    {
      "object_kind": "var",
      "config_addr": "module.aws_spoke.var.ha_eip",
      "status": "pass",
      "objects": [
        {
          "object_addr": "module.aws_spoke.var.ha_eip",
          "status": "pass"
        }
      ]
    },
    {
      "object_kind": "var",
      "config_addr": "module.aws_spoke.var.approved_learned_cidrs",
      "status": "pass",
      "objects": [
        {
          "object_addr": "module.aws_spoke.var.approved_learned_cidrs",
          "status": "pass"
        }
      ]
    },
    {
      "object_kind": "var",
      "config_addr": "module.azure_transit.var.excluded_advertised_spoke_routes",
      "status": "pass",
      "objects": [
        {
          "object_addr": "module.azure_transit.var.excluded_advertised_spoke_routes",
          "status": "pass"
        }
      ]
    },
    {
      "object_kind": "var",
      "config_addr": "module.azure_transit.var.lan_cidr",
      "status": "pass",
      "objects": [
        {
          "object_addr": "module.azure_transit.var.lan_cidr",
          "status": "pass"
        }
      ]
    },
    {
      "object_kind": "var",
      "config_addr": "module.aws_spoke.var.included_advertised_spoke_routes",
      "status": "pass",
      "objects": [
        {
          "object_addr": "module.aws_spoke.var.included_advertised_spoke_routes",
          "status": "pass"
        }
      ]
    },
    {
      "object_kind": "var",
      "config_addr": "module.aws_spoke.var.network_domain",
      "status": "pass",
      "objects": [
        {
          "object_addr": "module.aws_spoke.var.network_domain",
          "status": "pass"
        }
      ]
    },
    {
      "object_kind": "var",
      "config_addr": "module.azure_spoke.var.customized_spoke_vpc_routes",
      "status": "pass",
      "objects": [
        {
          "object_addr": "module.azure_spoke.var.customized_spoke_vpc_routes",
          "status": "pass"
        }
      ]
    },
    {
      "object_kind": "var",
      "config_addr": "module.aws_transit.var.excluded_advertised_spoke_routes",
      "status": "pass",
      "objects": [
        {
          "object_addr": "module.aws_transit.var.excluded_advertised_spoke_routes",
          "status": "pass"
        }
      ]
    },
    {
      "object_kind": "var",
      "config_addr": "module.eks.module.self_managed_node_group.var.platform",
      "status": "pass",
      "objects": null
    },
    {
      "object_kind": "var",
      "config_addr": "module.aws_spoke.var.additional_group_mode_eips",
      "status": "pass",
      "objects": [
        {
          "object_addr": "module.aws_spoke.var.additional_group_mode_eips",
          "status": "pass"
        }
      ]
    },
    {
      "object_kind": "var",
      "config_addr": "module.aws_spoke.var.hagw_subnet",
      "status": "pass",
      "objects": [
        {
          "object_addr": "module.aws_spoke.var.hagw_subnet",
          "status": "pass"
        }
      ]
    },
    {
      "object_kind": "var",
      "config_addr": "module.azure_transit.var.gw_name",
      "status": "pass",
      "objects": [
        {
          "object_addr": "module.azure_transit.var.gw_name",
          "status": "pass"
        }
      ]
    },
    {
      "object_kind": "var",
      "config_addr": "module.aws_transit.var.tunnel_detection_time",
      "status": "pass",
      "objects": [
        {
          "object_addr": "module.aws_transit.var.tunnel_detection_time",
          "status": "pass"
        }
      ]
    },
    {
      "object_kind": "var",
      "config_addr": "module.aws_transit.var.bgp_hold_time",
      "status": "pass",
      "objects": [
        {
          "object_addr": "module.aws_transit.var.bgp_hold_time",
          "status": "pass"
        }
      ]
    },
    {
      "object_kind": "var",
      "config_addr": "module.aws_spoke.var.tunnel_detection_time",
      "status": "pass",
      "objects": [
        {
          "object_addr": "module.aws_spoke.var.tunnel_detection_time",
          "status": "pass"
        }
      ]
    },
    {
      "object_kind": "var",
      "config_addr": "module.azure_transit.var.name",
      "status": "pass",
      "objects": [
        {
          "object_addr": "module.azure_transit.var.name",
          "status": "pass"
        }
      ]
    },
    {
      "object_kind": "var",
      "config_addr": "module.aws_transit.var.cidr",
      "status": "pass",
      "objects": [
        {
          "object_addr": "module.aws_transit.var.cidr",
          "status": "pass"
        }
      ]
    },
    {
      "object_kind": "var",
      "config_addr": "module.azure_spoke.var.additional_group_mode_subnets",
      "status": "pass",
      "objects": [
        {
          "object_addr": "module.azure_spoke.var.additional_group_mode_subnets",
          "status": "pass"
        }
      ]
    },
    {
      "object_kind": "var",
      "config_addr": "module.aws_spoke.var.ha_cidr",
      "status": "pass",
      "objects": [
        {
          "object_addr": "module.aws_spoke.var.ha_cidr",
          "status": "pass"
        }
      ]
    },
    {
      "object_kind": "var",
      "config_addr": "module.aws_spoke.var.ha_region",
      "status": "pass",
      "objects": [
        {
          "object_addr": "module.aws_spoke.var.ha_region",
          "status": "pass"
        }
      ]
    },
    {
      "object_kind": "var",
      "config_addr": "module.aws_spoke.var.spoke_bgp_manual_advertise_cidrs",
      "status": "pass",
      "objects": [
        {
          "object_addr": "module.aws_spoke.var.spoke_bgp_manual_advertise_cidrs",
          "status": "pass"
        }
      ]
    },
    {
      "object_kind": "var",
      "config_addr": "module.aws_transit.var.gw_subnet",
      "status": "pass",
      "objects": [
        {
          "object_addr": "module.aws_transit.var.gw_subnet",
          "status": "pass"
        }
      ]
    },
    {
      "object_kind": "var",
      "config_addr": "module.azure_spoke.var.bgp_hold_time",
      "status": "pass",
      "objects": [
        {
          "object_addr": "module.azure_spoke.var.bgp_hold_time",
          "status": "pass"
        }
      ]
    },
    {
      "object_kind": "var",
      "config_addr": "module.azure_spoke.var.rx_queue_size",
      "status": "pass",
      "objects": [
        {
          "object_addr": "module.azure_spoke.var.rx_queue_size",
          "status": "pass"
        }
      ]
    },
    {
      "object_kind": "var",
      "config_addr": "module.aws_transit.var.bgp_lan_interfaces_count",
      "status": "pass",
      "objects": [
        {
          "object_addr": "module.aws_transit.var.bgp_lan_interfaces_count",
          "status": "pass"
        }
      ]
    },
    {
      "object_kind": "resource",
      "config_addr": "module.eks.module.self_managed_node_group.module.user_data.null_resource.validate_cluster_service_cidr",
      "status": "pass",
      "objects": null
    },
    {
      "object_kind": "var",
      "config_addr": "module.aws_spoke.var.customized_spoke_vpc_routes",
      "status": "pass",
      "objects": [
        {
          "object_addr": "module.aws_spoke.var.customized_spoke_vpc_routes",
          "status": "pass"
        }
      ]
    },
    {
      "object_kind": "var",
      "config_addr": "module.azure_spoke.var.ha_eip",
      "status": "pass",
      "objects": [
        {
          "object_addr": "module.azure_spoke.var.ha_eip",
          "status": "pass"
        }
      ]
    },
    {
      "object_kind": "var",
      "config_addr": "module.azure_spoke.var.spoke_bgp_manual_advertise_cidrs",
      "status": "pass",
      "objects": [
        {
          "object_addr": "module.azure_spoke.var.spoke_bgp_manual_advertise_cidrs",
          "status": "pass"
        }
      ]
    },
    {
      "object_kind": "var",
      "config_addr": "module.azure_spoke.var.region",
      "status": "pass",
      "objects": [
        {
          "object_addr": "module.azure_spoke.var.region",
          "status": "pass"
        }
      ]
    },
    {
      "object_kind": "var",
      "config_addr": "module.azure_spoke.var.gw_subnet",
      "status": "pass",
      "objects": [
        {
          "object_addr": "module.azure_spoke.var.gw_subnet",
          "status": "pass"
        }
      ]
    },
    {
      "object_kind": "var",
      "config_addr": "module.azure_spoke.var.ha_region",
      "status": "pass",
      "objects": [
        {
          "object_addr": "module.azure_spoke.var.ha_region",
          "status": "pass"
        }
      ]
    },
    {
      "object_kind": "var",
      "config_addr": "module.azure_transit.var.bgp_hold_time",
      "status": "pass",
      "objects": [
        {
          "object_addr": "module.azure_transit.var.bgp_hold_time",
          "status": "pass"
        }
      ]
    },
    {
      "object_kind": "var",
      "config_addr": "module.azure_transit.var.bgp_lan_interfaces_count",
      "status": "pass",
      "objects": [
        {
          "object_addr": "module.azure_transit.var.bgp_lan_interfaces_count",
          "status": "pass"
        }
      ]
    },
    {
      "object_kind": "var",
      "config_addr": "module.azure_spoke.var.additional_group_mode_eips",
      "status": "pass",
      "objects": [
        {
          "object_addr": "module.azure_spoke.var.additional_group_mode_eips",
          "status": "pass"
        }
      ]
    },
    {
      "object_kind": "var",
      "config_addr": "module.azure_spoke.var.ha_cidr",
      "status": "pass",
      "objects": [
        {
          "object_addr": "module.azure_spoke.var.ha_cidr",
          "status": "pass"
        }
      ]
    },
    {
      "object_kind": "var",
      "config_addr": "module.aws_transit.var.cloud",
      "status": "pass",
      "objects": [
        {
          "object_addr": "module.aws_transit.var.cloud",
          "status": "pass"
        }
      ]
    },
    {
      "object_kind": "var",
      "config_addr": "module.azure_spoke.var.included_advertised_spoke_routes",
      "status": "pass",
      "objects": [
        {
          "object_addr": "module.azure_spoke.var.included_advertised_spoke_routes",
          "status": "pass"
        }
      ]
    },
    {
      "object_kind": "var",
      "config_addr": "module.azure_spoke.var.learned_cidrs_approval_mode",
      "status": "pass",
      "objects": [
        {
          "object_addr": "module.azure_spoke.var.learned_cidrs_approval_mode",
          "status": "pass"
        }
      ]
    },
    {
      "object_kind": "var",
      "config_addr": "module.azure_spoke.var.bgp_polling_time",
      "status": "pass",
      "objects": [
        {
          "object_addr": "module.azure_spoke.var.bgp_polling_time",
          "status": "pass"
        }
      ]
    },
    {
      "object_kind": "var",
      "config_addr": "module.aws_transit.var.rx_queue_size",
      "status": "pass",
      "objects": [
        {
          "object_addr": "module.aws_transit.var.rx_queue_size",
          "status": "pass"
        }
      ]
    },
    {
      "object_kind": "var",
      "config_addr": "module.aws_spoke.var.region",
      "status": "pass",
      "objects": [
        {
          "object_addr": "module.aws_spoke.var.region",
          "status": "pass"
        }
      ]
    },
    {
      "object_kind": "var",
      "config_addr": "module.aws_spoke.var.eip",
      "status": "pass",
      "objects": [
        {
          "object_addr": "module.aws_spoke.var.eip",
          "status": "pass"
        }
      ]
    },
    {
      "object_kind": "var",
      "config_addr": "module.aws_spoke.var.bgp_polling_time",
      "status": "pass",
      "objects": [
        {
          "object_addr": "module.aws_spoke.var.bgp_polling_time",
          "status": "pass"
        }
      ]
    }
  ]
}
